
Microsoft Visual Studio Solution File, Format Version 12.00
# Visual Studio Version 17
VisualStudioVersion = 17.13.35818.85
MinimumVisualStudioVersion = 10.0.40219.1
Project("{2150E333-8FDC-42A3-9474-1A3956D46DE8}") = "assignments", "assignments", "{02EA681E-C7D8-13C7-8484-4AC65E1B71E8}"
EndProject
Project("{2150E333-8FDC-42A3-9474-1A3956D46DE8}") = "exercises", "exercises", "{8FA2EC01-3E5D-490D-AA7B-B869EA480974}"
EndProject
Project("{2150E333-8FDC-42A3-9474-1A3956D46DE8}") = "exams", "exams", "{D6176F7C-C1CF-4B24-93A4-AF24A4029941}"
EndProject
Project("{2150E333-8FDC-42A3-9474-1A3956D46DE8}") = "lectures", "lectures", "{1A243FF3-A5CB-4543-9C05-092B9F76C02A}"
EndProject
Project("{2150E333-8FDC-42A3-9474-1A3956D46DE8}") = "01sortint", "01sortint", "{20110FA3-A2E5-455F-880D-BFBD9FA1C1DB}"
EndProject
Project("{8BC9CEB8-8B4A-11D0-8D11-00A0C91BC942}") = "sortint02", "lectures\01sortint\sortint02\sortint02.vcxproj", "{FB9310D6-3601-4727-A916-ED8EC518F8A2}"
EndProject
Project("{8BC9CEB8-8B4A-11D0-8D11-00A0C91BC942}") = "sortint03", "lectures\01sortint\sortint03\sortint03.vcxproj", "{101EBD7F-E7A8-4D1B-9AA7-E2F803125509}"
EndProject
Project("{8BC9CEB8-8B4A-11D0-8D11-00A0C91BC942}") = "sortint04", "lectures\01sortint\sortint04\sortint04.vcxproj", "{15DF6E35-01E9-4F89-8D05-3A779F1F7465}"
EndProject
Project("{8BC9CEB8-8B4A-11D0-8D11-00A0C91BC942}") = "sortint05", "lectures\01sortint\sortint05\sortint05.vcxproj", "{5C47EBC8-F62D-4F34-AFE4-1627252394FA}"
EndProject
Project("{8BC9CEB8-8B4A-11D0-8D11-00A0C91BC942}") = "sortint06", "lectures\01sortint\sortint06\sortint06.vcxproj", "{A928BCC5-F5B7-4016-A6D0-895534844FAF}"
EndProject
Project("{8BC9CEB8-8B4A-11D0-8D11-00A0C91BC942}") = "sortint07", "lectures\01sortint\sortint07\sortint07.vcxproj", "{F7B536E1-8837-4CBC-96D7-B0B743AED37D}"
EndProject
Project("{8BC9CEB8-8B4A-11D0-8D11-00A0C91BC942}") = "sortint08", "lectures\01sortint\sortint08\sortint08.vcxproj", "{2F8BED95-0208-45F5-9EE5-8D88E7FDB017}"
EndProject
Project("{8BC9CEB8-8B4A-11D0-8D11-00A0C91BC942}") = "20250304", "assignments\20250304\20250304.vcxproj", "{ED02D93F-4CD1-4949-9710-24AA211650D1}"
EndProject
Project("{2150E333-8FDC-42A3-9474-1A3956D46DE8}") = "20250318", "20250318", "{99417A17-AFEE-4060-ABA6-71E17289FD91}"
EndProject
Project("{8BC9CEB8-8B4A-11D0-8D11-00A0C91BC942}") = "exercise04", "assignments\20250318\exercise04\exercise04.vcxproj", "{BAEF978B-1DF1-450E-8CDF-52628D934692}"
EndProject
Project("{8BC9CEB8-8B4A-11D0-8D11-00A0C91BC942}") = "exercise05", "assignments\20250318\exercise05\exercise05.vcxproj", "{3DE22244-FD65-48A0-99EA-FC70F08245F5}"
EndProject
Project("{2150E333-8FDC-42A3-9474-1A3956D46DE8}") = "02assignmentsSolutions", "02assignmentsSolutions", "{DE4D12B0-A872-447F-B93A-1F0D0EB8B49E}"
EndProject
Project("{8BC9CEB8-8B4A-11D0-8D11-00A0C91BC942}") = "exercise01Prof", "lectures\02assignmentsSolutions\exercise01Prof\frequenciesProf.vcxproj", "{7E5363E4-AC40-4922-81AA-36C7D2469E1A}"
EndProject
Project("{8BC9CEB8-8B4A-11D0-8D11-00A0C91BC942}") = "exercise02Prof", "lectures\02assignmentsSolutions\exercise02Prof\writeint32Prof.vcxproj", "{1095D330-2097-485C-996E-066FA10ADD18}"
EndProject
Project("{8BC9CEB8-8B4A-11D0-8D11-00A0C91BC942}") = "exercise03Prof", "lectures\02assignmentsSolutions\exercise03Prof\readint32Prof.vcxproj", "{30F49C73-741A-460D-8595-6126FF39A3B1}"
EndProject
Project("{8BC9CEB8-8B4A-11D0-8D11-00A0C91BC942}") = "exercise04Prof", "lectures\02assignmentsSolutions\exercise04Prof\exercise04Prof.vcxproj", "{9D4DF832-5177-4AAE-8CF8-4E1F907BF6E8}"
EndProject
Project("{8BC9CEB8-8B4A-11D0-8D11-00A0C91BC942}") = "exercise05Prof", "lectures\02assignmentsSolutions\exercise05Prof\exercise05Prof.vcxproj", "{D42BBCDD-4CF3-4551-9528-D847F99FAC82}"
EndProject
Project("{2150E333-8FDC-42A3-9474-1A3956D46DE8}") = "03frequenciesNew", "03frequenciesNew", "{05B8D17E-E37C-4515-96CD-80E84428F627}"
EndProject
Project("{8BC9CEB8-8B4A-11D0-8D11-00A0C91BC942}") = "frequenciesNew", "lectures\03frequenciesNew\frequenciesNew\frequenciesNew.vcxproj", "{24000836-7E83-4A87-84C1-195DDF704110}"
EndProject
Project("{8BC9CEB8-8B4A-11D0-8D11-00A0C91BC942}") = "20250325", "assignments\20250325\20250325.vcxproj", "{745219FF-DA99-40C5-8BE6-E6974015AC69}"
EndProject
Project("{2150E333-8FDC-42A3-9474-1A3956D46DE8}") = "02packbits", "02packbits", "{87CF4A4E-17A6-4951-BBF7-3F76B99F2C03}"
EndProject
Project("{8BC9CEB8-8B4A-11D0-8D11-00A0C91BC942}") = "01packbits", "exercises\02packbits\01packbits\01packbits.vcxproj", "{6B25749C-0A6E-41E2-BA1E-DA5BA9B62CB6}"
EndProject
Project("{8BC9CEB8-8B4A-11D0-8D11-00A0C91BC942}") = "02packbitsExtension", "exercises\02packbits\02packbitsExtension\02packbitsExtension.vcxproj", "{2834F3F2-BA66-4509-8D05-1A7E9036B550}"
EndProject
Project("{2150E333-8FDC-42A3-9474-1A3956D46DE8}") = "01huffman", "01huffman", "{78D852F7-0FDD-4B2F-BE53-905CCC441561}"
EndProject
Project("{8BC9CEB8-8B4A-11D0-8D11-00A0C91BC942}") = "huffman1", "exercises\01huffman\huffman1\huffman1.vcxproj", "{D8F0D284-3C59-4BE1-9BAE-D2554637886E}"
EndProject
Project("{2150E333-8FDC-42A3-9474-1A3956D46DE8}") = "Solution Items", "Solution Items", "{8EC462FD-D22E-90A8-E5CE-7E832BA40C5D}"
	ProjectSection(SolutionItems) = preProject
		README.md = README.md
		TROUBLESHOOTING.md = TROUBLESHOOTING.md
	EndProjectSection
EndProject
Project("{8BC9CEB8-8B4A-11D0-8D11-00A0C91BC942}") = "huffman2", "exercises\01huffman\huffman2\huffman2.vcxproj", "{D19384E7-15A1-41BE-B856-32E8649E2EC7}"
EndProject
Project("{2150E333-8FDC-42A3-9474-1A3956D46DE8}") = "04huffmanSolution", "04huffmanSolution", "{15F49A9C-0682-4753-9FFA-A71FB48C2FD5}"
EndProject
Project("{8BC9CEB8-8B4A-11D0-8D11-00A0C91BC942}") = "huffman1Prof", "lectures\04huffmanSolution\huffman1Prof\huffman1Prof.vcxproj", "{BE8BEF5F-FF6C-4002-8660-A37BD21E3E48}"
EndProject
Project("{8BC9CEB8-8B4A-11D0-8D11-00A0C91BC942}") = "06", "exams\06\06.vcxproj", "{FF281920-7A79-4162-B76C-709BD1147894}"
EndProject
Project("{8BC9CEB8-8B4A-11D0-8D11-00A0C91BC942}") = "03lzs", "exams\03\03lzs.vcxproj", "{739A17C8-7138-4B7D-9F77-6897A68943BB}"
EndProject
Project("{8BC9CEB8-8B4A-11D0-8D11-00A0C91BC942}") = "09", "exams\09\09.vcxproj", "{BE2775B3-7F31-4FB7-A887-3779EEDB8D1E}"
EndProject
Global
	GlobalSection(SolutionConfigurationPlatforms) = preSolution
		Debug|ARM64 = Debug|ARM64
		Debug|x64 = Debug|x64
		Debug|x86 = Debug|x86
		Release|ARM64 = Release|ARM64
		Release|x64 = Release|x64
		Release|x86 = Release|x86
	EndGlobalSection
	GlobalSection(ProjectConfigurationPlatforms) = postSolution
		{FB9310D6-3601-4727-A916-ED8EC518F8A2}.Debug|ARM64.ActiveCfg = Debug|ARM64
		{FB9310D6-3601-4727-A916-ED8EC518F8A2}.Debug|ARM64.Build.0 = Debug|ARM64
		{FB9310D6-3601-4727-A916-ED8EC518F8A2}.Debug|x64.ActiveCfg = Debug|x64
		{FB9310D6-3601-4727-A916-ED8EC518F8A2}.Debug|x64.Build.0 = Debug|x64
		{FB9310D6-3601-4727-A916-ED8EC518F8A2}.Debug|x86.ActiveCfg = Debug|Win32
		{FB9310D6-3601-4727-A916-ED8EC518F8A2}.Debug|x86.Build.0 = Debug|Win32
		{FB9310D6-3601-4727-A916-ED8EC518F8A2}.Release|ARM64.ActiveCfg = Release|ARM64
		{FB9310D6-3601-4727-A916-ED8EC518F8A2}.Release|ARM64.Build.0 = Release|ARM64
		{FB9310D6-3601-4727-A916-ED8EC518F8A2}.Release|x64.ActiveCfg = Release|x64
		{FB9310D6-3601-4727-A916-ED8EC518F8A2}.Release|x64.Build.0 = Release|x64
		{FB9310D6-3601-4727-A916-ED8EC518F8A2}.Release|x86.ActiveCfg = Release|Win32
		{FB9310D6-3601-4727-A916-ED8EC518F8A2}.Release|x86.Build.0 = Release|Win32
		{101EBD7F-E7A8-4D1B-9AA7-E2F803125509}.Debug|ARM64.ActiveCfg = Debug|ARM64
		{101EBD7F-E7A8-4D1B-9AA7-E2F803125509}.Debug|ARM64.Build.0 = Debug|ARM64
		{101EBD7F-E7A8-4D1B-9AA7-E2F803125509}.Debug|x64.ActiveCfg = Debug|x64
		{101EBD7F-E7A8-4D1B-9AA7-E2F803125509}.Debug|x64.Build.0 = Debug|x64
		{101EBD7F-E7A8-4D1B-9AA7-E2F803125509}.Debug|x86.ActiveCfg = Debug|Win32
		{101EBD7F-E7A8-4D1B-9AA7-E2F803125509}.Debug|x86.Build.0 = Debug|Win32
		{101EBD7F-E7A8-4D1B-9AA7-E2F803125509}.Release|ARM64.ActiveCfg = Release|ARM64
		{101EBD7F-E7A8-4D1B-9AA7-E2F803125509}.Release|ARM64.Build.0 = Release|ARM64
		{101EBD7F-E7A8-4D1B-9AA7-E2F803125509}.Release|x64.ActiveCfg = Release|x64
		{101EBD7F-E7A8-4D1B-9AA7-E2F803125509}.Release|x64.Build.0 = Release|x64
		{101EBD7F-E7A8-4D1B-9AA7-E2F803125509}.Release|x86.ActiveCfg = Release|Win32
		{101EBD7F-E7A8-4D1B-9AA7-E2F803125509}.Release|x86.Build.0 = Release|Win32
		{15DF6E35-01E9-4F89-8D05-3A779F1F7465}.Debug|ARM64.ActiveCfg = Debug|ARM64
		{15DF6E35-01E9-4F89-8D05-3A779F1F7465}.Debug|ARM64.Build.0 = Debug|ARM64
		{15DF6E35-01E9-4F89-8D05-3A779F1F7465}.Debug|x64.ActiveCfg = Debug|x64
		{15DF6E35-01E9-4F89-8D05-3A779F1F7465}.Debug|x64.Build.0 = Debug|x64
		{15DF6E35-01E9-4F89-8D05-3A779F1F7465}.Debug|x86.ActiveCfg = Debug|Win32
		{15DF6E35-01E9-4F89-8D05-3A779F1F7465}.Debug|x86.Build.0 = Debug|Win32
		{15DF6E35-01E9-4F89-8D05-3A779F1F7465}.Release|ARM64.ActiveCfg = Release|ARM64
		{15DF6E35-01E9-4F89-8D05-3A779F1F7465}.Release|ARM64.Build.0 = Release|ARM64
		{15DF6E35-01E9-4F89-8D05-3A779F1F7465}.Release|x64.ActiveCfg = Release|x64
		{15DF6E35-01E9-4F89-8D05-3A779F1F7465}.Release|x64.Build.0 = Release|x64
		{15DF6E35-01E9-4F89-8D05-3A779F1F7465}.Release|x86.ActiveCfg = Release|Win32
		{15DF6E35-01E9-4F89-8D05-3A779F1F7465}.Release|x86.Build.0 = Release|Win32
		{5C47EBC8-F62D-4F34-AFE4-1627252394FA}.Debug|ARM64.ActiveCfg = Debug|ARM64
		{5C47EBC8-F62D-4F34-AFE4-1627252394FA}.Debug|ARM64.Build.0 = Debug|ARM64
		{5C47EBC8-F62D-4F34-AFE4-1627252394FA}.Debug|x64.ActiveCfg = Debug|x64
		{5C47EBC8-F62D-4F34-AFE4-1627252394FA}.Debug|x64.Build.0 = Debug|x64
		{5C47EBC8-F62D-4F34-AFE4-1627252394FA}.Debug|x86.ActiveCfg = Debug|Win32
		{5C47EBC8-F62D-4F34-AFE4-1627252394FA}.Debug|x86.Build.0 = Debug|Win32
		{5C47EBC8-F62D-4F34-AFE4-1627252394FA}.Release|ARM64.ActiveCfg = Release|ARM64
		{5C47EBC8-F62D-4F34-AFE4-1627252394FA}.Release|ARM64.Build.0 = Release|ARM64
		{5C47EBC8-F62D-4F34-AFE4-1627252394FA}.Release|x64.ActiveCfg = Release|x64
		{5C47EBC8-F62D-4F34-AFE4-1627252394FA}.Release|x64.Build.0 = Release|x64
		{5C47EBC8-F62D-4F34-AFE4-1627252394FA}.Release|x86.ActiveCfg = Release|Win32
		{5C47EBC8-F62D-4F34-AFE4-1627252394FA}.Release|x86.Build.0 = Release|Win32
		{A928BCC5-F5B7-4016-A6D0-895534844FAF}.Debug|ARM64.ActiveCfg = Debug|ARM64
		{A928BCC5-F5B7-4016-A6D0-895534844FAF}.Debug|ARM64.Build.0 = Debug|ARM64
		{A928BCC5-F5B7-4016-A6D0-895534844FAF}.Debug|x64.ActiveCfg = Debug|x64
		{A928BCC5-F5B7-4016-A6D0-895534844FAF}.Debug|x64.Build.0 = Debug|x64
		{A928BCC5-F5B7-4016-A6D0-895534844FAF}.Debug|x86.ActiveCfg = Debug|Win32
		{A928BCC5-F5B7-4016-A6D0-895534844FAF}.Debug|x86.Build.0 = Debug|Win32
		{A928BCC5-F5B7-4016-A6D0-895534844FAF}.Release|ARM64.ActiveCfg = Release|ARM64
		{A928BCC5-F5B7-4016-A6D0-895534844FAF}.Release|ARM64.Build.0 = Release|ARM64
		{A928BCC5-F5B7-4016-A6D0-895534844FAF}.Release|x64.ActiveCfg = Release|x64
		{A928BCC5-F5B7-4016-A6D0-895534844FAF}.Release|x64.Build.0 = Release|x64
		{A928BCC5-F5B7-4016-A6D0-895534844FAF}.Release|x86.ActiveCfg = Release|Win32
		{A928BCC5-F5B7-4016-A6D0-895534844FAF}.Release|x86.Build.0 = Release|Win32
		{F7B536E1-8837-4CBC-96D7-B0B743AED37D}.Debug|ARM64.ActiveCfg = Debug|ARM64
		{F7B536E1-8837-4CBC-96D7-B0B743AED37D}.Debug|ARM64.Build.0 = Debug|ARM64
		{F7B536E1-8837-4CBC-96D7-B0B743AED37D}.Debug|x64.ActiveCfg = Debug|x64
		{F7B536E1-8837-4CBC-96D7-B0B743AED37D}.Debug|x64.Build.0 = Debug|x64
		{F7B536E1-8837-4CBC-96D7-B0B743AED37D}.Debug|x86.ActiveCfg = Debug|Win32
		{F7B536E1-8837-4CBC-96D7-B0B743AED37D}.Debug|x86.Build.0 = Debug|Win32
		{F7B536E1-8837-4CBC-96D7-B0B743AED37D}.Release|ARM64.ActiveCfg = Release|ARM64
		{F7B536E1-8837-4CBC-96D7-B0B743AED37D}.Release|ARM64.Build.0 = Release|ARM64
		{F7B536E1-8837-4CBC-96D7-B0B743AED37D}.Release|x64.ActiveCfg = Release|x64
		{F7B536E1-8837-4CBC-96D7-B0B743AED37D}.Release|x64.Build.0 = Release|x64
		{F7B536E1-8837-4CBC-96D7-B0B743AED37D}.Release|x86.ActiveCfg = Release|Win32
		{F7B536E1-8837-4CBC-96D7-B0B743AED37D}.Release|x86.Build.0 = Release|Win32
		{2F8BED95-0208-45F5-9EE5-8D88E7FDB017}.Debug|ARM64.ActiveCfg = Debug|ARM64
		{2F8BED95-0208-45F5-9EE5-8D88E7FDB017}.Debug|ARM64.Build.0 = Debug|ARM64
		{2F8BED95-0208-45F5-9EE5-8D88E7FDB017}.Debug|x64.ActiveCfg = Debug|x64
		{2F8BED95-0208-45F5-9EE5-8D88E7FDB017}.Debug|x64.Build.0 = Debug|x64
		{2F8BED95-0208-45F5-9EE5-8D88E7FDB017}.Debug|x86.ActiveCfg = Debug|Win32
		{2F8BED95-0208-45F5-9EE5-8D88E7FDB017}.Debug|x86.Build.0 = Debug|Win32
		{2F8BED95-0208-45F5-9EE5-8D88E7FDB017}.Release|ARM64.ActiveCfg = Release|ARM64
		{2F8BED95-0208-45F5-9EE5-8D88E7FDB017}.Release|ARM64.Build.0 = Release|ARM64
		{2F8BED95-0208-45F5-9EE5-8D88E7FDB017}.Release|x64.ActiveCfg = Release|x64
		{2F8BED95-0208-45F5-9EE5-8D88E7FDB017}.Release|x64.Build.0 = Release|x64
		{2F8BED95-0208-45F5-9EE5-8D88E7FDB017}.Release|x86.ActiveCfg = Release|Win32
		{2F8BED95-0208-45F5-9EE5-8D88E7FDB017}.Release|x86.Build.0 = Release|Win32
		{ED02D93F-4CD1-4949-9710-24AA211650D1}.Debug|ARM64.ActiveCfg = Debug|ARM64
		{ED02D93F-4CD1-4949-9710-24AA211650D1}.Debug|ARM64.Build.0 = Debug|ARM64
		{ED02D93F-4CD1-4949-9710-24AA211650D1}.Debug|x64.ActiveCfg = Debug|x64
		{ED02D93F-4CD1-4949-9710-24AA211650D1}.Debug|x64.Build.0 = Debug|x64
		{ED02D93F-4CD1-4949-9710-24AA211650D1}.Debug|x86.ActiveCfg = Debug|Win32
		{ED02D93F-4CD1-4949-9710-24AA211650D1}.Debug|x86.Build.0 = Debug|Win32
		{ED02D93F-4CD1-4949-9710-24AA211650D1}.Release|ARM64.ActiveCfg = Release|ARM64
		{ED02D93F-4CD1-4949-9710-24AA211650D1}.Release|ARM64.Build.0 = Release|ARM64
		{ED02D93F-4CD1-4949-9710-24AA211650D1}.Release|x64.ActiveCfg = Release|x64
		{ED02D93F-4CD1-4949-9710-24AA211650D1}.Release|x64.Build.0 = Release|x64
		{ED02D93F-4CD1-4949-9710-24AA211650D1}.Release|x86.ActiveCfg = Release|Win32
		{ED02D93F-4CD1-4949-9710-24AA211650D1}.Release|x86.Build.0 = Release|Win32
		{BAEF978B-1DF1-450E-8CDF-52628D934692}.Debug|ARM64.ActiveCfg = Debug|ARM64
		{BAEF978B-1DF1-450E-8CDF-52628D934692}.Debug|ARM64.Build.0 = Debug|ARM64
		{BAEF978B-1DF1-450E-8CDF-52628D934692}.Debug|x64.ActiveCfg = Debug|x64
		{BAEF978B-1DF1-450E-8CDF-52628D934692}.Debug|x64.Build.0 = Debug|x64
		{BAEF978B-1DF1-450E-8CDF-52628D934692}.Debug|x86.ActiveCfg = Debug|Win32
		{BAEF978B-1DF1-450E-8CDF-52628D934692}.Debug|x86.Build.0 = Debug|Win32
		{BAEF978B-1DF1-450E-8CDF-52628D934692}.Release|ARM64.ActiveCfg = Release|ARM64
		{BAEF978B-1DF1-450E-8CDF-52628D934692}.Release|ARM64.Build.0 = Release|ARM64
		{BAEF978B-1DF1-450E-8CDF-52628D934692}.Release|x64.ActiveCfg = Release|x64
		{BAEF978B-1DF1-450E-8CDF-52628D934692}.Release|x64.Build.0 = Release|x64
		{BAEF978B-1DF1-450E-8CDF-52628D934692}.Release|x86.ActiveCfg = Release|Win32
		{BAEF978B-1DF1-450E-8CDF-52628D934692}.Release|x86.Build.0 = Release|Win32
		{3DE22244-FD65-48A0-99EA-FC70F08245F5}.Debug|ARM64.ActiveCfg = Debug|ARM64
		{3DE22244-FD65-48A0-99EA-FC70F08245F5}.Debug|ARM64.Build.0 = Debug|ARM64
		{3DE22244-FD65-48A0-99EA-FC70F08245F5}.Debug|x64.ActiveCfg = Debug|x64
		{3DE22244-FD65-48A0-99EA-FC70F08245F5}.Debug|x64.Build.0 = Debug|x64
		{3DE22244-FD65-48A0-99EA-FC70F08245F5}.Debug|x86.ActiveCfg = Debug|Win32
		{3DE22244-FD65-48A0-99EA-FC70F08245F5}.Debug|x86.Build.0 = Debug|Win32
		{3DE22244-FD65-48A0-99EA-FC70F08245F5}.Release|ARM64.ActiveCfg = Release|ARM64
		{3DE22244-FD65-48A0-99EA-FC70F08245F5}.Release|ARM64.Build.0 = Release|ARM64
		{3DE22244-FD65-48A0-99EA-FC70F08245F5}.Release|x64.ActiveCfg = Release|x64
		{3DE22244-FD65-48A0-99EA-FC70F08245F5}.Release|x64.Build.0 = Release|x64
		{3DE22244-FD65-48A0-99EA-FC70F08245F5}.Release|x86.ActiveCfg = Release|Win32
		{3DE22244-FD65-48A0-99EA-FC70F08245F5}.Release|x86.Build.0 = Release|Win32
		{7E5363E4-AC40-4922-81AA-36C7D2469E1A}.Debug|ARM64.ActiveCfg = Debug|ARM64
		{7E5363E4-AC40-4922-81AA-36C7D2469E1A}.Debug|ARM64.Build.0 = Debug|ARM64
		{7E5363E4-AC40-4922-81AA-36C7D2469E1A}.Debug|x64.ActiveCfg = Debug|x64
		{7E5363E4-AC40-4922-81AA-36C7D2469E1A}.Debug|x64.Build.0 = Debug|x64
		{7E5363E4-AC40-4922-81AA-36C7D2469E1A}.Debug|x86.ActiveCfg = Debug|Win32
		{7E5363E4-AC40-4922-81AA-36C7D2469E1A}.Debug|x86.Build.0 = Debug|Win32
		{7E5363E4-AC40-4922-81AA-36C7D2469E1A}.Release|ARM64.ActiveCfg = Release|ARM64
		{7E5363E4-AC40-4922-81AA-36C7D2469E1A}.Release|ARM64.Build.0 = Release|ARM64
		{7E5363E4-AC40-4922-81AA-36C7D2469E1A}.Release|x64.ActiveCfg = Release|x64
		{7E5363E4-AC40-4922-81AA-36C7D2469E1A}.Release|x64.Build.0 = Release|x64
		{7E5363E4-AC40-4922-81AA-36C7D2469E1A}.Release|x86.ActiveCfg = Release|Win32
		{7E5363E4-AC40-4922-81AA-36C7D2469E1A}.Release|x86.Build.0 = Release|Win32
		{1095D330-2097-485C-996E-066FA10ADD18}.Debug|ARM64.ActiveCfg = Debug|ARM64
		{1095D330-2097-485C-996E-066FA10ADD18}.Debug|ARM64.Build.0 = Debug|ARM64
		{1095D330-2097-485C-996E-066FA10ADD18}.Debug|x64.ActiveCfg = Debug|x64
		{1095D330-2097-485C-996E-066FA10ADD18}.Debug|x64.Build.0 = Debug|x64
		{1095D330-2097-485C-996E-066FA10ADD18}.Debug|x86.ActiveCfg = Debug|Win32
		{1095D330-2097-485C-996E-066FA10ADD18}.Debug|x86.Build.0 = Debug|Win32
		{1095D330-2097-485C-996E-066FA10ADD18}.Release|ARM64.ActiveCfg = Release|ARM64
		{1095D330-2097-485C-996E-066FA10ADD18}.Release|ARM64.Build.0 = Release|ARM64
		{1095D330-2097-485C-996E-066FA10ADD18}.Release|x64.ActiveCfg = Release|x64
		{1095D330-2097-485C-996E-066FA10ADD18}.Release|x64.Build.0 = Release|x64
		{1095D330-2097-485C-996E-066FA10ADD18}.Release|x86.ActiveCfg = Release|Win32
		{1095D330-2097-485C-996E-066FA10ADD18}.Release|x86.Build.0 = Release|Win32
		{30F49C73-741A-460D-8595-6126FF39A3B1}.Debug|ARM64.ActiveCfg = Debug|ARM64
		{30F49C73-741A-460D-8595-6126FF39A3B1}.Debug|ARM64.Build.0 = Debug|ARM64
		{30F49C73-741A-460D-8595-6126FF39A3B1}.Debug|x64.ActiveCfg = Debug|x64
		{30F49C73-741A-460D-8595-6126FF39A3B1}.Debug|x64.Build.0 = Debug|x64
		{30F49C73-741A-460D-8595-6126FF39A3B1}.Debug|x86.ActiveCfg = Debug|Win32
		{30F49C73-741A-460D-8595-6126FF39A3B1}.Debug|x86.Build.0 = Debug|Win32
		{30F49C73-741A-460D-8595-6126FF39A3B1}.Release|ARM64.ActiveCfg = Release|ARM64
		{30F49C73-741A-460D-8595-6126FF39A3B1}.Release|ARM64.Build.0 = Release|ARM64
		{30F49C73-741A-460D-8595-6126FF39A3B1}.Release|x64.ActiveCfg = Release|x64
		{30F49C73-741A-460D-8595-6126FF39A3B1}.Release|x64.Build.0 = Release|x64
		{30F49C73-741A-460D-8595-6126FF39A3B1}.Release|x86.ActiveCfg = Release|Win32
		{30F49C73-741A-460D-8595-6126FF39A3B1}.Release|x86.Build.0 = Release|Win32
		{9D4DF832-5177-4AAE-8CF8-4E1F907BF6E8}.Debug|ARM64.ActiveCfg = Debug|ARM64
		{9D4DF832-5177-4AAE-8CF8-4E1F907BF6E8}.Debug|ARM64.Build.0 = Debug|ARM64
		{9D4DF832-5177-4AAE-8CF8-4E1F907BF6E8}.Debug|x64.ActiveCfg = Debug|x64
		{9D4DF832-5177-4AAE-8CF8-4E1F907BF6E8}.Debug|x64.Build.0 = Debug|x64
		{9D4DF832-5177-4AAE-8CF8-4E1F907BF6E8}.Debug|x86.ActiveCfg = Debug|Win32
		{9D4DF832-5177-4AAE-8CF8-4E1F907BF6E8}.Debug|x86.Build.0 = Debug|Win32
		{9D4DF832-5177-4AAE-8CF8-4E1F907BF6E8}.Release|ARM64.ActiveCfg = Release|ARM64
		{9D4DF832-5177-4AAE-8CF8-4E1F907BF6E8}.Release|ARM64.Build.0 = Release|ARM64
		{9D4DF832-5177-4AAE-8CF8-4E1F907BF6E8}.Release|x64.ActiveCfg = Release|x64
		{9D4DF832-5177-4AAE-8CF8-4E1F907BF6E8}.Release|x64.Build.0 = Release|x64
		{9D4DF832-5177-4AAE-8CF8-4E1F907BF6E8}.Release|x86.ActiveCfg = Release|Win32
		{9D4DF832-5177-4AAE-8CF8-4E1F907BF6E8}.Release|x86.Build.0 = Release|Win32
		{D42BBCDD-4CF3-4551-9528-D847F99FAC82}.Debug|ARM64.ActiveCfg = Debug|ARM64
		{D42BBCDD-4CF3-4551-9528-D847F99FAC82}.Debug|ARM64.Build.0 = Debug|ARM64
		{D42BBCDD-4CF3-4551-9528-D847F99FAC82}.Debug|x64.ActiveCfg = Debug|x64
		{D42BBCDD-4CF3-4551-9528-D847F99FAC82}.Debug|x64.Build.0 = Debug|x64
		{D42BBCDD-4CF3-4551-9528-D847F99FAC82}.Debug|x86.ActiveCfg = Debug|Win32
		{D42BBCDD-4CF3-4551-9528-D847F99FAC82}.Debug|x86.Build.0 = Debug|Win32
		{D42BBCDD-4CF3-4551-9528-D847F99FAC82}.Release|ARM64.ActiveCfg = Release|ARM64
		{D42BBCDD-4CF3-4551-9528-D847F99FAC82}.Release|ARM64.Build.0 = Release|ARM64
		{D42BBCDD-4CF3-4551-9528-D847F99FAC82}.Release|x64.ActiveCfg = Release|x64
		{D42BBCDD-4CF3-4551-9528-D847F99FAC82}.Release|x64.Build.0 = Release|x64
		{D42BBCDD-4CF3-4551-9528-D847F99FAC82}.Release|x86.ActiveCfg = Release|Win32
		{D42BBCDD-4CF3-4551-9528-D847F99FAC82}.Release|x86.Build.0 = Release|Win32
		{24000836-7E83-4A87-84C1-195DDF704110}.Debug|ARM64.ActiveCfg = Debug|ARM64
		{24000836-7E83-4A87-84C1-195DDF704110}.Debug|ARM64.Build.0 = Debug|ARM64
		{24000836-7E83-4A87-84C1-195DDF704110}.Debug|x64.ActiveCfg = Debug|x64
		{24000836-7E83-4A87-84C1-195DDF704110}.Debug|x64.Build.0 = Debug|x64
		{24000836-7E83-4A87-84C1-195DDF704110}.Debug|x86.ActiveCfg = Debug|Win32
		{24000836-7E83-4A87-84C1-195DDF704110}.Debug|x86.Build.0 = Debug|Win32
		{24000836-7E83-4A87-84C1-195DDF704110}.Release|ARM64.ActiveCfg = Release|ARM64
		{24000836-7E83-4A87-84C1-195DDF704110}.Release|ARM64.Build.0 = Release|ARM64
		{24000836-7E83-4A87-84C1-195DDF704110}.Release|x64.ActiveCfg = Release|x64
		{24000836-7E83-4A87-84C1-195DDF704110}.Release|x64.Build.0 = Release|x64
		{24000836-7E83-4A87-84C1-195DDF704110}.Release|x86.ActiveCfg = Release|Win32
		{24000836-7E83-4A87-84C1-195DDF704110}.Release|x86.Build.0 = Release|Win32
		{745219FF-DA99-40C5-8BE6-E6974015AC69}.Debug|ARM64.ActiveCfg = Debug|ARM64
		{745219FF-DA99-40C5-8BE6-E6974015AC69}.Debug|ARM64.Build.0 = Debug|ARM64
		{745219FF-DA99-40C5-8BE6-E6974015AC69}.Debug|x64.ActiveCfg = Debug|x64
		{745219FF-DA99-40C5-8BE6-E6974015AC69}.Debug|x64.Build.0 = Debug|x64
		{745219FF-DA99-40C5-8BE6-E6974015AC69}.Debug|x86.ActiveCfg = Debug|Win32
		{745219FF-DA99-40C5-8BE6-E6974015AC69}.Debug|x86.Build.0 = Debug|Win32
		{745219FF-DA99-40C5-8BE6-E6974015AC69}.Release|ARM64.ActiveCfg = Release|ARM64
		{745219FF-DA99-40C5-8BE6-E6974015AC69}.Release|ARM64.Build.0 = Release|ARM64
		{745219FF-DA99-40C5-8BE6-E6974015AC69}.Release|x64.ActiveCfg = Release|x64
		{745219FF-DA99-40C5-8BE6-E6974015AC69}.Release|x64.Build.0 = Release|x64
		{745219FF-DA99-40C5-8BE6-E6974015AC69}.Release|x86.ActiveCfg = Release|Win32
		{745219FF-DA99-40C5-8BE6-E6974015AC69}.Release|x86.Build.0 = Release|Win32
		{6B25749C-0A6E-41E2-BA1E-DA5BA9B62CB6}.Debug|ARM64.ActiveCfg = Debug|ARM64
		{6B25749C-0A6E-41E2-BA1E-DA5BA9B62CB6}.Debug|ARM64.Build.0 = Debug|ARM64
		{6B25749C-0A6E-41E2-BA1E-DA5BA9B62CB6}.Debug|x64.ActiveCfg = Debug|x64
		{6B25749C-0A6E-41E2-BA1E-DA5BA9B62CB6}.Debug|x64.Build.0 = Debug|x64
		{6B25749C-0A6E-41E2-BA1E-DA5BA9B62CB6}.Debug|x86.ActiveCfg = Debug|Win32
		{6B25749C-0A6E-41E2-BA1E-DA5BA9B62CB6}.Debug|x86.Build.0 = Debug|Win32
		{6B25749C-0A6E-41E2-BA1E-DA5BA9B62CB6}.Release|ARM64.ActiveCfg = Release|ARM64
		{6B25749C-0A6E-41E2-BA1E-DA5BA9B62CB6}.Release|ARM64.Build.0 = Release|ARM64
		{6B25749C-0A6E-41E2-BA1E-DA5BA9B62CB6}.Release|x64.ActiveCfg = Release|x64
		{6B25749C-0A6E-41E2-BA1E-DA5BA9B62CB6}.Release|x64.Build.0 = Release|x64
		{6B25749C-0A6E-41E2-BA1E-DA5BA9B62CB6}.Release|x86.ActiveCfg = Release|Win32
		{6B25749C-0A6E-41E2-BA1E-DA5BA9B62CB6}.Release|x86.Build.0 = Release|Win32
		{2834F3F2-BA66-4509-8D05-1A7E9036B550}.Debug|ARM64.ActiveCfg = Debug|ARM64
		{2834F3F2-BA66-4509-8D05-1A7E9036B550}.Debug|ARM64.Build.0 = Debug|ARM64
		{2834F3F2-BA66-4509-8D05-1A7E9036B550}.Debug|x64.ActiveCfg = Debug|x64
		{2834F3F2-BA66-4509-8D05-1A7E9036B550}.Debug|x64.Build.0 = Debug|x64
		{2834F3F2-BA66-4509-8D05-1A7E9036B550}.Debug|x86.ActiveCfg = Debug|Win32
		{2834F3F2-BA66-4509-8D05-1A7E9036B550}.Debug|x86.Build.0 = Debug|Win32
		{2834F3F2-BA66-4509-8D05-1A7E9036B550}.Release|ARM64.ActiveCfg = Release|ARM64
		{2834F3F2-BA66-4509-8D05-1A7E9036B550}.Release|ARM64.Build.0 = Release|ARM64
		{2834F3F2-BA66-4509-8D05-1A7E9036B550}.Release|x64.ActiveCfg = Release|x64
		{2834F3F2-BA66-4509-8D05-1A7E9036B550}.Release|x64.Build.0 = Release|x64
		{2834F3F2-BA66-4509-8D05-1A7E9036B550}.Release|x86.ActiveCfg = Release|Win32
		{2834F3F2-BA66-4509-8D05-1A7E9036B550}.Release|x86.Build.0 = Release|Win32
		{D8F0D284-3C59-4BE1-9BAE-D2554637886E}.Debug|ARM64.ActiveCfg = Debug|ARM64
		{D8F0D284-3C59-4BE1-9BAE-D2554637886E}.Debug|ARM64.Build.0 = Debug|ARM64
		{D8F0D284-3C59-4BE1-9BAE-D2554637886E}.Debug|x64.ActiveCfg = Debug|x64
		{D8F0D284-3C59-4BE1-9BAE-D2554637886E}.Debug|x64.Build.0 = Debug|x64
		{D8F0D284-3C59-4BE1-9BAE-D2554637886E}.Debug|x86.ActiveCfg = Debug|Win32
		{D8F0D284-3C59-4BE1-9BAE-D2554637886E}.Debug|x86.Build.0 = Debug|Win32
		{D8F0D284-3C59-4BE1-9BAE-D2554637886E}.Release|ARM64.ActiveCfg = Release|ARM64
		{D8F0D284-3C59-4BE1-9BAE-D2554637886E}.Release|ARM64.Build.0 = Release|ARM64
		{D8F0D284-3C59-4BE1-9BAE-D2554637886E}.Release|x64.ActiveCfg = Release|x64
		{D8F0D284-3C59-4BE1-9BAE-D2554637886E}.Release|x64.Build.0 = Release|x64
		{D8F0D284-3C59-4BE1-9BAE-D2554637886E}.Release|x86.ActiveCfg = Release|Win32
		{D8F0D284-3C59-4BE1-9BAE-D2554637886E}.Release|x86.Build.0 = Release|Win32
		{D19384E7-15A1-41BE-B856-32E8649E2EC7}.Debug|ARM64.ActiveCfg = Debug|ARM64
		{D19384E7-15A1-41BE-B856-32E8649E2EC7}.Debug|ARM64.Build.0 = Debug|ARM64
		{D19384E7-15A1-41BE-B856-32E8649E2EC7}.Debug|x64.ActiveCfg = Debug|x64
		{D19384E7-15A1-41BE-B856-32E8649E2EC7}.Debug|x64.Build.0 = Debug|x64
		{D19384E7-15A1-41BE-B856-32E8649E2EC7}.Debug|x86.ActiveCfg = Debug|Win32
		{D19384E7-15A1-41BE-B856-32E8649E2EC7}.Debug|x86.Build.0 = Debug|Win32
		{D19384E7-15A1-41BE-B856-32E8649E2EC7}.Release|ARM64.ActiveCfg = Release|ARM64
		{D19384E7-15A1-41BE-B856-32E8649E2EC7}.Release|ARM64.Build.0 = Release|ARM64
		{D19384E7-15A1-41BE-B856-32E8649E2EC7}.Release|x64.ActiveCfg = Release|x64
		{D19384E7-15A1-41BE-B856-32E8649E2EC7}.Release|x64.Build.0 = Release|x64
		{D19384E7-15A1-41BE-B856-32E8649E2EC7}.Release|x86.ActiveCfg = Release|Win32
		{D19384E7-15A1-41BE-B856-32E8649E2EC7}.Release|x86.Build.0 = Release|Win32
		{BE8BEF5F-FF6C-4002-8660-A37BD21E3E48}.Debug|ARM64.ActiveCfg = Debug|ARM64
		{BE8BEF5F-FF6C-4002-8660-A37BD21E3E48}.Debug|ARM64.Build.0 = Debug|ARM64
		{BE8BEF5F-FF6C-4002-8660-A37BD21E3E48}.Debug|x64.ActiveCfg = Debug|x64
		{BE8BEF5F-FF6C-4002-8660-A37BD21E3E48}.Debug|x64.Build.0 = Debug|x64
		{BE8BEF5F-FF6C-4002-8660-A37BD21E3E48}.Debug|x86.ActiveCfg = Debug|Win32
		{BE8BEF5F-FF6C-4002-8660-A37BD21E3E48}.Debug|x86.Build.0 = Debug|Win32
		{BE8BEF5F-FF6C-4002-8660-A37BD21E3E48}.Release|ARM64.ActiveCfg = Release|ARM64
		{BE8BEF5F-FF6C-4002-8660-A37BD21E3E48}.Release|ARM64.Build.0 = Release|ARM64
		{BE8BEF5F-FF6C-4002-8660-A37BD21E3E48}.Release|x64.ActiveCfg = Release|x64
		{BE8BEF5F-FF6C-4002-8660-A37BD21E3E48}.Release|x64.Build.0 = Release|x64
		{BE8BEF5F-FF6C-4002-8660-A37BD21E3E48}.Release|x86.ActiveCfg = Release|Win32
		{BE8BEF5F-FF6C-4002-8660-A37BD21E3E48}.Release|x86.Build.0 = Release|Win32
		{FF281920-7A79-4162-B76C-709BD1147894}.Debug|ARM64.ActiveCfg = Debug|ARM64
		{FF281920-7A79-4162-B76C-709BD1147894}.Debug|ARM64.Build.0 = Debug|ARM64
		{FF281920-7A79-4162-B76C-709BD1147894}.Debug|x64.ActiveCfg = Debug|x64
		{FF281920-7A79-4162-B76C-709BD1147894}.Debug|x64.Build.0 = Debug|x64
		{FF281920-7A79-4162-B76C-709BD1147894}.Debug|x86.ActiveCfg = Debug|Win32
		{FF281920-7A79-4162-B76C-709BD1147894}.Debug|x86.Build.0 = Debug|Win32
		{FF281920-7A79-4162-B76C-709BD1147894}.Release|ARM64.ActiveCfg = Release|ARM64
		{FF281920-7A79-4162-B76C-709BD1147894}.Release|ARM64.Build.0 = Release|ARM64
		{FF281920-7A79-4162-B76C-709BD1147894}.Release|x64.ActiveCfg = Release|x64
		{FF281920-7A79-4162-B76C-709BD1147894}.Release|x64.Build.0 = Release|x64
		{FF281920-7A79-4162-B76C-709BD1147894}.Release|x86.ActiveCfg = Release|Win32
		{FF281920-7A79-4162-B76C-709BD1147894}.Release|x86.Build.0 = Release|Win32
		{739A17C8-7138-4B7D-9F77-6897A68943BB}.Debug|ARM64.ActiveCfg = Debug|ARM64
		{739A17C8-7138-4B7D-9F77-6897A68943BB}.Debug|ARM64.Build.0 = Debug|ARM64
		{739A17C8-7138-4B7D-9F77-6897A68943BB}.Debug|x64.ActiveCfg = Debug|x64
		{739A17C8-7138-4B7D-9F77-6897A68943BB}.Debug|x64.Build.0 = Debug|x64
		{739A17C8-7138-4B7D-9F77-6897A68943BB}.Debug|x86.ActiveCfg = Debug|Win32
		{739A17C8-7138-4B7D-9F77-6897A68943BB}.Debug|x86.Build.0 = Debug|Win32
		{739A17C8-7138-4B7D-9F77-6897A68943BB}.Release|ARM64.ActiveCfg = Release|ARM64
		{739A17C8-7138-4B7D-9F77-6897A68943BB}.Release|ARM64.Build.0 = Release|ARM64
		{739A17C8-7138-4B7D-9F77-6897A68943BB}.Release|x64.ActiveCfg = Release|x64
		{739A17C8-7138-4B7D-9F77-6897A68943BB}.Release|x64.Build.0 = Release|x64
		{739A17C8-7138-4B7D-9F77-6897A68943BB}.Release|x86.ActiveCfg = Release|Win32
		{739A17C8-7138-4B7D-9F77-6897A68943BB}.Release|x86.Build.0 = Release|Win32
		{BE2775B3-7F31-4FB7-A887-3779EEDB8D1E}.Debug|ARM64.ActiveCfg = Debug|ARM64
		{BE2775B3-7F31-4FB7-A887-3779EEDB8D1E}.Debug|ARM64.Build.0 = Debug|ARM64
		{BE2775B3-7F31-4FB7-A887-3779EEDB8D1E}.Debug|x64.ActiveCfg = Debug|x64
		{BE2775B3-7F31-4FB7-A887-3779EEDB8D1E}.Debug|x64.Build.0 = Debug|x64
		{BE2775B3-7F31-4FB7-A887-3779EEDB8D1E}.Debug|x86.ActiveCfg = Debug|Win32
		{BE2775B3-7F31-4FB7-A887-3779EEDB8D1E}.Debug|x86.Build.0 = Debug|Win32
		{BE2775B3-7F31-4FB7-A887-3779EEDB8D1E}.Release|ARM64.ActiveCfg = Release|ARM64
		{BE2775B3-7F31-4FB7-A887-3779EEDB8D1E}.Release|ARM64.Build.0 = Release|ARM64
		{BE2775B3-7F31-4FB7-A887-3779EEDB8D1E}.Release|x64.ActiveCfg = Release|x64
		{BE2775B3-7F31-4FB7-A887-3779EEDB8D1E}.Release|x64.Build.0 = Release|x64
		{BE2775B3-7F31-4FB7-A887-3779EEDB8D1E}.Release|x86.ActiveCfg = Release|Win32
		{BE2775B3-7F31-4FB7-A887-3779EEDB8D1E}.Release|x86.Build.0 = Release|Win32
	EndGlobalSection
	GlobalSection(SolutionProperties) = preSolution
		HideSolutionNode = FALSE
	EndGlobalSection
	GlobalSection(NestedProjects) = preSolution
		{20110FA3-A2E5-455F-880D-BFBD9FA1C1DB} = {1A243FF3-A5CB-4543-9C05-092B9F76C02A}
		{FB9310D6-3601-4727-A916-ED8EC518F8A2} = {20110FA3-A2E5-455F-880D-BFBD9FA1C1DB}
		{101EBD7F-E7A8-4D1B-9AA7-E2F803125509} = {20110FA3-A2E5-455F-880D-BFBD9FA1C1DB}
		{15DF6E35-01E9-4F89-8D05-3A779F1F7465} = {20110FA3-A2E5-455F-880D-BFBD9FA1C1DB}
		{5C47EBC8-F62D-4F34-AFE4-1627252394FA} = {20110FA3-A2E5-455F-880D-BFBD9FA1C1DB}
		{A928BCC5-F5B7-4016-A6D0-895534844FAF} = {20110FA3-A2E5-455F-880D-BFBD9FA1C1DB}
		{F7B536E1-8837-4CBC-96D7-B0B743AED37D} = {20110FA3-A2E5-455F-880D-BFBD9FA1C1DB}
		{2F8BED95-0208-45F5-9EE5-8D88E7FDB017} = {20110FA3-A2E5-455F-880D-BFBD9FA1C1DB}
		{ED02D93F-4CD1-4949-9710-24AA211650D1} = {02EA681E-C7D8-13C7-8484-4AC65E1B71E8}
		{99417A17-AFEE-4060-ABA6-71E17289FD91} = {02EA681E-C7D8-13C7-8484-4AC65E1B71E8}
		{BAEF978B-1DF1-450E-8CDF-52628D934692} = {99417A17-AFEE-4060-ABA6-71E17289FD91}
		{3DE22244-FD65-48A0-99EA-FC70F08245F5} = {99417A17-AFEE-4060-ABA6-71E17289FD91}
		{DE4D12B0-A872-447F-B93A-1F0D0EB8B49E} = {1A243FF3-A5CB-4543-9C05-092B9F76C02A}
		{7E5363E4-AC40-4922-81AA-36C7D2469E1A} = {DE4D12B0-A872-447F-B93A-1F0D0EB8B49E}
		{1095D330-2097-485C-996E-066FA10ADD18} = {DE4D12B0-A872-447F-B93A-1F0D0EB8B49E}
		{30F49C73-741A-460D-8595-6126FF39A3B1} = {DE4D12B0-A872-447F-B93A-1F0D0EB8B49E}
		{9D4DF832-5177-4AAE-8CF8-4E1F907BF6E8} = {DE4D12B0-A872-447F-B93A-1F0D0EB8B49E}
		{D42BBCDD-4CF3-4551-9528-D847F99FAC82} = {DE4D12B0-A872-447F-B93A-1F0D0EB8B49E}
		{05B8D17E-E37C-4515-96CD-80E84428F627} = {1A243FF3-A5CB-4543-9C05-092B9F76C02A}
		{24000836-7E83-4A87-84C1-195DDF704110} = {05B8D17E-E37C-4515-96CD-80E84428F627}
		{745219FF-DA99-40C5-8BE6-E6974015AC69} = {02EA681E-C7D8-13C7-8484-4AC65E1B71E8}
		{87CF4A4E-17A6-4951-BBF7-3F76B99F2C03} = {8FA2EC01-3E5D-490D-AA7B-B869EA480974}
		{6B25749C-0A6E-41E2-BA1E-DA5BA9B62CB6} = {87CF4A4E-17A6-4951-BBF7-3F76B99F2C03}
		{2834F3F2-BA66-4509-8D05-1A7E9036B550} = {87CF4A4E-17A6-4951-BBF7-3F76B99F2C03}
		{78D852F7-0FDD-4B2F-BE53-905CCC441561} = {8FA2EC01-3E5D-490D-AA7B-B869EA480974}
		{D8F0D284-3C59-4BE1-9BAE-D2554637886E} = {78D852F7-0FDD-4B2F-BE53-905CCC441561}
		{D19384E7-15A1-41BE-B856-32E8649E2EC7} = {78D852F7-0FDD-4B2F-BE53-905CCC441561}
		{15F49A9C-0682-4753-9FFA-A71FB48C2FD5} = {1A243FF3-A5CB-4543-9C05-092B9F76C02A}
		{BE8BEF5F-FF6C-4002-8660-A37BD21E3E48} = {15F49A9C-0682-4753-9FFA-A71FB48C2FD5}
		{FF281920-7A79-4162-B76C-709BD1147894} = {D6176F7C-C1CF-4B24-93A4-AF24A4029941}
		{739A17C8-7138-4B7D-9F77-6897A68943BB} = {D6176F7C-C1CF-4B24-93A4-AF24A4029941}
		{BE2775B3-7F31-4FB7-A887-3779EEDB8D1E} = {D6176F7C-C1CF-4B24-93A4-AF24A4029941}
	EndGlobalSection
	GlobalSection(ExtensibilityGlobals) = postSolution
		SolutionGuid = {BE6CFE02-08CB-4581-BAAF-43EBFE4F70AC}
	EndGlobalSection
EndGlobal
