
Microsoft Visual Studio Solution File, Format Version 12.00
# Visual Studio Version 17
VisualStudioVersion = 17.13.35818.85
MinimumVisualStudioVersion = 10.0.40219.1
Project("{2150E333-8FDC-42A3-9474-1A3956D46DE8}") = "assignments", "assignments", "{02EA681E-C7D8-13C7-8484-4AC65E1B71E8}"
EndProject
Project("{2150E333-8FDC-42A3-9474-1A3956D46DE8}") = "exercises", "exercises", "{8FA2EC01-3E5D-490D-AA7B-B869EA480974}"
EndProject
Project("{2150E333-8FDC-42A3-9474-1A3956D46DE8}") = "exams", "exams", "{D6176F7C-C1CF-4B24-93A4-AF24A4029941}"
EndProject
Project("{2150E333-8FDC-42A3-9474-1A3956D46DE8}") = "lectures", "lectures", "{1A243FF3-A5CB-4543-9C05-092B9F76C02A}"
EndProject
Project("{2150E333-8FDC-42A3-9474-1A3956D46DE8}") = "01sortint", "01sortint", "{20110FA3-A2E5-455F-880D-BFBD9FA1C1DB}"
EndProject
Project("{8BC9CEB8-8B4A-11D0-8D11-00A0C91BC942}") = "sortint02", "lectures\01sortint\sortint02\sortint02.vcxproj", "{FB9310D6-3601-4727-A916-ED8EC518F8A2}"
EndProject
Project("{8BC9CEB8-8B4A-11D0-8D11-00A0C91BC942}") = "sortint03", "lectures\01sortint\sortint03\sortint03.vcxproj", "{101EBD7F-E7A8-4D1B-9AA7-E2F803125509}"
EndProject
Project("{8BC9CEB8-8B4A-11D0-8D11-00A0C91BC942}") = "sortint04", "lectures\01sortint\sortint04\sortint04.vcxproj", "{15DF6E35-01E9-4F89-8D05-3A779F1F7465}"
EndProject
Project("{8BC9CEB8-8B4A-11D0-8D11-00A0C91BC942}") = "sortint05", "lectures\01sortint\sortint05\sortint05.vcxproj", "{5C47EBC8-F62D-4F34-AFE4-1627252394FA}"
EndProject
Project("{8BC9CEB8-8B4A-11D0-8D11-00A0C91BC942}") = "sortint06", "lectures\01sortint\sortint06\sortint06.vcxproj", "{A928BCC5-F5B7-4016-A6D0-895534844FAF}"
EndProject
Project("{8BC9CEB8-8B4A-11D0-8D11-00A0C91BC942}") = "sortint07", "lectures\01sortint\sortint07\sortint07.vcxproj", "{F7B536E1-8837-4CBC-96D7-B0B743AED37D}"
EndProject
Project("{8BC9CEB8-8B4A-11D0-8D11-00A0C91BC942}") = "sortint08", "lectures\01sortint\sortint08\sortint08.vcxproj", "{2F8BED95-0208-45F5-9EE5-8D88E7FDB017}"
EndProject
Project("{8BC9CEB8-8B4A-11D0-8D11-00A0C91BC942}") = "20250304", "assignments\20250304\20250304.vcxproj", "{ED02D93F-4CD1-4949-9710-24AA211650D1}"
EndProject
Project("{2150E333-8FDC-42A3-9474-1A3956D46DE8}") = "20250318", "20250318", "{99417A17-AFEE-4060-ABA6-71E17289FD91}"
EndProject
Project("{8BC9CEB8-8B4A-11D0-8D11-00A0C91BC942}") = "exercise04", "assignments\20250318\exercise04\exercise04.vcxproj", "{BAEF978B-1DF1-450E-8CDF-52628D934692}"
EndProject
Project("{8BC9CEB8-8B4A-11D0-8D11-00A0C91BC942}") = "exercise05", "assignments\20250318\exercise05\exercise05.vcxproj", "{3DE22244-FD65-48A0-99EA-FC70F08245F5}"
EndProject
Project("{2150E333-8FDC-42A3-9474-1A3956D46DE8}") = "02assignmentsSolutions", "02assignmentsSolutions", "{DE4D12B0-A872-447F-B93A-1F0D0EB8B49E}"
EndProject
Project("{8BC9CEB8-8B4A-11D0-8D11-00A0C91BC942}") = "exercise01Prof", "lectures\02assignmentsSolutions\exercise01Prof\frequenciesProf.vcxproj", "{7E5363E4-AC40-4922-81AA-36C7D2469E1A}"
EndProject
Project("{8BC9CEB8-8B4A-11D0-8D11-00A0C91BC942}") = "exercise02Prof", "lectures\02assignmentsSolutions\exercise02Prof\writeint32Prof.vcxproj", "{1095D330-2097-485C-996E-066FA10ADD18}"
EndProject
Project("{8BC9CEB8-8B4A-11D0-8D11-00A0C91BC942}") = "exercise03Prof", "lectures\02assignmentsSolutions\exercise03Prof\readint32Prof.vcxproj", "{30F49C73-741A-460D-8595-6126FF39A3B1}"
EndProject
Project("{8BC9CEB8-8B4A-11D0-8D11-00A0C91BC942}") = "exercise04Prof", "lectures\02assignmentsSolutions\exercise04Prof\exercise04Prof.vcxproj", "{9D4DF832-5177-4AAE-8CF8-4E1F907BF6E8}"
EndProject
Project("{8BC9CEB8-8B4A-11D0-8D11-00A0C91BC942}") = "exercise05Prof", "lectures\02assignmentsSolutions\exercise05Prof\exercise05Prof.vcxproj", "{D42BBCDD-4CF3-4551-9528-D847F99FAC82}"
EndProject
Project("{2150E333-8FDC-42A3-9474-1A3956D46DE8}") = "03frequenciesNew", "03frequenciesNew", "{05B8D17E-E37C-4515-96CD-80E84428F627}"
EndProject
Project("{8BC9CEB8-8B4A-11D0-8D11-00A0C91BC942}") = "frequenciesNew", "lectures\03frequenciesNew\frequenciesNew\frequenciesNew.vcxproj", "{24000836-7E83-4A87-84C1-195DDF704110}"
EndProject
Project("{8BC9CEB8-8B4A-11D0-8D11-00A0C91BC942}") = "20250325", "assignments\20250325\20250325.vcxproj", "{745219FF-DA99-40C5-8BE6-E6974015AC69}"
EndProject
Project("{2150E333-8FDC-42A3-9474-1A3956D46DE8}") = "02packbits", "02packbits", "{87CF4A4E-17A6-4951-BBF7-3F76B99F2C03}"
EndProject
Project("{8BC9CEB8-8B4A-11D0-8D11-00A0C91BC942}") = "01packbits", "exercises\02packbits\01packbits\01packbits.vcxproj", "{6B25749C-0A6E-41E2-BA1E-DA5BA9B62CB6}"
EndProject
Project("{8BC9CEB8-8B4A-11D0-8D11-00A0C91BC942}") = "02packbitsExtension", "exercises\02packbits\02packbitsExtension\02packbitsExtension.vcxproj", "{2834F3F2-BA66-4509-8D05-1A7E9036B550}"
EndProject
Project("{2150E333-8FDC-42A3-9474-1A3956D46DE8}") = "01huffman", "01huffman", "{78D852F7-0FDD-4B2F-BE53-905CCC441561}"
EndProject
Project("{8BC9CEB8-8B4A-11D0-8D11-00A0C91BC942}") = "huffman1", "exercises\01huffman\huffman1\huffman1.vcxproj", "{D8F0D284-3C59-4BE1-9BAE-D2554637886E}"
EndProject
Project("{2150E333-8FDC-42A3-9474-1A3956D46DE8}") = "Solution Items", "Solution Items", "{8EC462FD-D22E-90A8-E5CE-7E832BA40C5D}"
	ProjectSection(SolutionItems) = preProject
		README.md = README.md
		TROUBLESHOOTING.md = TROUBLESHOOTING.md
	EndProjectSection
EndProject
Project("{8BC9CEB8-8B4A-11D0-8D11-00A0C91BC942}") = "huffman2", "exercises\01huffman\huffman2\huffman2.vcxproj", "{D19384E7-15A1-41BE-B856-32E8649E2EC7}"
EndProject
Project("{2150E333-8FDC-42A3-9474-1A3956D46DE8}") = "04huffmanSolution", "04huffmanSolution", "{15F49A9C-0682-4753-9FFA-A71FB48C2FD5}"
EndProject
Project("{8BC9CEB8-8B4A-11D0-8D11-00A0C91BC942}") = "huffman1Prof", "lectures\04huffmanSolution\huffman1Prof\huffman1Prof.vcxproj", "{BE8BEF5F-FF6C-4002-8660-A37BD21E3E48}"
EndProject
Project("{8BC9CEB8-8B4A-11D0-8D11-00A0C91BC942}") = "06", "exams\06\06.vcxproj", "{FF281920-7A79-4162-B76C-709BD1147894}"
EndProject
Project("{8BC9CEB8-8B4A-11D0-8D11-00A0C91BC942}") = "09", "exams\09\09.vcxproj", "{BE2775B3-7F31-4FB7-A887-3779EEDB8D1E}"
EndProject
Project("{2150E333-8FDC-42A3-9474-1A3956D46DE8}") = "10", "10", "{C04FEDCA-B331-4BC6-B6CF-BFA848FCB430}"
EndProject
Project("{8BC9CEB8-8B4A-11D0-8D11-00A0C91BC942}") = "01", "exams\10\01\01.vcxproj", "{1D1763FB-86C8-4B73-B243-C76A808FA20C}"
EndProject
Project("{8BC9CEB8-8B4A-11D0-8D11-00A0C91BC942}") = "02", "exams\10\02\02.vcxproj", "{73716054-8A46-4077-8B05-6A72A8303421}"
EndProject
Project("{8BC9CEB8-8B4A-11D0-8D11-00A0C91BC942}") = "16", "exams\16\16.vcxproj", "{D28CB7C5-1D44-4B15-A39B-2BE9D35D5041}"
EndProject
Project("{8BC9CEB8-8B4A-11D0-8D11-00A0C91BC942}") = "20", "exams\20\20.vcxproj", "{E8DB0438-79C1-4FEA-B9AA-AC24E9A63D3D}"
EndProject
Project("{8BC9CEB8-8B4A-11D0-8D11-00A0C91BC942}") = "02base64", "exams\02base64\02base64.vcxproj", "{20D40724-E6BE-4932-B36A-55066084B9EA}"
EndProject
Project("{8BC9CEB8-8B4A-11D0-8D11-00A0C91BC942}") = "01pgm", "exams\01pgm\01pgm.vcxproj", "{60EE6A88-405A-4A29-9C43-00366C2758B2}"
EndProject
Project("{2150E333-8FDC-42A3-9474-1A3956D46DE8}") = "04", "04", "{E8EEDE18-F027-4D31-AA54-BDDCA25E6186}"
EndProject
Project("{8BC9CEB8-8B4A-11D0-8D11-00A0C91BC942}") = "03lzs", "exams\03lzs\03lzs.vcxproj", "{739A17C8-7138-4B7D-9F77-6897A68943BB}"
EndProject
Project("{8BC9CEB8-8B4A-11D0-8D11-00A0C91BC942}") = "01readpbm", "exams\04\01readpbm\01readpgm.vcxproj", "{E43A9071-4586-40EE-B3AC-5ECF98AF850F}"
EndProject
Project("{8BC9CEB8-8B4A-11D0-8D11-00A0C91BC942}") = "02convertpbm", "exams\04\02convertpbm\02convertpbm.vcxproj", "{240729AF-84A1-4987-96D3-0863568A993F}"
EndProject
Project("{8BC9CEB8-8B4A-11D0-8D11-00A0C91BC942}") = "15", "exams\15\15.vcxproj", "{D35A3479-5E7F-41DB-93C2-80C9F6379BC9}"
EndProject
Project("{2150E333-8FDC-42A3-9474-1A3956D46DE8}") = "03pamImages", "03pamImages", "{51127A0E-165E-4F09-94F7-652A2E001EAB}"
EndProject
Project("{8BC9CEB8-8B4A-11D0-8D11-00A0C91BC942}") = "01graylevelGradient", "exercises\01graylevelGradient\01graylevelGradient.vcxproj", "{660FF653-3779-41DB-918B-BB5E41DA7DCE}"
EndProject
Project("{8BC9CEB8-8B4A-11D0-8D11-00A0C91BC942}") = "02flipGraylevelImage", "exercises\03pamImages\02flipGraylevelImage\02flipGraylevelImage.vcxproj", "{E5E9FD98-FA55-4B03-93D1-813A70AF2E03}"
EndProject
Project("{8BC9CEB8-8B4A-11D0-8D11-00A0C91BC942}") = "03mirrorRgbImage", "exercises\03pamImages\03mirrorRgbImage\03mirrorRgbImage.vcxproj", "{AC99DBB1-B18D-46FC-AD45-B0D65948BEC1}"
EndProject
Project("{2150E333-8FDC-42A3-9474-1A3956D46DE8}") = "05pamImagesSolutions", "05pamImagesSolutions", "{3B898DFF-95B2-493C-ADD1-CD6AA1A32008}"
EndProject
Project("{8BC9CEB8-8B4A-11D0-8D11-00A0C91BC942}") = "images", "lectures\05pamImagesSolutions\images\images.vcxproj", "{BB36AD94-1798-41A2-8D87-EAD2BE677642}"
EndProject
Project("{2150E333-8FDC-42A3-9474-1A3956D46DE8}") = "04pam", "04pam", "{FD833FBD-456F-4FA7-8ABA-EAAA3EEF19A5}"
EndProject
Project("{8BC9CEB8-8B4A-11D0-8D11-00A0C91BC942}") = "01split", "exercises\04pam\01split\01split.vcxproj", "{402DCBEE-C15C-44F1-A1ED-8CAE5082D6FA}"
EndProject
Project("{8BC9CEB8-8B4A-11D0-8D11-00A0C91BC942}") = "02combine", "exercises\04pam\02combine\02combine.vcxproj", "{D02A137A-68AA-448A-9450-53AAC41DE668}"
EndProject
Project("{2150E333-8FDC-42A3-9474-1A3956D46DE8}") = "08", "08", "{1E3E0B3E-B856-4B69-A958-72AFCB87DFDB}"
EndProject
Project("{8BC9CEB8-8B4A-11D0-8D11-00A0C91BC942}") = "011bppPcxImages", "exams\08\011bppPcxImages\011bppPcxImages.vcxproj", "{78AB44E0-34C9-41D5-951A-9804C303A9B0}"
EndProject
Project("{8BC9CEB8-8B4A-11D0-8D11-00A0C91BC942}") = "02truecolorPcxImages", "exams\08\02truecolorPcxImages\02truecolorPcxImages.vcxproj", "{D10F8D08-CD41-45B7-9ED7-2C554D5A1015}"
EndProject
Project("{8BC9CEB8-8B4A-11D0-8D11-00A0C91BC942}") = "03256colorsPcxImages", "exams\08\03256colorsPcxImages\03256colorsPcxImages.vcxproj", "{D0780F82-47D3-4FF9-BE73-3535D12EA7F7}"
EndProject
Project("{8BC9CEB8-8B4A-11D0-8D11-00A0C91BC942}") = "11", "exams\11\11.vcxproj", "{7D9E7363-0B48-4B7F-A637-468296DDA11C}"
EndProject
Project("{2150E333-8FDC-42A3-9474-1A3956D46DE8}") = "06drawings", "06drawings", "{72B69492-4C37-447A-AA4F-1BCA89D15E26}"
EndProject
Project("{8BC9CEB8-8B4A-11D0-8D11-00A0C91BC942}") = "cpp", "lectures\06drawings\cpp\cpp.vcxproj", "{000DE7C9-B6F1-4C71-8F86-77C5DE0008A1}"
EndProject
Project("{8BC9CEB8-8B4A-11D0-8D11-00A0C91BC942}") = "cpp2", "lectures\06drawings\cpp2\cpp2.vcxproj", "{DBBC7765-AA96-4F90-AC62-A2870F325D2A}"
EndProject
Project("{8BC9CEB8-8B4A-11D0-8D11-00A0C91BC942}") = "05bitTorrent", "exercises\05bitTorrent\05bitTorrent.vcxproj", "{0BB20E48-B054-40AE-A37D-DC3E90AC8FF6}"
EndProject
Project("{8BC9CEB8-8B4A-11D0-8D11-00A0C91BC942}") = "12", "exams\12\12.vcxproj", "{23F49691-3234-4EB5-8C61-0C787B5E065B}"
EndProject
Project("{8BC9CEB8-8B4A-11D0-8D11-00A0C91BC942}") = "c", "lectures\06drawings\c\c.vcxproj", "{4AA5F093-74E2-4FA0-A32B-8F03000BA634}"
EndProject
Project("{8BC9CEB8-8B4A-11D0-8D11-00A0C91BC942}") = "13", "exams\13\13.vcxproj", "{C7BE9AB8-0567-4F08-9B29-25F7665C2131}"
EndProject
Project("{8BC9CEB8-8B4A-11D0-8D11-00A0C91BC942}") = "07bitTorrentSolution", "lectures\07bitTorrentSolution\07bitTorrentSolution.vcxproj", "{7E1EB719-C6C8-4506-9BDD-0170565F377E}"
EndProject
Project("{2150E333-8FDC-42A3-9474-1A3956D46DE8}") = "19", "19", "{FE41BC23-73F9-4D6E-A8E3-CDB84BD1207E}"
EndProject
Project("{8BC9CEB8-8B4A-11D0-8D11-00A0C91BC942}") = "01bmp24bit", "exams\19\01bmp24bit\01bmp24bit.vcxproj", "{8832503F-F55F-489A-8459-76157AEFBD41}"
EndProject
Project("{8BC9CEB8-8B4A-11D0-8D11-00A0C91BC942}") = "02bmp8bit", "exams\19\02bpm8bit\02bpm8bit.vcxproj", "{AB521A88-C9D8-4AD6-BC6B-97E2B8DC3B0C}"
EndProject
Project("{8BC9CEB8-8B4A-11D0-8D11-00A0C91BC942}") = "03bmp4bit", "exams\19\03bmp4bit\03bmp4bit.vcxproj", "{F37C33DE-871A-4580-A30E-D9C91161ED9E}"
EndProject
Project("{8BC9CEB8-8B4A-11D0-8D11-00A0C91BC942}") = "04bmp1bit", "exams\19\04bmp1bit\04bmp1bit.vcxproj", "{2ABEF588-6AED-4ED4-9D52-CCD8399CABBA}"
EndProject
Project("{8BC9CEB8-8B4A-11D0-8D11-00A0C91BC942}") = "14", "exams\14\14.vcxproj", "{C2B0C7B4-CEBE-433E-83E7-D40D7B93F528}"
EndProject
Project("{8BC9CEB8-8B4A-11D0-8D11-00A0C91BC942}") = "18", "exams\18\18.vcxproj", "{260C17FC-F5B6-4F16-AD8D-F4CB63989A59}"
EndProject
Project("{8BC9CEB8-8B4A-11D0-8D11-00A0C91BC942}") = "17", "exams\17\17.vcxproj", "{B5900D8D-C84C-484B-8EC5-DFB7710253DD}"
EndProject
Project("{2150E333-8FDC-42A3-9474-1A3956D46DE8}") = "05", "05", "{B43AE43A-DB29-4564-9DE9-CFF19C73ACC8}"
EndProject
Project("{8BC9CEB8-8B4A-11D0-8D11-00A0C91BC942}") = "01y4mGray", "exams\05\01y4mGray\01y4mGray.vcxproj", "{03C860D5-FE5F-4F7E-AE8D-0D08910A9740}"
EndProject
Project("{8BC9CEB8-8B4A-11D0-8D11-00A0C91BC942}") = "08audioExample", "lectures\08audioExample\08audioExample.vcxproj", "{4C10A402-656A-4329-B19D-E261956EF0CA}"
EndProject
Project("{8BC9CEB8-8B4A-11D0-8D11-00A0C91BC942}") = "02y4mColor", "exams\05\02y4mColor\02y4mColor.vcxproj", "{DF4761E3-C7F2-4783-804D-70FCD7B68000}"
EndProject
Project("{2150E333-8FDC-42A3-9474-1A3956D46DE8}") = "06yuv4mpeg2", "06yuv4mpeg2", "{8E7A84EB-4D48-4944-B4D6-490959CFF680}"
EndProject
Project("{8BC9CEB8-8B4A-11D0-8D11-00A0C91BC942}") = "01yuv4mpeg2Gray", "exercises\06yuv4mpeg2\01yuv4mpeg2Gray\01yuv4mpeg2Gray.vcxproj", "{7AD00856-FD92-460E-B458-C2BCF8D34355}"
EndProject
Project("{8BC9CEB8-8B4A-11D0-8D11-00A0C91BC942}") = "02yuv4mpeg2Color", "exercises\06yuv4mpeg2\02yuv4mpeg2Color\02yuv4mpeg2Color.vcxproj", "{639EB0DD-AC01-4DE8-BC7F-E8F86357940A}"
EndProject
Project("{8BC9CEB8-8B4A-11D0-8D11-00A0C91BC942}") = "07tiff", "exercises\07tiff\07tiff.vcxproj", "{16FDF210-43DD-4107-819D-100FC48E776E}"
EndProject
Project("{8BC9CEB8-8B4A-11D0-8D11-00A0C91BC942}") = "21", "exams\21\21.vcxproj", "{1CB2458F-1197-4B4C-B75F-77F3101E215B}"
EndProject
Project("{8BC9CEB8-8B4A-11D0-8D11-00A0C91BC942}") = "08mdct", "exercises\08mdct\08mdct.vcxproj", "{86D0FA75-C96B-4E81-BE89-0FBC64CA5EDC}"
EndProject
Project("{2150E333-8FDC-42A3-9474-1A3956D46DE8}") = "07", "07", "{358A3A78-5B4A-4017-9D72-4994CE31B449}"
EndProject
Project("{8BC9CEB8-8B4A-11D0-8D11-00A0C91BC942}") = "01ppmLoad", "exams\07\01ppmLoad\01ppmLoad.vcxproj", "{0518641E-14C7-48B8-A437-5AAB6892D8E2}"
EndProject
Project("{8BC9CEB8-8B4A-11D0-8D11-00A0C91BC942}") = "02ppmSplit", "exams\07\02ppmSplit\02ppmSplit.vcxproj", "{1922550C-ACD7-4401-BF5D-4140C4D41B09}"
EndProject
Project("{8BC9CEB8-8B4A-11D0-8D11-00A0C91BC942}") = "03packbits", "exams\07\03packbits\03packbits.vcxproj", "{2921CBF9-D9AA-4A34-9A6E-0ED75A75D294}"
EndProject
Project("{8BC9CEB8-8B4A-11D0-8D11-00A0C91BC942}") = "04base64", "exams\07\04base64\04base64.vcxproj", "{63451C1B-6529-4591-9C68-7CB6410CFF7A}"
EndProject
Project("{8BC9CEB8-8B4A-11D0-8D11-00A0C91BC942}") = "05json", "exams\07\05json\05json.vcxproj", "{E51B3424-039E-4EF3-BF90-9ABE560D9F5B}"
EndProject
Project("{8BC9CEB8-8B4A-11D0-8D11-00A0C91BC942}") = "09mdctSolution", "lectures\09mdctSolution\09mdctSolution.vcxproj", "{15B488CD-68F6-4384-949A-0EF6B3D5A9DF}"
EndProject
Global
	GlobalSection(SolutionConfigurationPlatforms) = preSolution
		Debug|ARM64 = Debug|ARM64
		Debug|x64 = Debug|x64
		Debug|x86 = Debug|x86
		Release|ARM64 = Release|ARM64
		Release|x64 = Release|x64
		Release|x86 = Release|x86
	EndGlobalSection
	GlobalSection(ProjectConfigurationPlatforms) = postSolution
		{FB9310D6-3601-4727-A916-ED8EC518F8A2}.Debug|ARM64.ActiveCfg = Debug|ARM64
		{FB9310D6-3601-4727-A916-ED8EC518F8A2}.Debug|ARM64.Build.0 = Debug|ARM64
		{FB9310D6-3601-4727-A916-ED8EC518F8A2}.Debug|x64.ActiveCfg = Debug|x64
		{FB9310D6-3601-4727-A916-ED8EC518F8A2}.Debug|x64.Build.0 = Debug|x64
		{FB9310D6-3601-4727-A916-ED8EC518F8A2}.Debug|x86.ActiveCfg = Debug|Win32
		{FB9310D6-3601-4727-A916-ED8EC518F8A2}.Debug|x86.Build.0 = Debug|Win32
		{FB9310D6-3601-4727-A916-ED8EC518F8A2}.Release|ARM64.ActiveCfg = Release|ARM64
		{FB9310D6-3601-4727-A916-ED8EC518F8A2}.Release|ARM64.Build.0 = Release|ARM64
		{FB9310D6-3601-4727-A916-ED8EC518F8A2}.Release|x64.ActiveCfg = Release|x64
		{FB9310D6-3601-4727-A916-ED8EC518F8A2}.Release|x64.Build.0 = Release|x64
		{FB9310D6-3601-4727-A916-ED8EC518F8A2}.Release|x86.ActiveCfg = Release|Win32
		{FB9310D6-3601-4727-A916-ED8EC518F8A2}.Release|x86.Build.0 = Release|Win32
		{101EBD7F-E7A8-4D1B-9AA7-E2F803125509}.Debug|ARM64.ActiveCfg = Debug|ARM64
		{101EBD7F-E7A8-4D1B-9AA7-E2F803125509}.Debug|ARM64.Build.0 = Debug|ARM64
		{101EBD7F-E7A8-4D1B-9AA7-E2F803125509}.Debug|x64.ActiveCfg = Debug|x64
		{101EBD7F-E7A8-4D1B-9AA7-E2F803125509}.Debug|x64.Build.0 = Debug|x64
		{101EBD7F-E7A8-4D1B-9AA7-E2F803125509}.Debug|x86.ActiveCfg = Debug|Win32
		{101EBD7F-E7A8-4D1B-9AA7-E2F803125509}.Debug|x86.Build.0 = Debug|Win32
		{101EBD7F-E7A8-4D1B-9AA7-E2F803125509}.Release|ARM64.ActiveCfg = Release|ARM64
		{101EBD7F-E7A8-4D1B-9AA7-E2F803125509}.Release|ARM64.Build.0 = Release|ARM64
		{101EBD7F-E7A8-4D1B-9AA7-E2F803125509}.Release|x64.ActiveCfg = Release|x64
		{101EBD7F-E7A8-4D1B-9AA7-E2F803125509}.Release|x64.Build.0 = Release|x64
		{101EBD7F-E7A8-4D1B-9AA7-E2F803125509}.Release|x86.ActiveCfg = Release|Win32
		{101EBD7F-E7A8-4D1B-9AA7-E2F803125509}.Release|x86.Build.0 = Release|Win32
		{15DF6E35-01E9-4F89-8D05-3A779F1F7465}.Debug|ARM64.ActiveCfg = Debug|ARM64
		{15DF6E35-01E9-4F89-8D05-3A779F1F7465}.Debug|ARM64.Build.0 = Debug|ARM64
		{15DF6E35-01E9-4F89-8D05-3A779F1F7465}.Debug|x64.ActiveCfg = Debug|x64
		{15DF6E35-01E9-4F89-8D05-3A779F1F7465}.Debug|x64.Build.0 = Debug|x64
		{15DF6E35-01E9-4F89-8D05-3A779F1F7465}.Debug|x86.ActiveCfg = Debug|Win32
		{15DF6E35-01E9-4F89-8D05-3A779F1F7465}.Debug|x86.Build.0 = Debug|Win32
		{15DF6E35-01E9-4F89-8D05-3A779F1F7465}.Release|ARM64.ActiveCfg = Release|ARM64
		{15DF6E35-01E9-4F89-8D05-3A779F1F7465}.Release|ARM64.Build.0 = Release|ARM64
		{15DF6E35-01E9-4F89-8D05-3A779F1F7465}.Release|x64.ActiveCfg = Release|x64
		{15DF6E35-01E9-4F89-8D05-3A779F1F7465}.Release|x64.Build.0 = Release|x64
		{15DF6E35-01E9-4F89-8D05-3A779F1F7465}.Release|x86.ActiveCfg = Release|Win32
		{15DF6E35-01E9-4F89-8D05-3A779F1F7465}.Release|x86.Build.0 = Release|Win32
		{5C47EBC8-F62D-4F34-AFE4-1627252394FA}.Debug|ARM64.ActiveCfg = Debug|ARM64
		{5C47EBC8-F62D-4F34-AFE4-1627252394FA}.Debug|ARM64.Build.0 = Debug|ARM64
		{5C47EBC8-F62D-4F34-AFE4-1627252394FA}.Debug|x64.ActiveCfg = Debug|x64
		{5C47EBC8-F62D-4F34-AFE4-1627252394FA}.Debug|x64.Build.0 = Debug|x64
		{5C47EBC8-F62D-4F34-AFE4-1627252394FA}.Debug|x86.ActiveCfg = Debug|Win32
		{5C47EBC8-F62D-4F34-AFE4-1627252394FA}.Debug|x86.Build.0 = Debug|Win32
		{5C47EBC8-F62D-4F34-AFE4-1627252394FA}.Release|ARM64.ActiveCfg = Release|ARM64
		{5C47EBC8-F62D-4F34-AFE4-1627252394FA}.Release|ARM64.Build.0 = Release|ARM64
		{5C47EBC8-F62D-4F34-AFE4-1627252394FA}.Release|x64.ActiveCfg = Release|x64
		{5C47EBC8-F62D-4F34-AFE4-1627252394FA}.Release|x64.Build.0 = Release|x64
		{5C47EBC8-F62D-4F34-AFE4-1627252394FA}.Release|x86.ActiveCfg = Release|Win32
		{5C47EBC8-F62D-4F34-AFE4-1627252394FA}.Release|x86.Build.0 = Release|Win32
		{A928BCC5-F5B7-4016-A6D0-895534844FAF}.Debug|ARM64.ActiveCfg = Debug|ARM64
		{A928BCC5-F5B7-4016-A6D0-895534844FAF}.Debug|ARM64.Build.0 = Debug|ARM64
		{A928BCC5-F5B7-4016-A6D0-895534844FAF}.Debug|x64.ActiveCfg = Debug|x64
		{A928BCC5-F5B7-4016-A6D0-895534844FAF}.Debug|x64.Build.0 = Debug|x64
		{A928BCC5-F5B7-4016-A6D0-895534844FAF}.Debug|x86.ActiveCfg = Debug|Win32
		{A928BCC5-F5B7-4016-A6D0-895534844FAF}.Debug|x86.Build.0 = Debug|Win32
		{A928BCC5-F5B7-4016-A6D0-895534844FAF}.Release|ARM64.ActiveCfg = Release|ARM64
		{A928BCC5-F5B7-4016-A6D0-895534844FAF}.Release|ARM64.Build.0 = Release|ARM64
		{A928BCC5-F5B7-4016-A6D0-895534844FAF}.Release|x64.ActiveCfg = Release|x64
		{A928BCC5-F5B7-4016-A6D0-895534844FAF}.Release|x64.Build.0 = Release|x64
		{A928BCC5-F5B7-4016-A6D0-895534844FAF}.Release|x86.ActiveCfg = Release|Win32
		{A928BCC5-F5B7-4016-A6D0-895534844FAF}.Release|x86.Build.0 = Release|Win32
		{F7B536E1-8837-4CBC-96D7-B0B743AED37D}.Debug|ARM64.ActiveCfg = Debug|ARM64
		{F7B536E1-8837-4CBC-96D7-B0B743AED37D}.Debug|ARM64.Build.0 = Debug|ARM64
		{F7B536E1-8837-4CBC-96D7-B0B743AED37D}.Debug|x64.ActiveCfg = Debug|x64
		{F7B536E1-8837-4CBC-96D7-B0B743AED37D}.Debug|x64.Build.0 = Debug|x64
		{F7B536E1-8837-4CBC-96D7-B0B743AED37D}.Debug|x86.ActiveCfg = Debug|Win32
		{F7B536E1-8837-4CBC-96D7-B0B743AED37D}.Debug|x86.Build.0 = Debug|Win32
		{F7B536E1-8837-4CBC-96D7-B0B743AED37D}.Release|ARM64.ActiveCfg = Release|ARM64
		{F7B536E1-8837-4CBC-96D7-B0B743AED37D}.Release|ARM64.Build.0 = Release|ARM64
		{F7B536E1-8837-4CBC-96D7-B0B743AED37D}.Release|x64.ActiveCfg = Release|x64
		{F7B536E1-8837-4CBC-96D7-B0B743AED37D}.Release|x64.Build.0 = Release|x64
		{F7B536E1-8837-4CBC-96D7-B0B743AED37D}.Release|x86.ActiveCfg = Release|Win32
		{F7B536E1-8837-4CBC-96D7-B0B743AED37D}.Release|x86.Build.0 = Release|Win32
		{2F8BED95-0208-45F5-9EE5-8D88E7FDB017}.Debug|ARM64.ActiveCfg = Debug|ARM64
		{2F8BED95-0208-45F5-9EE5-8D88E7FDB017}.Debug|ARM64.Build.0 = Debug|ARM64
		{2F8BED95-0208-45F5-9EE5-8D88E7FDB017}.Debug|x64.ActiveCfg = Debug|x64
		{2F8BED95-0208-45F5-9EE5-8D88E7FDB017}.Debug|x64.Build.0 = Debug|x64
		{2F8BED95-0208-45F5-9EE5-8D88E7FDB017}.Debug|x86.ActiveCfg = Debug|Win32
		{2F8BED95-0208-45F5-9EE5-8D88E7FDB017}.Debug|x86.Build.0 = Debug|Win32
		{2F8BED95-0208-45F5-9EE5-8D88E7FDB017}.Release|ARM64.ActiveCfg = Release|ARM64
		{2F8BED95-0208-45F5-9EE5-8D88E7FDB017}.Release|ARM64.Build.0 = Release|ARM64
		{2F8BED95-0208-45F5-9EE5-8D88E7FDB017}.Release|x64.ActiveCfg = Release|x64
		{2F8BED95-0208-45F5-9EE5-8D88E7FDB017}.Release|x64.Build.0 = Release|x64
		{2F8BED95-0208-45F5-9EE5-8D88E7FDB017}.Release|x86.ActiveCfg = Release|Win32
		{2F8BED95-0208-45F5-9EE5-8D88E7FDB017}.Release|x86.Build.0 = Release|Win32
		{ED02D93F-4CD1-4949-9710-24AA211650D1}.Debug|ARM64.ActiveCfg = Debug|ARM64
		{ED02D93F-4CD1-4949-9710-24AA211650D1}.Debug|ARM64.Build.0 = Debug|ARM64
		{ED02D93F-4CD1-4949-9710-24AA211650D1}.Debug|x64.ActiveCfg = Debug|x64
		{ED02D93F-4CD1-4949-9710-24AA211650D1}.Debug|x64.Build.0 = Debug|x64
		{ED02D93F-4CD1-4949-9710-24AA211650D1}.Debug|x86.ActiveCfg = Debug|Win32
		{ED02D93F-4CD1-4949-9710-24AA211650D1}.Debug|x86.Build.0 = Debug|Win32
		{ED02D93F-4CD1-4949-9710-24AA211650D1}.Release|ARM64.ActiveCfg = Release|ARM64
		{ED02D93F-4CD1-4949-9710-24AA211650D1}.Release|ARM64.Build.0 = Release|ARM64
		{ED02D93F-4CD1-4949-9710-24AA211650D1}.Release|x64.ActiveCfg = Release|x64
		{ED02D93F-4CD1-4949-9710-24AA211650D1}.Release|x64.Build.0 = Release|x64
		{ED02D93F-4CD1-4949-9710-24AA211650D1}.Release|x86.ActiveCfg = Release|Win32
		{ED02D93F-4CD1-4949-9710-24AA211650D1}.Release|x86.Build.0 = Release|Win32
		{BAEF978B-1DF1-450E-8CDF-52628D934692}.Debug|ARM64.ActiveCfg = Debug|ARM64
		{BAEF978B-1DF1-450E-8CDF-52628D934692}.Debug|ARM64.Build.0 = Debug|ARM64
		{BAEF978B-1DF1-450E-8CDF-52628D934692}.Debug|x64.ActiveCfg = Debug|x64
		{BAEF978B-1DF1-450E-8CDF-52628D934692}.Debug|x64.Build.0 = Debug|x64
		{BAEF978B-1DF1-450E-8CDF-52628D934692}.Debug|x86.ActiveCfg = Debug|Win32
		{BAEF978B-1DF1-450E-8CDF-52628D934692}.Debug|x86.Build.0 = Debug|Win32
		{BAEF978B-1DF1-450E-8CDF-52628D934692}.Release|ARM64.ActiveCfg = Release|ARM64
		{BAEF978B-1DF1-450E-8CDF-52628D934692}.Release|ARM64.Build.0 = Release|ARM64
		{BAEF978B-1DF1-450E-8CDF-52628D934692}.Release|x64.ActiveCfg = Release|x64
		{BAEF978B-1DF1-450E-8CDF-52628D934692}.Release|x64.Build.0 = Release|x64
		{BAEF978B-1DF1-450E-8CDF-52628D934692}.Release|x86.ActiveCfg = Release|Win32
		{BAEF978B-1DF1-450E-8CDF-52628D934692}.Release|x86.Build.0 = Release|Win32
		{3DE22244-FD65-48A0-99EA-FC70F08245F5}.Debug|ARM64.ActiveCfg = Debug|ARM64
		{3DE22244-FD65-48A0-99EA-FC70F08245F5}.Debug|ARM64.Build.0 = Debug|ARM64
		{3DE22244-FD65-48A0-99EA-FC70F08245F5}.Debug|x64.ActiveCfg = Debug|x64
		{3DE22244-FD65-48A0-99EA-FC70F08245F5}.Debug|x64.Build.0 = Debug|x64
		{3DE22244-FD65-48A0-99EA-FC70F08245F5}.Debug|x86.ActiveCfg = Debug|Win32
		{3DE22244-FD65-48A0-99EA-FC70F08245F5}.Debug|x86.Build.0 = Debug|Win32
		{3DE22244-FD65-48A0-99EA-FC70F08245F5}.Release|ARM64.ActiveCfg = Release|ARM64
		{3DE22244-FD65-48A0-99EA-FC70F08245F5}.Release|ARM64.Build.0 = Release|ARM64
		{3DE22244-FD65-48A0-99EA-FC70F08245F5}.Release|x64.ActiveCfg = Release|x64
		{3DE22244-FD65-48A0-99EA-FC70F08245F5}.Release|x64.Build.0 = Release|x64
		{3DE22244-FD65-48A0-99EA-FC70F08245F5}.Release|x86.ActiveCfg = Release|Win32
		{3DE22244-FD65-48A0-99EA-FC70F08245F5}.Release|x86.Build.0 = Release|Win32
		{7E5363E4-AC40-4922-81AA-36C7D2469E1A}.Debug|ARM64.ActiveCfg = Debug|ARM64
		{7E5363E4-AC40-4922-81AA-36C7D2469E1A}.Debug|ARM64.Build.0 = Debug|ARM64
		{7E5363E4-AC40-4922-81AA-36C7D2469E1A}.Debug|x64.ActiveCfg = Debug|x64
		{7E5363E4-AC40-4922-81AA-36C7D2469E1A}.Debug|x64.Build.0 = Debug|x64
		{7E5363E4-AC40-4922-81AA-36C7D2469E1A}.Debug|x86.ActiveCfg = Debug|Win32
		{7E5363E4-AC40-4922-81AA-36C7D2469E1A}.Debug|x86.Build.0 = Debug|Win32
		{7E5363E4-AC40-4922-81AA-36C7D2469E1A}.Release|ARM64.ActiveCfg = Release|ARM64
		{7E5363E4-AC40-4922-81AA-36C7D2469E1A}.Release|ARM64.Build.0 = Release|ARM64
		{7E5363E4-AC40-4922-81AA-36C7D2469E1A}.Release|x64.ActiveCfg = Release|x64
		{7E5363E4-AC40-4922-81AA-36C7D2469E1A}.Release|x64.Build.0 = Release|x64
		{7E5363E4-AC40-4922-81AA-36C7D2469E1A}.Release|x86.ActiveCfg = Release|Win32
		{7E5363E4-AC40-4922-81AA-36C7D2469E1A}.Release|x86.Build.0 = Release|Win32
		{1095D330-2097-485C-996E-066FA10ADD18}.Debug|ARM64.ActiveCfg = Debug|ARM64
		{1095D330-2097-485C-996E-066FA10ADD18}.Debug|ARM64.Build.0 = Debug|ARM64
		{1095D330-2097-485C-996E-066FA10ADD18}.Debug|x64.ActiveCfg = Debug|x64
		{1095D330-2097-485C-996E-066FA10ADD18}.Debug|x64.Build.0 = Debug|x64
		{1095D330-2097-485C-996E-066FA10ADD18}.Debug|x86.ActiveCfg = Debug|Win32
		{1095D330-2097-485C-996E-066FA10ADD18}.Debug|x86.Build.0 = Debug|Win32
		{1095D330-2097-485C-996E-066FA10ADD18}.Release|ARM64.ActiveCfg = Release|ARM64
		{1095D330-2097-485C-996E-066FA10ADD18}.Release|ARM64.Build.0 = Release|ARM64
		{1095D330-2097-485C-996E-066FA10ADD18}.Release|x64.ActiveCfg = Release|x64
		{1095D330-2097-485C-996E-066FA10ADD18}.Release|x64.Build.0 = Release|x64
		{1095D330-2097-485C-996E-066FA10ADD18}.Release|x86.ActiveCfg = Release|Win32
		{1095D330-2097-485C-996E-066FA10ADD18}.Release|x86.Build.0 = Release|Win32
		{30F49C73-741A-460D-8595-6126FF39A3B1}.Debug|ARM64.ActiveCfg = Debug|ARM64
		{30F49C73-741A-460D-8595-6126FF39A3B1}.Debug|ARM64.Build.0 = Debug|ARM64
		{30F49C73-741A-460D-8595-6126FF39A3B1}.Debug|x64.ActiveCfg = Debug|x64
		{30F49C73-741A-460D-8595-6126FF39A3B1}.Debug|x64.Build.0 = Debug|x64
		{30F49C73-741A-460D-8595-6126FF39A3B1}.Debug|x86.ActiveCfg = Debug|Win32
		{30F49C73-741A-460D-8595-6126FF39A3B1}.Debug|x86.Build.0 = Debug|Win32
		{30F49C73-741A-460D-8595-6126FF39A3B1}.Release|ARM64.ActiveCfg = Release|ARM64
		{30F49C73-741A-460D-8595-6126FF39A3B1}.Release|ARM64.Build.0 = Release|ARM64
		{30F49C73-741A-460D-8595-6126FF39A3B1}.Release|x64.ActiveCfg = Release|x64
		{30F49C73-741A-460D-8595-6126FF39A3B1}.Release|x64.Build.0 = Release|x64
		{30F49C73-741A-460D-8595-6126FF39A3B1}.Release|x86.ActiveCfg = Release|Win32
		{30F49C73-741A-460D-8595-6126FF39A3B1}.Release|x86.Build.0 = Release|Win32
		{9D4DF832-5177-4AAE-8CF8-4E1F907BF6E8}.Debug|ARM64.ActiveCfg = Debug|ARM64
		{9D4DF832-5177-4AAE-8CF8-4E1F907BF6E8}.Debug|ARM64.Build.0 = Debug|ARM64
		{9D4DF832-5177-4AAE-8CF8-4E1F907BF6E8}.Debug|x64.ActiveCfg = Debug|x64
		{9D4DF832-5177-4AAE-8CF8-4E1F907BF6E8}.Debug|x64.Build.0 = Debug|x64
		{9D4DF832-5177-4AAE-8CF8-4E1F907BF6E8}.Debug|x86.ActiveCfg = Debug|Win32
		{9D4DF832-5177-4AAE-8CF8-4E1F907BF6E8}.Debug|x86.Build.0 = Debug|Win32
		{9D4DF832-5177-4AAE-8CF8-4E1F907BF6E8}.Release|ARM64.ActiveCfg = Release|ARM64
		{9D4DF832-5177-4AAE-8CF8-4E1F907BF6E8}.Release|ARM64.Build.0 = Release|ARM64
		{9D4DF832-5177-4AAE-8CF8-4E1F907BF6E8}.Release|x64.ActiveCfg = Release|x64
		{9D4DF832-5177-4AAE-8CF8-4E1F907BF6E8}.Release|x64.Build.0 = Release|x64
		{9D4DF832-5177-4AAE-8CF8-4E1F907BF6E8}.Release|x86.ActiveCfg = Release|Win32
		{9D4DF832-5177-4AAE-8CF8-4E1F907BF6E8}.Release|x86.Build.0 = Release|Win32
		{D42BBCDD-4CF3-4551-9528-D847F99FAC82}.Debug|ARM64.ActiveCfg = Debug|ARM64
		{D42BBCDD-4CF3-4551-9528-D847F99FAC82}.Debug|ARM64.Build.0 = Debug|ARM64
		{D42BBCDD-4CF3-4551-9528-D847F99FAC82}.Debug|x64.ActiveCfg = Debug|x64
		{D42BBCDD-4CF3-4551-9528-D847F99FAC82}.Debug|x64.Build.0 = Debug|x64
		{D42BBCDD-4CF3-4551-9528-D847F99FAC82}.Debug|x86.ActiveCfg = Debug|Win32
		{D42BBCDD-4CF3-4551-9528-D847F99FAC82}.Debug|x86.Build.0 = Debug|Win32
		{D42BBCDD-4CF3-4551-9528-D847F99FAC82}.Release|ARM64.ActiveCfg = Release|ARM64
		{D42BBCDD-4CF3-4551-9528-D847F99FAC82}.Release|ARM64.Build.0 = Release|ARM64
		{D42BBCDD-4CF3-4551-9528-D847F99FAC82}.Release|x64.ActiveCfg = Release|x64
		{D42BBCDD-4CF3-4551-9528-D847F99FAC82}.Release|x64.Build.0 = Release|x64
		{D42BBCDD-4CF3-4551-9528-D847F99FAC82}.Release|x86.ActiveCfg = Release|Win32
		{D42BBCDD-4CF3-4551-9528-D847F99FAC82}.Release|x86.Build.0 = Release|Win32
		{24000836-7E83-4A87-84C1-195DDF704110}.Debug|ARM64.ActiveCfg = Debug|ARM64
		{24000836-7E83-4A87-84C1-195DDF704110}.Debug|ARM64.Build.0 = Debug|ARM64
		{24000836-7E83-4A87-84C1-195DDF704110}.Debug|x64.ActiveCfg = Debug|x64
		{24000836-7E83-4A87-84C1-195DDF704110}.Debug|x64.Build.0 = Debug|x64
		{24000836-7E83-4A87-84C1-195DDF704110}.Debug|x86.ActiveCfg = Debug|Win32
		{24000836-7E83-4A87-84C1-195DDF704110}.Debug|x86.Build.0 = Debug|Win32
		{24000836-7E83-4A87-84C1-195DDF704110}.Release|ARM64.ActiveCfg = Release|ARM64
		{24000836-7E83-4A87-84C1-195DDF704110}.Release|ARM64.Build.0 = Release|ARM64
		{24000836-7E83-4A87-84C1-195DDF704110}.Release|x64.ActiveCfg = Release|x64
		{24000836-7E83-4A87-84C1-195DDF704110}.Release|x64.Build.0 = Release|x64
		{24000836-7E83-4A87-84C1-195DDF704110}.Release|x86.ActiveCfg = Release|Win32
		{24000836-7E83-4A87-84C1-195DDF704110}.Release|x86.Build.0 = Release|Win32
		{745219FF-DA99-40C5-8BE6-E6974015AC69}.Debug|ARM64.ActiveCfg = Debug|ARM64
		{745219FF-DA99-40C5-8BE6-E6974015AC69}.Debug|ARM64.Build.0 = Debug|ARM64
		{745219FF-DA99-40C5-8BE6-E6974015AC69}.Debug|x64.ActiveCfg = Debug|x64
		{745219FF-DA99-40C5-8BE6-E6974015AC69}.Debug|x64.Build.0 = Debug|x64
		{745219FF-DA99-40C5-8BE6-E6974015AC69}.Debug|x86.ActiveCfg = Debug|Win32
		{745219FF-DA99-40C5-8BE6-E6974015AC69}.Debug|x86.Build.0 = Debug|Win32
		{745219FF-DA99-40C5-8BE6-E6974015AC69}.Release|ARM64.ActiveCfg = Release|ARM64
		{745219FF-DA99-40C5-8BE6-E6974015AC69}.Release|ARM64.Build.0 = Release|ARM64
		{745219FF-DA99-40C5-8BE6-E6974015AC69}.Release|x64.ActiveCfg = Release|x64
		{745219FF-DA99-40C5-8BE6-E6974015AC69}.Release|x64.Build.0 = Release|x64
		{745219FF-DA99-40C5-8BE6-E6974015AC69}.Release|x86.ActiveCfg = Release|Win32
		{745219FF-DA99-40C5-8BE6-E6974015AC69}.Release|x86.Build.0 = Release|Win32
		{6B25749C-0A6E-41E2-BA1E-DA5BA9B62CB6}.Debug|ARM64.ActiveCfg = Debug|ARM64
		{6B25749C-0A6E-41E2-BA1E-DA5BA9B62CB6}.Debug|ARM64.Build.0 = Debug|ARM64
		{6B25749C-0A6E-41E2-BA1E-DA5BA9B62CB6}.Debug|x64.ActiveCfg = Debug|x64
		{6B25749C-0A6E-41E2-BA1E-DA5BA9B62CB6}.Debug|x64.Build.0 = Debug|x64
		{6B25749C-0A6E-41E2-BA1E-DA5BA9B62CB6}.Debug|x86.ActiveCfg = Debug|Win32
		{6B25749C-0A6E-41E2-BA1E-DA5BA9B62CB6}.Debug|x86.Build.0 = Debug|Win32
		{6B25749C-0A6E-41E2-BA1E-DA5BA9B62CB6}.Release|ARM64.ActiveCfg = Release|ARM64
		{6B25749C-0A6E-41E2-BA1E-DA5BA9B62CB6}.Release|ARM64.Build.0 = Release|ARM64
		{6B25749C-0A6E-41E2-BA1E-DA5BA9B62CB6}.Release|x64.ActiveCfg = Release|x64
		{6B25749C-0A6E-41E2-BA1E-DA5BA9B62CB6}.Release|x64.Build.0 = Release|x64
		{6B25749C-0A6E-41E2-BA1E-DA5BA9B62CB6}.Release|x86.ActiveCfg = Release|Win32
		{6B25749C-0A6E-41E2-BA1E-DA5BA9B62CB6}.Release|x86.Build.0 = Release|Win32
		{2834F3F2-BA66-4509-8D05-1A7E9036B550}.Debug|ARM64.ActiveCfg = Debug|ARM64
		{2834F3F2-BA66-4509-8D05-1A7E9036B550}.Debug|ARM64.Build.0 = Debug|ARM64
		{2834F3F2-BA66-4509-8D05-1A7E9036B550}.Debug|x64.ActiveCfg = Debug|x64
		{2834F3F2-BA66-4509-8D05-1A7E9036B550}.Debug|x64.Build.0 = Debug|x64
		{2834F3F2-BA66-4509-8D05-1A7E9036B550}.Debug|x86.ActiveCfg = Debug|Win32
		{2834F3F2-BA66-4509-8D05-1A7E9036B550}.Debug|x86.Build.0 = Debug|Win32
		{2834F3F2-BA66-4509-8D05-1A7E9036B550}.Release|ARM64.ActiveCfg = Release|ARM64
		{2834F3F2-BA66-4509-8D05-1A7E9036B550}.Release|ARM64.Build.0 = Release|ARM64
		{2834F3F2-BA66-4509-8D05-1A7E9036B550}.Release|x64.ActiveCfg = Release|x64
		{2834F3F2-BA66-4509-8D05-1A7E9036B550}.Release|x64.Build.0 = Release|x64
		{2834F3F2-BA66-4509-8D05-1A7E9036B550}.Release|x86.ActiveCfg = Release|Win32
		{2834F3F2-BA66-4509-8D05-1A7E9036B550}.Release|x86.Build.0 = Release|Win32
		{D8F0D284-3C59-4BE1-9BAE-D2554637886E}.Debug|ARM64.ActiveCfg = Debug|ARM64
		{D8F0D284-3C59-4BE1-9BAE-D2554637886E}.Debug|ARM64.Build.0 = Debug|ARM64
		{D8F0D284-3C59-4BE1-9BAE-D2554637886E}.Debug|x64.ActiveCfg = Debug|x64
		{D8F0D284-3C59-4BE1-9BAE-D2554637886E}.Debug|x64.Build.0 = Debug|x64
		{D8F0D284-3C59-4BE1-9BAE-D2554637886E}.Debug|x86.ActiveCfg = Debug|Win32
		{D8F0D284-3C59-4BE1-9BAE-D2554637886E}.Debug|x86.Build.0 = Debug|Win32
		{D8F0D284-3C59-4BE1-9BAE-D2554637886E}.Release|ARM64.ActiveCfg = Release|ARM64
		{D8F0D284-3C59-4BE1-9BAE-D2554637886E}.Release|ARM64.Build.0 = Release|ARM64
		{D8F0D284-3C59-4BE1-9BAE-D2554637886E}.Release|x64.ActiveCfg = Release|x64
		{D8F0D284-3C59-4BE1-9BAE-D2554637886E}.Release|x64.Build.0 = Release|x64
		{D8F0D284-3C59-4BE1-9BAE-D2554637886E}.Release|x86.ActiveCfg = Release|Win32
		{D8F0D284-3C59-4BE1-9BAE-D2554637886E}.Release|x86.Build.0 = Release|Win32
		{D19384E7-15A1-41BE-B856-32E8649E2EC7}.Debug|ARM64.ActiveCfg = Debug|ARM64
		{D19384E7-15A1-41BE-B856-32E8649E2EC7}.Debug|ARM64.Build.0 = Debug|ARM64
		{D19384E7-15A1-41BE-B856-32E8649E2EC7}.Debug|x64.ActiveCfg = Debug|x64
		{D19384E7-15A1-41BE-B856-32E8649E2EC7}.Debug|x64.Build.0 = Debug|x64
		{D19384E7-15A1-41BE-B856-32E8649E2EC7}.Debug|x86.ActiveCfg = Debug|Win32
		{D19384E7-15A1-41BE-B856-32E8649E2EC7}.Debug|x86.Build.0 = Debug|Win32
		{D19384E7-15A1-41BE-B856-32E8649E2EC7}.Release|ARM64.ActiveCfg = Release|ARM64
		{D19384E7-15A1-41BE-B856-32E8649E2EC7}.Release|ARM64.Build.0 = Release|ARM64
		{D19384E7-15A1-41BE-B856-32E8649E2EC7}.Release|x64.ActiveCfg = Release|x64
		{D19384E7-15A1-41BE-B856-32E8649E2EC7}.Release|x64.Build.0 = Release|x64
		{D19384E7-15A1-41BE-B856-32E8649E2EC7}.Release|x86.ActiveCfg = Release|Win32
		{D19384E7-15A1-41BE-B856-32E8649E2EC7}.Release|x86.Build.0 = Release|Win32
		{BE8BEF5F-FF6C-4002-8660-A37BD21E3E48}.Debug|ARM64.ActiveCfg = Debug|ARM64
		{BE8BEF5F-FF6C-4002-8660-A37BD21E3E48}.Debug|ARM64.Build.0 = Debug|ARM64
		{BE8BEF5F-FF6C-4002-8660-A37BD21E3E48}.Debug|x64.ActiveCfg = Debug|x64
		{BE8BEF5F-FF6C-4002-8660-A37BD21E3E48}.Debug|x64.Build.0 = Debug|x64
		{BE8BEF5F-FF6C-4002-8660-A37BD21E3E48}.Debug|x86.ActiveCfg = Debug|Win32
		{BE8BEF5F-FF6C-4002-8660-A37BD21E3E48}.Debug|x86.Build.0 = Debug|Win32
		{BE8BEF5F-FF6C-4002-8660-A37BD21E3E48}.Release|ARM64.ActiveCfg = Release|ARM64
		{BE8BEF5F-FF6C-4002-8660-A37BD21E3E48}.Release|ARM64.Build.0 = Release|ARM64
		{BE8BEF5F-FF6C-4002-8660-A37BD21E3E48}.Release|x64.ActiveCfg = Release|x64
		{BE8BEF5F-FF6C-4002-8660-A37BD21E3E48}.Release|x64.Build.0 = Release|x64
		{BE8BEF5F-FF6C-4002-8660-A37BD21E3E48}.Release|x86.ActiveCfg = Release|Win32
		{BE8BEF5F-FF6C-4002-8660-A37BD21E3E48}.Release|x86.Build.0 = Release|Win32
		{FF281920-7A79-4162-B76C-709BD1147894}.Debug|ARM64.ActiveCfg = Debug|ARM64
		{FF281920-7A79-4162-B76C-709BD1147894}.Debug|ARM64.Build.0 = Debug|ARM64
		{FF281920-7A79-4162-B76C-709BD1147894}.Debug|x64.ActiveCfg = Debug|x64
		{FF281920-7A79-4162-B76C-709BD1147894}.Debug|x64.Build.0 = Debug|x64
		{FF281920-7A79-4162-B76C-709BD1147894}.Debug|x86.ActiveCfg = Debug|Win32
		{FF281920-7A79-4162-B76C-709BD1147894}.Debug|x86.Build.0 = Debug|Win32
		{FF281920-7A79-4162-B76C-709BD1147894}.Release|ARM64.ActiveCfg = Release|ARM64
		{FF281920-7A79-4162-B76C-709BD1147894}.Release|ARM64.Build.0 = Release|ARM64
		{FF281920-7A79-4162-B76C-709BD1147894}.Release|x64.ActiveCfg = Release|x64
		{FF281920-7A79-4162-B76C-709BD1147894}.Release|x64.Build.0 = Release|x64
		{FF281920-7A79-4162-B76C-709BD1147894}.Release|x86.ActiveCfg = Release|Win32
		{FF281920-7A79-4162-B76C-709BD1147894}.Release|x86.Build.0 = Release|Win32
		{BE2775B3-7F31-4FB7-A887-3779EEDB8D1E}.Debug|ARM64.ActiveCfg = Debug|ARM64
		{BE2775B3-7F31-4FB7-A887-3779EEDB8D1E}.Debug|ARM64.Build.0 = Debug|ARM64
		{BE2775B3-7F31-4FB7-A887-3779EEDB8D1E}.Debug|x64.ActiveCfg = Debug|x64
		{BE2775B3-7F31-4FB7-A887-3779EEDB8D1E}.Debug|x64.Build.0 = Debug|x64
		{BE2775B3-7F31-4FB7-A887-3779EEDB8D1E}.Debug|x86.ActiveCfg = Debug|Win32
		{BE2775B3-7F31-4FB7-A887-3779EEDB8D1E}.Debug|x86.Build.0 = Debug|Win32
		{BE2775B3-7F31-4FB7-A887-3779EEDB8D1E}.Release|ARM64.ActiveCfg = Release|ARM64
		{BE2775B3-7F31-4FB7-A887-3779EEDB8D1E}.Release|ARM64.Build.0 = Release|ARM64
		{BE2775B3-7F31-4FB7-A887-3779EEDB8D1E}.Release|x64.ActiveCfg = Release|x64
		{BE2775B3-7F31-4FB7-A887-3779EEDB8D1E}.Release|x64.Build.0 = Release|x64
		{BE2775B3-7F31-4FB7-A887-3779EEDB8D1E}.Release|x86.ActiveCfg = Release|Win32
		{BE2775B3-7F31-4FB7-A887-3779EEDB8D1E}.Release|x86.Build.0 = Release|Win32
		{1D1763FB-86C8-4B73-B243-C76A808FA20C}.Debug|ARM64.ActiveCfg = Debug|ARM64
		{1D1763FB-86C8-4B73-B243-C76A808FA20C}.Debug|ARM64.Build.0 = Debug|ARM64
		{1D1763FB-86C8-4B73-B243-C76A808FA20C}.Debug|x64.ActiveCfg = Debug|x64
		{1D1763FB-86C8-4B73-B243-C76A808FA20C}.Debug|x64.Build.0 = Debug|x64
		{1D1763FB-86C8-4B73-B243-C76A808FA20C}.Debug|x86.ActiveCfg = Debug|Win32
		{1D1763FB-86C8-4B73-B243-C76A808FA20C}.Debug|x86.Build.0 = Debug|Win32
		{1D1763FB-86C8-4B73-B243-C76A808FA20C}.Release|ARM64.ActiveCfg = Release|ARM64
		{1D1763FB-86C8-4B73-B243-C76A808FA20C}.Release|ARM64.Build.0 = Release|ARM64
		{1D1763FB-86C8-4B73-B243-C76A808FA20C}.Release|x64.ActiveCfg = Release|x64
		{1D1763FB-86C8-4B73-B243-C76A808FA20C}.Release|x64.Build.0 = Release|x64
		{1D1763FB-86C8-4B73-B243-C76A808FA20C}.Release|x86.ActiveCfg = Release|Win32
		{1D1763FB-86C8-4B73-B243-C76A808FA20C}.Release|x86.Build.0 = Release|Win32
		{73716054-8A46-4077-8B05-6A72A8303421}.Debug|ARM64.ActiveCfg = Debug|ARM64
		{73716054-8A46-4077-8B05-6A72A8303421}.Debug|ARM64.Build.0 = Debug|ARM64
		{73716054-8A46-4077-8B05-6A72A8303421}.Debug|x64.ActiveCfg = Debug|x64
		{73716054-8A46-4077-8B05-6A72A8303421}.Debug|x64.Build.0 = Debug|x64
		{73716054-8A46-4077-8B05-6A72A8303421}.Debug|x86.ActiveCfg = Debug|Win32
		{73716054-8A46-4077-8B05-6A72A8303421}.Debug|x86.Build.0 = Debug|Win32
		{73716054-8A46-4077-8B05-6A72A8303421}.Release|ARM64.ActiveCfg = Release|ARM64
		{73716054-8A46-4077-8B05-6A72A8303421}.Release|ARM64.Build.0 = Release|ARM64
		{73716054-8A46-4077-8B05-6A72A8303421}.Release|x64.ActiveCfg = Release|x64
		{73716054-8A46-4077-8B05-6A72A8303421}.Release|x64.Build.0 = Release|x64
		{73716054-8A46-4077-8B05-6A72A8303421}.Release|x86.ActiveCfg = Release|Win32
		{73716054-8A46-4077-8B05-6A72A8303421}.Release|x86.Build.0 = Release|Win32
		{D28CB7C5-1D44-4B15-A39B-2BE9D35D5041}.Debug|ARM64.ActiveCfg = Debug|ARM64
		{D28CB7C5-1D44-4B15-A39B-2BE9D35D5041}.Debug|ARM64.Build.0 = Debug|ARM64
		{D28CB7C5-1D44-4B15-A39B-2BE9D35D5041}.Debug|x64.ActiveCfg = Debug|x64
		{D28CB7C5-1D44-4B15-A39B-2BE9D35D5041}.Debug|x64.Build.0 = Debug|x64
		{D28CB7C5-1D44-4B15-A39B-2BE9D35D5041}.Debug|x86.ActiveCfg = Debug|Win32
		{D28CB7C5-1D44-4B15-A39B-2BE9D35D5041}.Debug|x86.Build.0 = Debug|Win32
		{D28CB7C5-1D44-4B15-A39B-2BE9D35D5041}.Release|ARM64.ActiveCfg = Release|ARM64
		{D28CB7C5-1D44-4B15-A39B-2BE9D35D5041}.Release|ARM64.Build.0 = Release|ARM64
		{D28CB7C5-1D44-4B15-A39B-2BE9D35D5041}.Release|x64.ActiveCfg = Release|x64
		{D28CB7C5-1D44-4B15-A39B-2BE9D35D5041}.Release|x64.Build.0 = Release|x64
		{D28CB7C5-1D44-4B15-A39B-2BE9D35D5041}.Release|x86.ActiveCfg = Release|Win32
		{D28CB7C5-1D44-4B15-A39B-2BE9D35D5041}.Release|x86.Build.0 = Release|Win32
		{E8DB0438-79C1-4FEA-B9AA-AC24E9A63D3D}.Debug|ARM64.ActiveCfg = Debug|ARM64
		{E8DB0438-79C1-4FEA-B9AA-AC24E9A63D3D}.Debug|ARM64.Build.0 = Debug|ARM64
		{E8DB0438-79C1-4FEA-B9AA-AC24E9A63D3D}.Debug|x64.ActiveCfg = Debug|x64
		{E8DB0438-79C1-4FEA-B9AA-AC24E9A63D3D}.Debug|x64.Build.0 = Debug|x64
		{E8DB0438-79C1-4FEA-B9AA-AC24E9A63D3D}.Debug|x86.ActiveCfg = Debug|Win32
		{E8DB0438-79C1-4FEA-B9AA-AC24E9A63D3D}.Debug|x86.Build.0 = Debug|Win32
		{E8DB0438-79C1-4FEA-B9AA-AC24E9A63D3D}.Release|ARM64.ActiveCfg = Release|ARM64
		{E8DB0438-79C1-4FEA-B9AA-AC24E9A63D3D}.Release|ARM64.Build.0 = Release|ARM64
		{E8DB0438-79C1-4FEA-B9AA-AC24E9A63D3D}.Release|x64.ActiveCfg = Release|x64
		{E8DB0438-79C1-4FEA-B9AA-AC24E9A63D3D}.Release|x64.Build.0 = Release|x64
		{E8DB0438-79C1-4FEA-B9AA-AC24E9A63D3D}.Release|x86.ActiveCfg = Release|Win32
		{E8DB0438-79C1-4FEA-B9AA-AC24E9A63D3D}.Release|x86.Build.0 = Release|Win32
		{20D40724-E6BE-4932-B36A-55066084B9EA}.Debug|ARM64.ActiveCfg = Debug|ARM64
		{20D40724-E6BE-4932-B36A-55066084B9EA}.Debug|ARM64.Build.0 = Debug|ARM64
		{20D40724-E6BE-4932-B36A-55066084B9EA}.Debug|x64.ActiveCfg = Debug|x64
		{20D40724-E6BE-4932-B36A-55066084B9EA}.Debug|x64.Build.0 = Debug|x64
		{20D40724-E6BE-4932-B36A-55066084B9EA}.Debug|x86.ActiveCfg = Debug|Win32
		{20D40724-E6BE-4932-B36A-55066084B9EA}.Debug|x86.Build.0 = Debug|Win32
		{20D40724-E6BE-4932-B36A-55066084B9EA}.Release|ARM64.ActiveCfg = Release|ARM64
		{20D40724-E6BE-4932-B36A-55066084B9EA}.Release|ARM64.Build.0 = Release|ARM64
		{20D40724-E6BE-4932-B36A-55066084B9EA}.Release|x64.ActiveCfg = Release|x64
		{20D40724-E6BE-4932-B36A-55066084B9EA}.Release|x64.Build.0 = Release|x64
		{20D40724-E6BE-4932-B36A-55066084B9EA}.Release|x86.ActiveCfg = Release|Win32
		{20D40724-E6BE-4932-B36A-55066084B9EA}.Release|x86.Build.0 = Release|Win32
		{60EE6A88-405A-4A29-9C43-00366C2758B2}.Debug|ARM64.ActiveCfg = Debug|ARM64
		{60EE6A88-405A-4A29-9C43-00366C2758B2}.Debug|ARM64.Build.0 = Debug|ARM64
		{60EE6A88-405A-4A29-9C43-00366C2758B2}.Debug|x64.ActiveCfg = Debug|x64
		{60EE6A88-405A-4A29-9C43-00366C2758B2}.Debug|x64.Build.0 = Debug|x64
		{60EE6A88-405A-4A29-9C43-00366C2758B2}.Debug|x86.ActiveCfg = Debug|Win32
		{60EE6A88-405A-4A29-9C43-00366C2758B2}.Debug|x86.Build.0 = Debug|Win32
		{60EE6A88-405A-4A29-9C43-00366C2758B2}.Release|ARM64.ActiveCfg = Release|ARM64
		{60EE6A88-405A-4A29-9C43-00366C2758B2}.Release|ARM64.Build.0 = Release|ARM64
		{60EE6A88-405A-4A29-9C43-00366C2758B2}.Release|x64.ActiveCfg = Release|x64
		{60EE6A88-405A-4A29-9C43-00366C2758B2}.Release|x64.Build.0 = Release|x64
		{60EE6A88-405A-4A29-9C43-00366C2758B2}.Release|x86.ActiveCfg = Release|Win32
		{60EE6A88-405A-4A29-9C43-00366C2758B2}.Release|x86.Build.0 = Release|Win32
		{739A17C8-7138-4B7D-9F77-6897A68943BB}.Debug|ARM64.ActiveCfg = Debug|ARM64
		{739A17C8-7138-4B7D-9F77-6897A68943BB}.Debug|ARM64.Build.0 = Debug|ARM64
		{739A17C8-7138-4B7D-9F77-6897A68943BB}.Debug|x64.ActiveCfg = Debug|x64
		{739A17C8-7138-4B7D-9F77-6897A68943BB}.Debug|x64.Build.0 = Debug|x64
		{739A17C8-7138-4B7D-9F77-6897A68943BB}.Debug|x86.ActiveCfg = Debug|Win32
		{739A17C8-7138-4B7D-9F77-6897A68943BB}.Debug|x86.Build.0 = Debug|Win32
		{739A17C8-7138-4B7D-9F77-6897A68943BB}.Release|ARM64.ActiveCfg = Release|ARM64
		{739A17C8-7138-4B7D-9F77-6897A68943BB}.Release|ARM64.Build.0 = Release|ARM64
		{739A17C8-7138-4B7D-9F77-6897A68943BB}.Release|x64.ActiveCfg = Release|x64
		{739A17C8-7138-4B7D-9F77-6897A68943BB}.Release|x64.Build.0 = Release|x64
		{739A17C8-7138-4B7D-9F77-6897A68943BB}.Release|x86.ActiveCfg = Release|Win32
		{739A17C8-7138-4B7D-9F77-6897A68943BB}.Release|x86.Build.0 = Release|Win32
		{E43A9071-4586-40EE-B3AC-5ECF98AF850F}.Debug|ARM64.ActiveCfg = Debug|ARM64
		{E43A9071-4586-40EE-B3AC-5ECF98AF850F}.Debug|ARM64.Build.0 = Debug|ARM64
		{E43A9071-4586-40EE-B3AC-5ECF98AF850F}.Debug|x64.ActiveCfg = Debug|x64
		{E43A9071-4586-40EE-B3AC-5ECF98AF850F}.Debug|x64.Build.0 = Debug|x64
		{E43A9071-4586-40EE-B3AC-5ECF98AF850F}.Debug|x86.ActiveCfg = Debug|Win32
		{E43A9071-4586-40EE-B3AC-5ECF98AF850F}.Debug|x86.Build.0 = Debug|Win32
		{E43A9071-4586-40EE-B3AC-5ECF98AF850F}.Release|ARM64.ActiveCfg = Release|ARM64
		{E43A9071-4586-40EE-B3AC-5ECF98AF850F}.Release|ARM64.Build.0 = Release|ARM64
		{E43A9071-4586-40EE-B3AC-5ECF98AF850F}.Release|x64.ActiveCfg = Release|x64
		{E43A9071-4586-40EE-B3AC-5ECF98AF850F}.Release|x64.Build.0 = Release|x64
		{E43A9071-4586-40EE-B3AC-5ECF98AF850F}.Release|x86.ActiveCfg = Release|Win32
		{E43A9071-4586-40EE-B3AC-5ECF98AF850F}.Release|x86.Build.0 = Release|Win32
		{240729AF-84A1-4987-96D3-0863568A993F}.Debug|ARM64.ActiveCfg = Debug|ARM64
		{240729AF-84A1-4987-96D3-0863568A993F}.Debug|ARM64.Build.0 = Debug|ARM64
		{240729AF-84A1-4987-96D3-0863568A993F}.Debug|x64.ActiveCfg = Debug|x64
		{240729AF-84A1-4987-96D3-0863568A993F}.Debug|x64.Build.0 = Debug|x64
		{240729AF-84A1-4987-96D3-0863568A993F}.Debug|x86.ActiveCfg = Debug|Win32
		{240729AF-84A1-4987-96D3-0863568A993F}.Debug|x86.Build.0 = Debug|Win32
		{240729AF-84A1-4987-96D3-0863568A993F}.Release|ARM64.ActiveCfg = Release|ARM64
		{240729AF-84A1-4987-96D3-0863568A993F}.Release|ARM64.Build.0 = Release|ARM64
		{240729AF-84A1-4987-96D3-0863568A993F}.Release|x64.ActiveCfg = Release|x64
		{240729AF-84A1-4987-96D3-0863568A993F}.Release|x64.Build.0 = Release|x64
		{240729AF-84A1-4987-96D3-0863568A993F}.Release|x86.ActiveCfg = Release|Win32
		{240729AF-84A1-4987-96D3-0863568A993F}.Release|x86.Build.0 = Release|Win32
		{D35A3479-5E7F-41DB-93C2-80C9F6379BC9}.Debug|ARM64.ActiveCfg = Debug|ARM64
		{D35A3479-5E7F-41DB-93C2-80C9F6379BC9}.Debug|ARM64.Build.0 = Debug|ARM64
		{D35A3479-5E7F-41DB-93C2-80C9F6379BC9}.Debug|x64.ActiveCfg = Debug|x64
		{D35A3479-5E7F-41DB-93C2-80C9F6379BC9}.Debug|x64.Build.0 = Debug|x64
		{D35A3479-5E7F-41DB-93C2-80C9F6379BC9}.Debug|x86.ActiveCfg = Debug|Win32
		{D35A3479-5E7F-41DB-93C2-80C9F6379BC9}.Debug|x86.Build.0 = Debug|Win32
		{D35A3479-5E7F-41DB-93C2-80C9F6379BC9}.Release|ARM64.ActiveCfg = Release|ARM64
		{D35A3479-5E7F-41DB-93C2-80C9F6379BC9}.Release|ARM64.Build.0 = Release|ARM64
		{D35A3479-5E7F-41DB-93C2-80C9F6379BC9}.Release|x64.ActiveCfg = Release|x64
		{D35A3479-5E7F-41DB-93C2-80C9F6379BC9}.Release|x64.Build.0 = Release|x64
		{D35A3479-5E7F-41DB-93C2-80C9F6379BC9}.Release|x86.ActiveCfg = Release|Win32
		{D35A3479-5E7F-41DB-93C2-80C9F6379BC9}.Release|x86.Build.0 = Release|Win32
		{660FF653-3779-41DB-918B-BB5E41DA7DCE}.Debug|ARM64.ActiveCfg = Debug|ARM64
		{660FF653-3779-41DB-918B-BB5E41DA7DCE}.Debug|ARM64.Build.0 = Debug|ARM64
		{660FF653-3779-41DB-918B-BB5E41DA7DCE}.Debug|x64.ActiveCfg = Debug|x64
		{660FF653-3779-41DB-918B-BB5E41DA7DCE}.Debug|x64.Build.0 = Debug|x64
		{660FF653-3779-41DB-918B-BB5E41DA7DCE}.Debug|x86.ActiveCfg = Debug|Win32
		{660FF653-3779-41DB-918B-BB5E41DA7DCE}.Debug|x86.Build.0 = Debug|Win32
		{660FF653-3779-41DB-918B-BB5E41DA7DCE}.Release|ARM64.ActiveCfg = Release|ARM64
		{660FF653-3779-41DB-918B-BB5E41DA7DCE}.Release|ARM64.Build.0 = Release|ARM64
		{660FF653-3779-41DB-918B-BB5E41DA7DCE}.Release|x64.ActiveCfg = Release|x64
		{660FF653-3779-41DB-918B-BB5E41DA7DCE}.Release|x64.Build.0 = Release|x64
		{660FF653-3779-41DB-918B-BB5E41DA7DCE}.Release|x86.ActiveCfg = Release|Win32
		{660FF653-3779-41DB-918B-BB5E41DA7DCE}.Release|x86.Build.0 = Release|Win32
		{E5E9FD98-FA55-4B03-93D1-813A70AF2E03}.Debug|ARM64.ActiveCfg = Debug|ARM64
		{E5E9FD98-FA55-4B03-93D1-813A70AF2E03}.Debug|ARM64.Build.0 = Debug|ARM64
		{E5E9FD98-FA55-4B03-93D1-813A70AF2E03}.Debug|x64.ActiveCfg = Debug|x64
		{E5E9FD98-FA55-4B03-93D1-813A70AF2E03}.Debug|x64.Build.0 = Debug|x64
		{E5E9FD98-FA55-4B03-93D1-813A70AF2E03}.Debug|x86.ActiveCfg = Debug|Win32
		{E5E9FD98-FA55-4B03-93D1-813A70AF2E03}.Debug|x86.Build.0 = Debug|Win32
		{E5E9FD98-FA55-4B03-93D1-813A70AF2E03}.Release|ARM64.ActiveCfg = Release|ARM64
		{E5E9FD98-FA55-4B03-93D1-813A70AF2E03}.Release|ARM64.Build.0 = Release|ARM64
		{E5E9FD98-FA55-4B03-93D1-813A70AF2E03}.Release|x64.ActiveCfg = Release|x64
		{E5E9FD98-FA55-4B03-93D1-813A70AF2E03}.Release|x64.Build.0 = Release|x64
		{E5E9FD98-FA55-4B03-93D1-813A70AF2E03}.Release|x86.ActiveCfg = Release|Win32
		{E5E9FD98-FA55-4B03-93D1-813A70AF2E03}.Release|x86.Build.0 = Release|Win32
		{AC99DBB1-B18D-46FC-AD45-B0D65948BEC1}.Debug|ARM64.ActiveCfg = Debug|ARM64
		{AC99DBB1-B18D-46FC-AD45-B0D65948BEC1}.Debug|ARM64.Build.0 = Debug|ARM64
		{AC99DBB1-B18D-46FC-AD45-B0D65948BEC1}.Debug|x64.ActiveCfg = Debug|x64
		{AC99DBB1-B18D-46FC-AD45-B0D65948BEC1}.Debug|x64.Build.0 = Debug|x64
		{AC99DBB1-B18D-46FC-AD45-B0D65948BEC1}.Debug|x86.ActiveCfg = Debug|Win32
		{AC99DBB1-B18D-46FC-AD45-B0D65948BEC1}.Debug|x86.Build.0 = Debug|Win32
		{AC99DBB1-B18D-46FC-AD45-B0D65948BEC1}.Release|ARM64.ActiveCfg = Release|ARM64
		{AC99DBB1-B18D-46FC-AD45-B0D65948BEC1}.Release|ARM64.Build.0 = Release|ARM64
		{AC99DBB1-B18D-46FC-AD45-B0D65948BEC1}.Release|x64.ActiveCfg = Release|x64
		{AC99DBB1-B18D-46FC-AD45-B0D65948BEC1}.Release|x64.Build.0 = Release|x64
		{AC99DBB1-B18D-46FC-AD45-B0D65948BEC1}.Release|x86.ActiveCfg = Release|Win32
		{AC99DBB1-B18D-46FC-AD45-B0D65948BEC1}.Release|x86.Build.0 = Release|Win32
		{BB36AD94-1798-41A2-8D87-EAD2BE677642}.Debug|ARM64.ActiveCfg = Debug|ARM64
		{BB36AD94-1798-41A2-8D87-EAD2BE677642}.Debug|ARM64.Build.0 = Debug|ARM64
		{BB36AD94-1798-41A2-8D87-EAD2BE677642}.Debug|x64.ActiveCfg = Debug|x64
		{BB36AD94-1798-41A2-8D87-EAD2BE677642}.Debug|x64.Build.0 = Debug|x64
		{BB36AD94-1798-41A2-8D87-EAD2BE677642}.Debug|x86.ActiveCfg = Debug|Win32
		{BB36AD94-1798-41A2-8D87-EAD2BE677642}.Debug|x86.Build.0 = Debug|Win32
		{BB36AD94-1798-41A2-8D87-EAD2BE677642}.Release|ARM64.ActiveCfg = Release|ARM64
		{BB36AD94-1798-41A2-8D87-EAD2BE677642}.Release|ARM64.Build.0 = Release|ARM64
		{BB36AD94-1798-41A2-8D87-EAD2BE677642}.Release|x64.ActiveCfg = Release|x64
		{BB36AD94-1798-41A2-8D87-EAD2BE677642}.Release|x64.Build.0 = Release|x64
		{BB36AD94-1798-41A2-8D87-EAD2BE677642}.Release|x86.ActiveCfg = Release|Win32
		{BB36AD94-1798-41A2-8D87-EAD2BE677642}.Release|x86.Build.0 = Release|Win32
		{402DCBEE-C15C-44F1-A1ED-8CAE5082D6FA}.Debug|ARM64.ActiveCfg = Debug|ARM64
		{402DCBEE-C15C-44F1-A1ED-8CAE5082D6FA}.Debug|ARM64.Build.0 = Debug|ARM64
		{402DCBEE-C15C-44F1-A1ED-8CAE5082D6FA}.Debug|x64.ActiveCfg = Debug|x64
		{402DCBEE-C15C-44F1-A1ED-8CAE5082D6FA}.Debug|x64.Build.0 = Debug|x64
		{402DCBEE-C15C-44F1-A1ED-8CAE5082D6FA}.Debug|x86.ActiveCfg = Debug|Win32
		{402DCBEE-C15C-44F1-A1ED-8CAE5082D6FA}.Debug|x86.Build.0 = Debug|Win32
		{402DCBEE-C15C-44F1-A1ED-8CAE5082D6FA}.Release|ARM64.ActiveCfg = Release|ARM64
		{402DCBEE-C15C-44F1-A1ED-8CAE5082D6FA}.Release|ARM64.Build.0 = Release|ARM64
		{402DCBEE-C15C-44F1-A1ED-8CAE5082D6FA}.Release|x64.ActiveCfg = Release|x64
		{402DCBEE-C15C-44F1-A1ED-8CAE5082D6FA}.Release|x64.Build.0 = Release|x64
		{402DCBEE-C15C-44F1-A1ED-8CAE5082D6FA}.Release|x86.ActiveCfg = Release|Win32
		{402DCBEE-C15C-44F1-A1ED-8CAE5082D6FA}.Release|x86.Build.0 = Release|Win32
		{D02A137A-68AA-448A-9450-53AAC41DE668}.Debug|ARM64.ActiveCfg = Debug|ARM64
		{D02A137A-68AA-448A-9450-53AAC41DE668}.Debug|ARM64.Build.0 = Debug|ARM64
		{D02A137A-68AA-448A-9450-53AAC41DE668}.Debug|x64.ActiveCfg = Debug|x64
		{D02A137A-68AA-448A-9450-53AAC41DE668}.Debug|x64.Build.0 = Debug|x64
		{D02A137A-68AA-448A-9450-53AAC41DE668}.Debug|x86.ActiveCfg = Debug|Win32
		{D02A137A-68AA-448A-9450-53AAC41DE668}.Debug|x86.Build.0 = Debug|Win32
		{D02A137A-68AA-448A-9450-53AAC41DE668}.Release|ARM64.ActiveCfg = Release|ARM64
		{D02A137A-68AA-448A-9450-53AAC41DE668}.Release|ARM64.Build.0 = Release|ARM64
		{D02A137A-68AA-448A-9450-53AAC41DE668}.Release|x64.ActiveCfg = Release|x64
		{D02A137A-68AA-448A-9450-53AAC41DE668}.Release|x64.Build.0 = Release|x64
		{D02A137A-68AA-448A-9450-53AAC41DE668}.Release|x86.ActiveCfg = Release|Win32
		{D02A137A-68AA-448A-9450-53AAC41DE668}.Release|x86.Build.0 = Release|Win32
		{78AB44E0-34C9-41D5-951A-9804C303A9B0}.Debug|ARM64.ActiveCfg = Debug|ARM64
		{78AB44E0-34C9-41D5-951A-9804C303A9B0}.Debug|ARM64.Build.0 = Debug|ARM64
		{78AB44E0-34C9-41D5-951A-9804C303A9B0}.Debug|x64.ActiveCfg = Debug|x64
		{78AB44E0-34C9-41D5-951A-9804C303A9B0}.Debug|x64.Build.0 = Debug|x64
		{78AB44E0-34C9-41D5-951A-9804C303A9B0}.Debug|x86.ActiveCfg = Debug|Win32
		{78AB44E0-34C9-41D5-951A-9804C303A9B0}.Debug|x86.Build.0 = Debug|Win32
		{78AB44E0-34C9-41D5-951A-9804C303A9B0}.Release|ARM64.ActiveCfg = Release|ARM64
		{78AB44E0-34C9-41D5-951A-9804C303A9B0}.Release|ARM64.Build.0 = Release|ARM64
		{78AB44E0-34C9-41D5-951A-9804C303A9B0}.Release|x64.ActiveCfg = Release|x64
		{78AB44E0-34C9-41D5-951A-9804C303A9B0}.Release|x64.Build.0 = Release|x64
		{78AB44E0-34C9-41D5-951A-9804C303A9B0}.Release|x86.ActiveCfg = Release|Win32
		{78AB44E0-34C9-41D5-951A-9804C303A9B0}.Release|x86.Build.0 = Release|Win32
		{D10F8D08-CD41-45B7-9ED7-2C554D5A1015}.Debug|ARM64.ActiveCfg = Debug|ARM64
		{D10F8D08-CD41-45B7-9ED7-2C554D5A1015}.Debug|ARM64.Build.0 = Debug|ARM64
		{D10F8D08-CD41-45B7-9ED7-2C554D5A1015}.Debug|x64.ActiveCfg = Debug|x64
		{D10F8D08-CD41-45B7-9ED7-2C554D5A1015}.Debug|x64.Build.0 = Debug|x64
		{D10F8D08-CD41-45B7-9ED7-2C554D5A1015}.Debug|x86.ActiveCfg = Debug|Win32
		{D10F8D08-CD41-45B7-9ED7-2C554D5A1015}.Debug|x86.Build.0 = Debug|Win32
		{D10F8D08-CD41-45B7-9ED7-2C554D5A1015}.Release|ARM64.ActiveCfg = Release|ARM64
		{D10F8D08-CD41-45B7-9ED7-2C554D5A1015}.Release|ARM64.Build.0 = Release|ARM64
		{D10F8D08-CD41-45B7-9ED7-2C554D5A1015}.Release|x64.ActiveCfg = Release|x64
		{D10F8D08-CD41-45B7-9ED7-2C554D5A1015}.Release|x64.Build.0 = Release|x64
		{D10F8D08-CD41-45B7-9ED7-2C554D5A1015}.Release|x86.ActiveCfg = Release|Win32
		{D10F8D08-CD41-45B7-9ED7-2C554D5A1015}.Release|x86.Build.0 = Release|Win32
		{D0780F82-47D3-4FF9-BE73-3535D12EA7F7}.Debug|ARM64.ActiveCfg = Debug|ARM64
		{D0780F82-47D3-4FF9-BE73-3535D12EA7F7}.Debug|ARM64.Build.0 = Debug|ARM64
		{D0780F82-47D3-4FF9-BE73-3535D12EA7F7}.Debug|x64.ActiveCfg = Debug|x64
		{D0780F82-47D3-4FF9-BE73-3535D12EA7F7}.Debug|x64.Build.0 = Debug|x64
		{D0780F82-47D3-4FF9-BE73-3535D12EA7F7}.Debug|x86.ActiveCfg = Debug|Win32
		{D0780F82-47D3-4FF9-BE73-3535D12EA7F7}.Debug|x86.Build.0 = Debug|Win32
		{D0780F82-47D3-4FF9-BE73-3535D12EA7F7}.Release|ARM64.ActiveCfg = Release|ARM64
		{D0780F82-47D3-4FF9-BE73-3535D12EA7F7}.Release|ARM64.Build.0 = Release|ARM64
		{D0780F82-47D3-4FF9-BE73-3535D12EA7F7}.Release|x64.ActiveCfg = Release|x64
		{D0780F82-47D3-4FF9-BE73-3535D12EA7F7}.Release|x64.Build.0 = Release|x64
		{D0780F82-47D3-4FF9-BE73-3535D12EA7F7}.Release|x86.ActiveCfg = Release|Win32
		{D0780F82-47D3-4FF9-BE73-3535D12EA7F7}.Release|x86.Build.0 = Release|Win32
		{7D9E7363-0B48-4B7F-A637-468296DDA11C}.Debug|ARM64.ActiveCfg = Debug|ARM64
		{7D9E7363-0B48-4B7F-A637-468296DDA11C}.Debug|ARM64.Build.0 = Debug|ARM64
		{7D9E7363-0B48-4B7F-A637-468296DDA11C}.Debug|x64.ActiveCfg = Debug|x64
		{7D9E7363-0B48-4B7F-A637-468296DDA11C}.Debug|x64.Build.0 = Debug|x64
		{7D9E7363-0B48-4B7F-A637-468296DDA11C}.Debug|x86.ActiveCfg = Debug|Win32
		{7D9E7363-0B48-4B7F-A637-468296DDA11C}.Debug|x86.Build.0 = Debug|Win32
		{7D9E7363-0B48-4B7F-A637-468296DDA11C}.Release|ARM64.ActiveCfg = Release|ARM64
		{7D9E7363-0B48-4B7F-A637-468296DDA11C}.Release|ARM64.Build.0 = Release|ARM64
		{7D9E7363-0B48-4B7F-A637-468296DDA11C}.Release|x64.ActiveCfg = Release|x64
		{7D9E7363-0B48-4B7F-A637-468296DDA11C}.Release|x64.Build.0 = Release|x64
		{7D9E7363-0B48-4B7F-A637-468296DDA11C}.Release|x86.ActiveCfg = Release|Win32
		{7D9E7363-0B48-4B7F-A637-468296DDA11C}.Release|x86.Build.0 = Release|Win32
		{000DE7C9-B6F1-4C71-8F86-77C5DE0008A1}.Debug|ARM64.ActiveCfg = Debug|ARM64
		{000DE7C9-B6F1-4C71-8F86-77C5DE0008A1}.Debug|ARM64.Build.0 = Debug|ARM64
		{000DE7C9-B6F1-4C71-8F86-77C5DE0008A1}.Debug|x64.ActiveCfg = Debug|x64
		{000DE7C9-B6F1-4C71-8F86-77C5DE0008A1}.Debug|x64.Build.0 = Debug|x64
		{000DE7C9-B6F1-4C71-8F86-77C5DE0008A1}.Debug|x86.ActiveCfg = Debug|Win32
		{000DE7C9-B6F1-4C71-8F86-77C5DE0008A1}.Debug|x86.Build.0 = Debug|Win32
		{000DE7C9-B6F1-4C71-8F86-77C5DE0008A1}.Release|ARM64.ActiveCfg = Release|ARM64
		{000DE7C9-B6F1-4C71-8F86-77C5DE0008A1}.Release|ARM64.Build.0 = Release|ARM64
		{000DE7C9-B6F1-4C71-8F86-77C5DE0008A1}.Release|x64.ActiveCfg = Release|x64
		{000DE7C9-B6F1-4C71-8F86-77C5DE0008A1}.Release|x64.Build.0 = Release|x64
		{000DE7C9-B6F1-4C71-8F86-77C5DE0008A1}.Release|x86.ActiveCfg = Release|Win32
		{000DE7C9-B6F1-4C71-8F86-77C5DE0008A1}.Release|x86.Build.0 = Release|Win32
		{DBBC7765-AA96-4F90-AC62-A2870F325D2A}.Debug|ARM64.ActiveCfg = Debug|ARM64
		{DBBC7765-AA96-4F90-AC62-A2870F325D2A}.Debug|ARM64.Build.0 = Debug|ARM64
		{DBBC7765-AA96-4F90-AC62-A2870F325D2A}.Debug|x64.ActiveCfg = Debug|x64
		{DBBC7765-AA96-4F90-AC62-A2870F325D2A}.Debug|x64.Build.0 = Debug|x64
		{DBBC7765-AA96-4F90-AC62-A2870F325D2A}.Debug|x86.ActiveCfg = Debug|Win32
		{DBBC7765-AA96-4F90-AC62-A2870F325D2A}.Debug|x86.Build.0 = Debug|Win32
		{DBBC7765-AA96-4F90-AC62-A2870F325D2A}.Release|ARM64.ActiveCfg = Release|ARM64
		{DBBC7765-AA96-4F90-AC62-A2870F325D2A}.Release|ARM64.Build.0 = Release|ARM64
		{DBBC7765-AA96-4F90-AC62-A2870F325D2A}.Release|x64.ActiveCfg = Release|x64
		{DBBC7765-AA96-4F90-AC62-A2870F325D2A}.Release|x64.Build.0 = Release|x64
		{DBBC7765-AA96-4F90-AC62-A2870F325D2A}.Release|x86.ActiveCfg = Release|Win32
		{DBBC7765-AA96-4F90-AC62-A2870F325D2A}.Release|x86.Build.0 = Release|Win32
		{0BB20E48-B054-40AE-A37D-DC3E90AC8FF6}.Debug|ARM64.ActiveCfg = Debug|ARM64
		{0BB20E48-B054-40AE-A37D-DC3E90AC8FF6}.Debug|ARM64.Build.0 = Debug|ARM64
		{0BB20E48-B054-40AE-A37D-DC3E90AC8FF6}.Debug|x64.ActiveCfg = Debug|x64
		{0BB20E48-B054-40AE-A37D-DC3E90AC8FF6}.Debug|x64.Build.0 = Debug|x64
		{0BB20E48-B054-40AE-A37D-DC3E90AC8FF6}.Debug|x86.ActiveCfg = Debug|Win32
		{0BB20E48-B054-40AE-A37D-DC3E90AC8FF6}.Debug|x86.Build.0 = Debug|Win32
		{0BB20E48-B054-40AE-A37D-DC3E90AC8FF6}.Release|ARM64.ActiveCfg = Release|ARM64
		{0BB20E48-B054-40AE-A37D-DC3E90AC8FF6}.Release|ARM64.Build.0 = Release|ARM64
		{0BB20E48-B054-40AE-A37D-DC3E90AC8FF6}.Release|x64.ActiveCfg = Release|x64
		{0BB20E48-B054-40AE-A37D-DC3E90AC8FF6}.Release|x64.Build.0 = Release|x64
		{0BB20E48-B054-40AE-A37D-DC3E90AC8FF6}.Release|x86.ActiveCfg = Release|Win32
		{0BB20E48-B054-40AE-A37D-DC3E90AC8FF6}.Release|x86.Build.0 = Release|Win32
		{23F49691-3234-4EB5-8C61-0C787B5E065B}.Debug|ARM64.ActiveCfg = Debug|ARM64
		{23F49691-3234-4EB5-8C61-0C787B5E065B}.Debug|ARM64.Build.0 = Debug|ARM64
		{23F49691-3234-4EB5-8C61-0C787B5E065B}.Debug|x64.ActiveCfg = Debug|x64
		{23F49691-3234-4EB5-8C61-0C787B5E065B}.Debug|x64.Build.0 = Debug|x64
		{23F49691-3234-4EB5-8C61-0C787B5E065B}.Debug|x86.ActiveCfg = Debug|Win32
		{23F49691-3234-4EB5-8C61-0C787B5E065B}.Debug|x86.Build.0 = Debug|Win32
		{23F49691-3234-4EB5-8C61-0C787B5E065B}.Release|ARM64.ActiveCfg = Release|ARM64
		{23F49691-3234-4EB5-8C61-0C787B5E065B}.Release|ARM64.Build.0 = Release|ARM64
		{23F49691-3234-4EB5-8C61-0C787B5E065B}.Release|x64.ActiveCfg = Release|x64
		{23F49691-3234-4EB5-8C61-0C787B5E065B}.Release|x64.Build.0 = Release|x64
		{23F49691-3234-4EB5-8C61-0C787B5E065B}.Release|x86.ActiveCfg = Release|Win32
		{23F49691-3234-4EB5-8C61-0C787B5E065B}.Release|x86.Build.0 = Release|Win32
		{4AA5F093-74E2-4FA0-A32B-8F03000BA634}.Debug|ARM64.ActiveCfg = Debug|ARM64
		{4AA5F093-74E2-4FA0-A32B-8F03000BA634}.Debug|ARM64.Build.0 = Debug|ARM64
		{4AA5F093-74E2-4FA0-A32B-8F03000BA634}.Debug|x64.ActiveCfg = Debug|x64
		{4AA5F093-74E2-4FA0-A32B-8F03000BA634}.Debug|x64.Build.0 = Debug|x64
		{4AA5F093-74E2-4FA0-A32B-8F03000BA634}.Debug|x86.ActiveCfg = Debug|Win32
		{4AA5F093-74E2-4FA0-A32B-8F03000BA634}.Debug|x86.Build.0 = Debug|Win32
		{4AA5F093-74E2-4FA0-A32B-8F03000BA634}.Release|ARM64.ActiveCfg = Release|ARM64
		{4AA5F093-74E2-4FA0-A32B-8F03000BA634}.Release|ARM64.Build.0 = Release|ARM64
		{4AA5F093-74E2-4FA0-A32B-8F03000BA634}.Release|x64.ActiveCfg = Release|x64
		{4AA5F093-74E2-4FA0-A32B-8F03000BA634}.Release|x64.Build.0 = Release|x64
		{4AA5F093-74E2-4FA0-A32B-8F03000BA634}.Release|x86.ActiveCfg = Release|Win32
		{4AA5F093-74E2-4FA0-A32B-8F03000BA634}.Release|x86.Build.0 = Release|Win32
		{C7BE9AB8-0567-4F08-9B29-25F7665C2131}.Debug|ARM64.ActiveCfg = Debug|ARM64
		{C7BE9AB8-0567-4F08-9B29-25F7665C2131}.Debug|ARM64.Build.0 = Debug|ARM64
		{C7BE9AB8-0567-4F08-9B29-25F7665C2131}.Debug|x64.ActiveCfg = Debug|x64
		{C7BE9AB8-0567-4F08-9B29-25F7665C2131}.Debug|x64.Build.0 = Debug|x64
		{C7BE9AB8-0567-4F08-9B29-25F7665C2131}.Debug|x86.ActiveCfg = Debug|Win32
		{C7BE9AB8-0567-4F08-9B29-25F7665C2131}.Debug|x86.Build.0 = Debug|Win32
		{C7BE9AB8-0567-4F08-9B29-25F7665C2131}.Release|ARM64.ActiveCfg = Release|ARM64
		{C7BE9AB8-0567-4F08-9B29-25F7665C2131}.Release|ARM64.Build.0 = Release|ARM64
		{C7BE9AB8-0567-4F08-9B29-25F7665C2131}.Release|x64.ActiveCfg = Release|x64
		{C7BE9AB8-0567-4F08-9B29-25F7665C2131}.Release|x64.Build.0 = Release|x64
		{C7BE9AB8-0567-4F08-9B29-25F7665C2131}.Release|x86.ActiveCfg = Release|Win32
		{C7BE9AB8-0567-4F08-9B29-25F7665C2131}.Release|x86.Build.0 = Release|Win32
		{7E1EB719-C6C8-4506-9BDD-0170565F377E}.Debug|ARM64.ActiveCfg = Debug|ARM64
		{7E1EB719-C6C8-4506-9BDD-0170565F377E}.Debug|ARM64.Build.0 = Debug|ARM64
		{7E1EB719-C6C8-4506-9BDD-0170565F377E}.Debug|x64.ActiveCfg = Debug|x64
		{7E1EB719-C6C8-4506-9BDD-0170565F377E}.Debug|x64.Build.0 = Debug|x64
		{7E1EB719-C6C8-4506-9BDD-0170565F377E}.Debug|x86.ActiveCfg = Debug|Win32
		{7E1EB719-C6C8-4506-9BDD-0170565F377E}.Debug|x86.Build.0 = Debug|Win32
		{7E1EB719-C6C8-4506-9BDD-0170565F377E}.Release|ARM64.ActiveCfg = Release|ARM64
		{7E1EB719-C6C8-4506-9BDD-0170565F377E}.Release|ARM64.Build.0 = Release|ARM64
		{7E1EB719-C6C8-4506-9BDD-0170565F377E}.Release|x64.ActiveCfg = Release|x64
		{7E1EB719-C6C8-4506-9BDD-0170565F377E}.Release|x64.Build.0 = Release|x64
		{7E1EB719-C6C8-4506-9BDD-0170565F377E}.Release|x86.ActiveCfg = Release|Win32
		{7E1EB719-C6C8-4506-9BDD-0170565F377E}.Release|x86.Build.0 = Release|Win32
		{8832503F-F55F-489A-8459-76157AEFBD41}.Debug|ARM64.ActiveCfg = Debug|ARM64
		{8832503F-F55F-489A-8459-76157AEFBD41}.Debug|ARM64.Build.0 = Debug|ARM64
		{8832503F-F55F-489A-8459-76157AEFBD41}.Debug|x64.ActiveCfg = Debug|x64
		{8832503F-F55F-489A-8459-76157AEFBD41}.Debug|x64.Build.0 = Debug|x64
		{8832503F-F55F-489A-8459-76157AEFBD41}.Debug|x86.ActiveCfg = Debug|Win32
		{8832503F-F55F-489A-8459-76157AEFBD41}.Debug|x86.Build.0 = Debug|Win32
		{8832503F-F55F-489A-8459-76157AEFBD41}.Release|ARM64.ActiveCfg = Release|ARM64
		{8832503F-F55F-489A-8459-76157AEFBD41}.Release|ARM64.Build.0 = Release|ARM64
		{8832503F-F55F-489A-8459-76157AEFBD41}.Release|x64.ActiveCfg = Release|x64
		{8832503F-F55F-489A-8459-76157AEFBD41}.Release|x64.Build.0 = Release|x64
		{8832503F-F55F-489A-8459-76157AEFBD41}.Release|x86.ActiveCfg = Release|Win32
		{8832503F-F55F-489A-8459-76157AEFBD41}.Release|x86.Build.0 = Release|Win32
		{AB521A88-C9D8-4AD6-BC6B-97E2B8DC3B0C}.Debug|ARM64.ActiveCfg = Debug|ARM64
		{AB521A88-C9D8-4AD6-BC6B-97E2B8DC3B0C}.Debug|ARM64.Build.0 = Debug|ARM64
		{AB521A88-C9D8-4AD6-BC6B-97E2B8DC3B0C}.Debug|x64.ActiveCfg = Debug|x64
		{AB521A88-C9D8-4AD6-BC6B-97E2B8DC3B0C}.Debug|x64.Build.0 = Debug|x64
		{AB521A88-C9D8-4AD6-BC6B-97E2B8DC3B0C}.Debug|x86.ActiveCfg = Debug|Win32
		{AB521A88-C9D8-4AD6-BC6B-97E2B8DC3B0C}.Debug|x86.Build.0 = Debug|Win32
		{AB521A88-C9D8-4AD6-BC6B-97E2B8DC3B0C}.Release|ARM64.ActiveCfg = Release|ARM64
		{AB521A88-C9D8-4AD6-BC6B-97E2B8DC3B0C}.Release|ARM64.Build.0 = Release|ARM64
		{AB521A88-C9D8-4AD6-BC6B-97E2B8DC3B0C}.Release|x64.ActiveCfg = Release|x64
		{AB521A88-C9D8-4AD6-BC6B-97E2B8DC3B0C}.Release|x64.Build.0 = Release|x64
		{AB521A88-C9D8-4AD6-BC6B-97E2B8DC3B0C}.Release|x86.ActiveCfg = Release|Win32
		{AB521A88-C9D8-4AD6-BC6B-97E2B8DC3B0C}.Release|x86.Build.0 = Release|Win32
		{F37C33DE-871A-4580-A30E-D9C91161ED9E}.Debug|ARM64.ActiveCfg = Debug|ARM64
		{F37C33DE-871A-4580-A30E-D9C91161ED9E}.Debug|ARM64.Build.0 = Debug|ARM64
		{F37C33DE-871A-4580-A30E-D9C91161ED9E}.Debug|x64.ActiveCfg = Debug|x64
		{F37C33DE-871A-4580-A30E-D9C91161ED9E}.Debug|x64.Build.0 = Debug|x64
		{F37C33DE-871A-4580-A30E-D9C91161ED9E}.Debug|x86.ActiveCfg = Debug|Win32
		{F37C33DE-871A-4580-A30E-D9C91161ED9E}.Debug|x86.Build.0 = Debug|Win32
		{F37C33DE-871A-4580-A30E-D9C91161ED9E}.Release|ARM64.ActiveCfg = Release|ARM64
		{F37C33DE-871A-4580-A30E-D9C91161ED9E}.Release|ARM64.Build.0 = Release|ARM64
		{F37C33DE-871A-4580-A30E-D9C91161ED9E}.Release|x64.ActiveCfg = Release|x64
		{F37C33DE-871A-4580-A30E-D9C91161ED9E}.Release|x64.Build.0 = Release|x64
		{F37C33DE-871A-4580-A30E-D9C91161ED9E}.Release|x86.ActiveCfg = Release|Win32
		{F37C33DE-871A-4580-A30E-D9C91161ED9E}.Release|x86.Build.0 = Release|Win32
		{2ABEF588-6AED-4ED4-9D52-CCD8399CABBA}.Debug|ARM64.ActiveCfg = Debug|ARM64
		{2ABEF588-6AED-4ED4-9D52-CCD8399CABBA}.Debug|ARM64.Build.0 = Debug|ARM64
		{2ABEF588-6AED-4ED4-9D52-CCD8399CABBA}.Debug|x64.ActiveCfg = Debug|x64
		{2ABEF588-6AED-4ED4-9D52-CCD8399CABBA}.Debug|x64.Build.0 = Debug|x64
		{2ABEF588-6AED-4ED4-9D52-CCD8399CABBA}.Debug|x86.ActiveCfg = Debug|Win32
		{2ABEF588-6AED-4ED4-9D52-CCD8399CABBA}.Debug|x86.Build.0 = Debug|Win32
		{2ABEF588-6AED-4ED4-9D52-CCD8399CABBA}.Release|ARM64.ActiveCfg = Release|ARM64
		{2ABEF588-6AED-4ED4-9D52-CCD8399CABBA}.Release|ARM64.Build.0 = Release|ARM64
		{2ABEF588-6AED-4ED4-9D52-CCD8399CABBA}.Release|x64.ActiveCfg = Release|x64
		{2ABEF588-6AED-4ED4-9D52-CCD8399CABBA}.Release|x64.Build.0 = Release|x64
		{2ABEF588-6AED-4ED4-9D52-CCD8399CABBA}.Release|x86.ActiveCfg = Release|Win32
		{2ABEF588-6AED-4ED4-9D52-CCD8399CABBA}.Release|x86.Build.0 = Release|Win32
		{C2B0C7B4-CEBE-433E-83E7-D40D7B93F528}.Debug|ARM64.ActiveCfg = Debug|ARM64
		{C2B0C7B4-CEBE-433E-83E7-D40D7B93F528}.Debug|ARM64.Build.0 = Debug|ARM64
		{C2B0C7B4-CEBE-433E-83E7-D40D7B93F528}.Debug|x64.ActiveCfg = Debug|x64
		{C2B0C7B4-CEBE-433E-83E7-D40D7B93F528}.Debug|x64.Build.0 = Debug|x64
		{C2B0C7B4-CEBE-433E-83E7-D40D7B93F528}.Debug|x86.ActiveCfg = Debug|Win32
		{C2B0C7B4-CEBE-433E-83E7-D40D7B93F528}.Debug|x86.Build.0 = Debug|Win32
		{C2B0C7B4-CEBE-433E-83E7-D40D7B93F528}.Release|ARM64.ActiveCfg = Release|ARM64
		{C2B0C7B4-CEBE-433E-83E7-D40D7B93F528}.Release|ARM64.Build.0 = Release|ARM64
		{C2B0C7B4-CEBE-433E-83E7-D40D7B93F528}.Release|x64.ActiveCfg = Release|x64
		{C2B0C7B4-CEBE-433E-83E7-D40D7B93F528}.Release|x64.Build.0 = Release|x64
		{C2B0C7B4-CEBE-433E-83E7-D40D7B93F528}.Release|x86.ActiveCfg = Release|Win32
		{C2B0C7B4-CEBE-433E-83E7-D40D7B93F528}.Release|x86.Build.0 = Release|Win32
		{260C17FC-F5B6-4F16-AD8D-F4CB63989A59}.Debug|ARM64.ActiveCfg = Debug|ARM64
		{260C17FC-F5B6-4F16-AD8D-F4CB63989A59}.Debug|ARM64.Build.0 = Debug|ARM64
		{260C17FC-F5B6-4F16-AD8D-F4CB63989A59}.Debug|x64.ActiveCfg = Debug|x64
		{260C17FC-F5B6-4F16-AD8D-F4CB63989A59}.Debug|x64.Build.0 = Debug|x64
		{260C17FC-F5B6-4F16-AD8D-F4CB63989A59}.Debug|x86.ActiveCfg = Debug|Win32
		{260C17FC-F5B6-4F16-AD8D-F4CB63989A59}.Debug|x86.Build.0 = Debug|Win32
		{260C17FC-F5B6-4F16-AD8D-F4CB63989A59}.Release|ARM64.ActiveCfg = Release|ARM64
		{260C17FC-F5B6-4F16-AD8D-F4CB63989A59}.Release|ARM64.Build.0 = Release|ARM64
		{260C17FC-F5B6-4F16-AD8D-F4CB63989A59}.Release|x64.ActiveCfg = Release|x64
		{260C17FC-F5B6-4F16-AD8D-F4CB63989A59}.Release|x64.Build.0 = Release|x64
		{260C17FC-F5B6-4F16-AD8D-F4CB63989A59}.Release|x86.ActiveCfg = Release|Win32
		{260C17FC-F5B6-4F16-AD8D-F4CB63989A59}.Release|x86.Build.0 = Release|Win32
		{B5900D8D-C84C-484B-8EC5-DFB7710253DD}.Debug|ARM64.ActiveCfg = Debug|ARM64
		{B5900D8D-C84C-484B-8EC5-DFB7710253DD}.Debug|ARM64.Build.0 = Debug|ARM64
		{B5900D8D-C84C-484B-8EC5-DFB7710253DD}.Debug|x64.ActiveCfg = Debug|x64
		{B5900D8D-C84C-484B-8EC5-DFB7710253DD}.Debug|x64.Build.0 = Debug|x64
		{B5900D8D-C84C-484B-8EC5-DFB7710253DD}.Debug|x86.ActiveCfg = Debug|Win32
		{B5900D8D-C84C-484B-8EC5-DFB7710253DD}.Debug|x86.Build.0 = Debug|Win32
		{B5900D8D-C84C-484B-8EC5-DFB7710253DD}.Release|ARM64.ActiveCfg = Release|ARM64
		{B5900D8D-C84C-484B-8EC5-DFB7710253DD}.Release|ARM64.Build.0 = Release|ARM64
		{B5900D8D-C84C-484B-8EC5-DFB7710253DD}.Release|x64.ActiveCfg = Release|x64
		{B5900D8D-C84C-484B-8EC5-DFB7710253DD}.Release|x64.Build.0 = Release|x64
		{B5900D8D-C84C-484B-8EC5-DFB7710253DD}.Release|x86.ActiveCfg = Release|Win32
		{B5900D8D-C84C-484B-8EC5-DFB7710253DD}.Release|x86.Build.0 = Release|Win32
		{03C860D5-FE5F-4F7E-AE8D-0D08910A9740}.Debug|ARM64.ActiveCfg = Debug|ARM64
		{03C860D5-FE5F-4F7E-AE8D-0D08910A9740}.Debug|ARM64.Build.0 = Debug|ARM64
		{03C860D5-FE5F-4F7E-AE8D-0D08910A9740}.Debug|x64.ActiveCfg = Debug|x64
		{03C860D5-FE5F-4F7E-AE8D-0D08910A9740}.Debug|x64.Build.0 = Debug|x64
		{03C860D5-FE5F-4F7E-AE8D-0D08910A9740}.Debug|x86.ActiveCfg = Debug|Win32
		{03C860D5-FE5F-4F7E-AE8D-0D08910A9740}.Debug|x86.Build.0 = Debug|Win32
		{03C860D5-FE5F-4F7E-AE8D-0D08910A9740}.Release|ARM64.ActiveCfg = Release|ARM64
		{03C860D5-FE5F-4F7E-AE8D-0D08910A9740}.Release|ARM64.Build.0 = Release|ARM64
		{03C860D5-FE5F-4F7E-AE8D-0D08910A9740}.Release|x64.ActiveCfg = Release|x64
		{03C860D5-FE5F-4F7E-AE8D-0D08910A9740}.Release|x64.Build.0 = Release|x64
		{03C860D5-FE5F-4F7E-AE8D-0D08910A9740}.Release|x86.ActiveCfg = Release|Win32
		{03C860D5-FE5F-4F7E-AE8D-0D08910A9740}.Release|x86.Build.0 = Release|Win32
		{4C10A402-656A-4329-B19D-E261956EF0CA}.Debug|ARM64.ActiveCfg = Debug|ARM64
		{4C10A402-656A-4329-B19D-E261956EF0CA}.Debug|ARM64.Build.0 = Debug|ARM64
		{4C10A402-656A-4329-B19D-E261956EF0CA}.Debug|x64.ActiveCfg = Debug|x64
		{4C10A402-656A-4329-B19D-E261956EF0CA}.Debug|x64.Build.0 = Debug|x64
		{4C10A402-656A-4329-B19D-E261956EF0CA}.Debug|x86.ActiveCfg = Debug|Win32
		{4C10A402-656A-4329-B19D-E261956EF0CA}.Debug|x86.Build.0 = Debug|Win32
		{4C10A402-656A-4329-B19D-E261956EF0CA}.Release|ARM64.ActiveCfg = Release|ARM64
		{4C10A402-656A-4329-B19D-E261956EF0CA}.Release|ARM64.Build.0 = Release|ARM64
		{4C10A402-656A-4329-B19D-E261956EF0CA}.Release|x64.ActiveCfg = Release|x64
		{4C10A402-656A-4329-B19D-E261956EF0CA}.Release|x64.Build.0 = Release|x64
		{4C10A402-656A-4329-B19D-E261956EF0CA}.Release|x86.ActiveCfg = Release|Win32
		{4C10A402-656A-4329-B19D-E261956EF0CA}.Release|x86.Build.0 = Release|Win32
		{DF4761E3-C7F2-4783-804D-70FCD7B68000}.Debug|ARM64.ActiveCfg = Debug|ARM64
		{DF4761E3-C7F2-4783-804D-70FCD7B68000}.Debug|ARM64.Build.0 = Debug|ARM64
		{DF4761E3-C7F2-4783-804D-70FCD7B68000}.Debug|x64.ActiveCfg = Debug|x64
		{DF4761E3-C7F2-4783-804D-70FCD7B68000}.Debug|x64.Build.0 = Debug|x64
		{DF4761E3-C7F2-4783-804D-70FCD7B68000}.Debug|x86.ActiveCfg = Debug|Win32
		{DF4761E3-C7F2-4783-804D-70FCD7B68000}.Debug|x86.Build.0 = Debug|Win32
		{DF4761E3-C7F2-4783-804D-70FCD7B68000}.Release|ARM64.ActiveCfg = Release|ARM64
		{DF4761E3-C7F2-4783-804D-70FCD7B68000}.Release|ARM64.Build.0 = Release|ARM64
		{DF4761E3-C7F2-4783-804D-70FCD7B68000}.Release|x64.ActiveCfg = Release|x64
		{DF4761E3-C7F2-4783-804D-70FCD7B68000}.Release|x64.Build.0 = Release|x64
		{DF4761E3-C7F2-4783-804D-70FCD7B68000}.Release|x86.ActiveCfg = Release|Win32
		{DF4761E3-C7F2-4783-804D-70FCD7B68000}.Release|x86.Build.0 = Release|Win32
		{7AD00856-FD92-460E-B458-C2BCF8D34355}.Debug|ARM64.ActiveCfg = Debug|ARM64
		{7AD00856-FD92-460E-B458-C2BCF8D34355}.Debug|ARM64.Build.0 = Debug|ARM64
		{7AD00856-FD92-460E-B458-C2BCF8D34355}.Debug|x64.ActiveCfg = Debug|x64
		{7AD00856-FD92-460E-B458-C2BCF8D34355}.Debug|x64.Build.0 = Debug|x64
		{7AD00856-FD92-460E-B458-C2BCF8D34355}.Debug|x86.ActiveCfg = Debug|Win32
		{7AD00856-FD92-460E-B458-C2BCF8D34355}.Debug|x86.Build.0 = Debug|Win32
		{7AD00856-FD92-460E-B458-C2BCF8D34355}.Release|ARM64.ActiveCfg = Release|ARM64
		{7AD00856-FD92-460E-B458-C2BCF8D34355}.Release|ARM64.Build.0 = Release|ARM64
		{7AD00856-FD92-460E-B458-C2BCF8D34355}.Release|x64.ActiveCfg = Release|x64
		{7AD00856-FD92-460E-B458-C2BCF8D34355}.Release|x64.Build.0 = Release|x64
		{7AD00856-FD92-460E-B458-C2BCF8D34355}.Release|x86.ActiveCfg = Release|Win32
		{7AD00856-FD92-460E-B458-C2BCF8D34355}.Release|x86.Build.0 = Release|Win32
		{639EB0DD-AC01-4DE8-BC7F-E8F86357940A}.Debug|ARM64.ActiveCfg = Debug|ARM64
		{639EB0DD-AC01-4DE8-BC7F-E8F86357940A}.Debug|ARM64.Build.0 = Debug|ARM64
		{639EB0DD-AC01-4DE8-BC7F-E8F86357940A}.Debug|x64.ActiveCfg = Debug|x64
		{639EB0DD-AC01-4DE8-BC7F-E8F86357940A}.Debug|x64.Build.0 = Debug|x64
		{639EB0DD-AC01-4DE8-BC7F-E8F86357940A}.Debug|x86.ActiveCfg = Debug|Win32
		{639EB0DD-AC01-4DE8-BC7F-E8F86357940A}.Debug|x86.Build.0 = Debug|Win32
		{639EB0DD-AC01-4DE8-BC7F-E8F86357940A}.Release|ARM64.ActiveCfg = Release|ARM64
		{639EB0DD-AC01-4DE8-BC7F-E8F86357940A}.Release|ARM64.Build.0 = Release|ARM64
		{639EB0DD-AC01-4DE8-BC7F-E8F86357940A}.Release|x64.ActiveCfg = Release|x64
		{639EB0DD-AC01-4DE8-BC7F-E8F86357940A}.Release|x64.Build.0 = Release|x64
		{639EB0DD-AC01-4DE8-BC7F-E8F86357940A}.Release|x86.ActiveCfg = Release|Win32
		{639EB0DD-AC01-4DE8-BC7F-E8F86357940A}.Release|x86.Build.0 = Release|Win32
		{16FDF210-43DD-4107-819D-100FC48E776E}.Debug|ARM64.ActiveCfg = Debug|ARM64
		{16FDF210-43DD-4107-819D-100FC48E776E}.Debug|ARM64.Build.0 = Debug|ARM64
		{16FDF210-43DD-4107-819D-100FC48E776E}.Debug|x64.ActiveCfg = Debug|x64
		{16FDF210-43DD-4107-819D-100FC48E776E}.Debug|x64.Build.0 = Debug|x64
		{16FDF210-43DD-4107-819D-100FC48E776E}.Debug|x86.ActiveCfg = Debug|Win32
		{16FDF210-43DD-4107-819D-100FC48E776E}.Debug|x86.Build.0 = Debug|Win32
		{16FDF210-43DD-4107-819D-100FC48E776E}.Release|ARM64.ActiveCfg = Release|ARM64
		{16FDF210-43DD-4107-819D-100FC48E776E}.Release|ARM64.Build.0 = Release|ARM64
		{16FDF210-43DD-4107-819D-100FC48E776E}.Release|x64.ActiveCfg = Release|x64
		{16FDF210-43DD-4107-819D-100FC48E776E}.Release|x64.Build.0 = Release|x64
		{16FDF210-43DD-4107-819D-100FC48E776E}.Release|x86.ActiveCfg = Release|Win32
		{16FDF210-43DD-4107-819D-100FC48E776E}.Release|x86.Build.0 = Release|Win32
		{1CB2458F-1197-4B4C-B75F-77F3101E215B}.Debug|ARM64.ActiveCfg = Debug|ARM64
		{1CB2458F-1197-4B4C-B75F-77F3101E215B}.Debug|ARM64.Build.0 = Debug|ARM64
		{1CB2458F-1197-4B4C-B75F-77F3101E215B}.Debug|x64.ActiveCfg = Debug|x64
		{1CB2458F-1197-4B4C-B75F-77F3101E215B}.Debug|x64.Build.0 = Debug|x64
		{1CB2458F-1197-4B4C-B75F-77F3101E215B}.Debug|x86.ActiveCfg = Debug|Win32
		{1CB2458F-1197-4B4C-B75F-77F3101E215B}.Debug|x86.Build.0 = Debug|Win32
		{1CB2458F-1197-4B4C-B75F-77F3101E215B}.Release|ARM64.ActiveCfg = Release|ARM64
		{1CB2458F-1197-4B4C-B75F-77F3101E215B}.Release|ARM64.Build.0 = Release|ARM64
		{1CB2458F-1197-4B4C-B75F-77F3101E215B}.Release|x64.ActiveCfg = Release|x64
		{1CB2458F-1197-4B4C-B75F-77F3101E215B}.Release|x64.Build.0 = Release|x64
		{1CB2458F-1197-4B4C-B75F-77F3101E215B}.Release|x86.ActiveCfg = Release|Win32
		{1CB2458F-1197-4B4C-B75F-77F3101E215B}.Release|x86.Build.0 = Release|Win32
		{86D0FA75-C96B-4E81-BE89-0FBC64CA5EDC}.Debug|ARM64.ActiveCfg = Debug|ARM64
		{86D0FA75-C96B-4E81-BE89-0FBC64CA5EDC}.Debug|ARM64.Build.0 = Debug|ARM64
		{86D0FA75-C96B-4E81-BE89-0FBC64CA5EDC}.Debug|x64.ActiveCfg = Debug|x64
		{86D0FA75-C96B-4E81-BE89-0FBC64CA5EDC}.Debug|x64.Build.0 = Debug|x64
		{86D0FA75-C96B-4E81-BE89-0FBC64CA5EDC}.Debug|x86.ActiveCfg = Debug|Win32
		{86D0FA75-C96B-4E81-BE89-0FBC64CA5EDC}.Debug|x86.Build.0 = Debug|Win32
		{86D0FA75-C96B-4E81-BE89-0FBC64CA5EDC}.Release|ARM64.ActiveCfg = Release|ARM64
		{86D0FA75-C96B-4E81-BE89-0FBC64CA5EDC}.Release|ARM64.Build.0 = Release|ARM64
		{86D0FA75-C96B-4E81-BE89-0FBC64CA5EDC}.Release|x64.ActiveCfg = Release|x64
		{86D0FA75-C96B-4E81-BE89-0FBC64CA5EDC}.Release|x64.Build.0 = Release|x64
		{86D0FA75-C96B-4E81-BE89-0FBC64CA5EDC}.Release|x86.ActiveCfg = Release|Win32
		{86D0FA75-C96B-4E81-BE89-0FBC64CA5EDC}.Release|x86.Build.0 = Release|Win32
		{0518641E-14C7-48B8-A437-5AAB6892D8E2}.Debug|ARM64.ActiveCfg = Debug|ARM64
		{0518641E-14C7-48B8-A437-5AAB6892D8E2}.Debug|ARM64.Build.0 = Debug|ARM64
		{0518641E-14C7-48B8-A437-5AAB6892D8E2}.Debug|x64.ActiveCfg = Debug|x64
		{0518641E-14C7-48B8-A437-5AAB6892D8E2}.Debug|x64.Build.0 = Debug|x64
		{0518641E-14C7-48B8-A437-5AAB6892D8E2}.Debug|x86.ActiveCfg = Debug|Win32
		{0518641E-14C7-48B8-A437-5AAB6892D8E2}.Debug|x86.Build.0 = Debug|Win32
		{0518641E-14C7-48B8-A437-5AAB6892D8E2}.Release|ARM64.ActiveCfg = Release|ARM64
		{0518641E-14C7-48B8-A437-5AAB6892D8E2}.Release|ARM64.Build.0 = Release|ARM64
		{0518641E-14C7-48B8-A437-5AAB6892D8E2}.Release|x64.ActiveCfg = Release|x64
		{0518641E-14C7-48B8-A437-5AAB6892D8E2}.Release|x64.Build.0 = Release|x64
		{0518641E-14C7-48B8-A437-5AAB6892D8E2}.Release|x86.ActiveCfg = Release|Win32
		{0518641E-14C7-48B8-A437-5AAB6892D8E2}.Release|x86.Build.0 = Release|Win32
		{1922550C-ACD7-4401-BF5D-4140C4D41B09}.Debug|ARM64.ActiveCfg = Debug|ARM64
		{1922550C-ACD7-4401-BF5D-4140C4D41B09}.Debug|ARM64.Build.0 = Debug|ARM64
		{1922550C-ACD7-4401-BF5D-4140C4D41B09}.Debug|x64.ActiveCfg = Debug|x64
		{1922550C-ACD7-4401-BF5D-4140C4D41B09}.Debug|x64.Build.0 = Debug|x64
		{1922550C-ACD7-4401-BF5D-4140C4D41B09}.Debug|x86.ActiveCfg = Debug|Win32
		{1922550C-ACD7-4401-BF5D-4140C4D41B09}.Debug|x86.Build.0 = Debug|Win32
		{1922550C-ACD7-4401-BF5D-4140C4D41B09}.Release|ARM64.ActiveCfg = Release|ARM64
		{1922550C-ACD7-4401-BF5D-4140C4D41B09}.Release|ARM64.Build.0 = Release|ARM64
		{1922550C-ACD7-4401-BF5D-4140C4D41B09}.Release|x64.ActiveCfg = Release|x64
		{1922550C-ACD7-4401-BF5D-4140C4D41B09}.Release|x64.Build.0 = Release|x64
		{1922550C-ACD7-4401-BF5D-4140C4D41B09}.Release|x86.ActiveCfg = Release|Win32
		{1922550C-ACD7-4401-BF5D-4140C4D41B09}.Release|x86.Build.0 = Release|Win32
		{2921CBF9-D9AA-4A34-9A6E-0ED75A75D294}.Debug|ARM64.ActiveCfg = Debug|ARM64
		{2921CBF9-D9AA-4A34-9A6E-0ED75A75D294}.Debug|ARM64.Build.0 = Debug|ARM64
		{2921CBF9-D9AA-4A34-9A6E-0ED75A75D294}.Debug|x64.ActiveCfg = Debug|x64
		{2921CBF9-D9AA-4A34-9A6E-0ED75A75D294}.Debug|x64.Build.0 = Debug|x64
		{2921CBF9-D9AA-4A34-9A6E-0ED75A75D294}.Debug|x86.ActiveCfg = Debug|Win32
		{2921CBF9-D9AA-4A34-9A6E-0ED75A75D294}.Debug|x86.Build.0 = Debug|Win32
		{2921CBF9-D9AA-4A34-9A6E-0ED75A75D294}.Release|ARM64.ActiveCfg = Release|ARM64
		{2921CBF9-D9AA-4A34-9A6E-0ED75A75D294}.Release|ARM64.Build.0 = Release|ARM64
		{2921CBF9-D9AA-4A34-9A6E-0ED75A75D294}.Release|x64.ActiveCfg = Release|x64
		{2921CBF9-D9AA-4A34-9A6E-0ED75A75D294}.Release|x64.Build.0 = Release|x64
		{2921CBF9-D9AA-4A34-9A6E-0ED75A75D294}.Release|x86.ActiveCfg = Release|Win32
		{2921CBF9-D9AA-4A34-9A6E-0ED75A75D294}.Release|x86.Build.0 = Release|Win32
		{63451C1B-6529-4591-9C68-7CB6410CFF7A}.Debug|ARM64.ActiveCfg = Debug|ARM64
		{63451C1B-6529-4591-9C68-7CB6410CFF7A}.Debug|ARM64.Build.0 = Debug|ARM64
		{63451C1B-6529-4591-9C68-7CB6410CFF7A}.Debug|x64.ActiveCfg = Debug|x64
		{63451C1B-6529-4591-9C68-7CB6410CFF7A}.Debug|x64.Build.0 = Debug|x64
		{63451C1B-6529-4591-9C68-7CB6410CFF7A}.Debug|x86.ActiveCfg = Debug|Win32
		{63451C1B-6529-4591-9C68-7CB6410CFF7A}.Debug|x86.Build.0 = Debug|Win32
		{63451C1B-6529-4591-9C68-7CB6410CFF7A}.Release|ARM64.ActiveCfg = Release|ARM64
		{63451C1B-6529-4591-9C68-7CB6410CFF7A}.Release|ARM64.Build.0 = Release|ARM64
		{63451C1B-6529-4591-9C68-7CB6410CFF7A}.Release|x64.ActiveCfg = Release|x64
		{63451C1B-6529-4591-9C68-7CB6410CFF7A}.Release|x64.Build.0 = Release|x64
		{63451C1B-6529-4591-9C68-7CB6410CFF7A}.Release|x86.ActiveCfg = Release|Win32
		{63451C1B-6529-4591-9C68-7CB6410CFF7A}.Release|x86.Build.0 = Release|Win32
		{E51B3424-039E-4EF3-BF90-9ABE560D9F5B}.Debug|ARM64.ActiveCfg = Debug|ARM64
		{E51B3424-039E-4EF3-BF90-9ABE560D9F5B}.Debug|ARM64.Build.0 = Debug|ARM64
		{E51B3424-039E-4EF3-BF90-9ABE560D9F5B}.Debug|x64.ActiveCfg = Debug|x64
		{E51B3424-039E-4EF3-BF90-9ABE560D9F5B}.Debug|x64.Build.0 = Debug|x64
		{E51B3424-039E-4EF3-BF90-9ABE560D9F5B}.Debug|x86.ActiveCfg = Debug|Win32
		{E51B3424-039E-4EF3-BF90-9ABE560D9F5B}.Debug|x86.Build.0 = Debug|Win32
		{E51B3424-039E-4EF3-BF90-9ABE560D9F5B}.Release|ARM64.ActiveCfg = Release|ARM64
		{E51B3424-039E-4EF3-BF90-9ABE560D9F5B}.Release|ARM64.Build.0 = Release|ARM64
		{E51B3424-039E-4EF3-BF90-9ABE560D9F5B}.Release|x64.ActiveCfg = Release|x64
		{E51B3424-039E-4EF3-BF90-9ABE560D9F5B}.Release|x64.Build.0 = Release|x64
		{E51B3424-039E-4EF3-BF90-9ABE560D9F5B}.Release|x86.ActiveCfg = Release|Win32
		{E51B3424-039E-4EF3-BF90-9ABE560D9F5B}.Release|x86.Build.0 = Release|Win32
		{15B488CD-68F6-4384-949A-0EF6B3D5A9DF}.Debug|ARM64.ActiveCfg = Debug|ARM64
		{15B488CD-68F6-4384-949A-0EF6B3D5A9DF}.Debug|ARM64.Build.0 = Debug|ARM64
		{15B488CD-68F6-4384-949A-0EF6B3D5A9DF}.Debug|x64.ActiveCfg = Debug|x64
		{15B488CD-68F6-4384-949A-0EF6B3D5A9DF}.Debug|x64.Build.0 = Debug|x64
		{15B488CD-68F6-4384-949A-0EF6B3D5A9DF}.Debug|x86.ActiveCfg = Debug|Win32
		{15B488CD-68F6-4384-949A-0EF6B3D5A9DF}.Debug|x86.Build.0 = Debug|Win32
		{15B488CD-68F6-4384-949A-0EF6B3D5A9DF}.Release|ARM64.ActiveCfg = Release|ARM64
		{15B488CD-68F6-4384-949A-0EF6B3D5A9DF}.Release|ARM64.Build.0 = Release|ARM64
		{15B488CD-68F6-4384-949A-0EF6B3D5A9DF}.Release|x64.ActiveCfg = Release|x64
		{15B488CD-68F6-4384-949A-0EF6B3D5A9DF}.Release|x64.Build.0 = Release|x64
		{15B488CD-68F6-4384-949A-0EF6B3D5A9DF}.Release|x86.ActiveCfg = Release|Win32
		{15B488CD-68F6-4384-949A-0EF6B3D5A9DF}.Release|x86.Build.0 = Release|Win32
	EndGlobalSection
	GlobalSection(SolutionProperties) = preSolution
		HideSolutionNode = FALSE
	EndGlobalSection
	GlobalSection(NestedProjects) = preSolution
		{20110FA3-A2E5-455F-880D-BFBD9FA1C1DB} = {1A243FF3-A5CB-4543-9C05-092B9F76C02A}
		{FB9310D6-3601-4727-A916-ED8EC518F8A2} = {20110FA3-A2E5-455F-880D-BFBD9FA1C1DB}
		{101EBD7F-E7A8-4D1B-9AA7-E2F803125509} = {20110FA3-A2E5-455F-880D-BFBD9FA1C1DB}
		{15DF6E35-01E9-4F89-8D05-3A779F1F7465} = {20110FA3-A2E5-455F-880D-BFBD9FA1C1DB}
		{5C47EBC8-F62D-4F34-AFE4-1627252394FA} = {20110FA3-A2E5-455F-880D-BFBD9FA1C1DB}
		{A928BCC5-F5B7-4016-A6D0-895534844FAF} = {20110FA3-A2E5-455F-880D-BFBD9FA1C1DB}
		{F7B536E1-8837-4CBC-96D7-B0B743AED37D} = {20110FA3-A2E5-455F-880D-BFBD9FA1C1DB}
		{2F8BED95-0208-45F5-9EE5-8D88E7FDB017} = {20110FA3-A2E5-455F-880D-BFBD9FA1C1DB}
		{ED02D93F-4CD1-4949-9710-24AA211650D1} = {02EA681E-C7D8-13C7-8484-4AC65E1B71E8}
		{99417A17-AFEE-4060-ABA6-71E17289FD91} = {02EA681E-C7D8-13C7-8484-4AC65E1B71E8}
		{BAEF978B-1DF1-450E-8CDF-52628D934692} = {99417A17-AFEE-4060-ABA6-71E17289FD91}
		{3DE22244-FD65-48A0-99EA-FC70F08245F5} = {99417A17-AFEE-4060-ABA6-71E17289FD91}
		{DE4D12B0-A872-447F-B93A-1F0D0EB8B49E} = {1A243FF3-A5CB-4543-9C05-092B9F76C02A}
		{7E5363E4-AC40-4922-81AA-36C7D2469E1A} = {DE4D12B0-A872-447F-B93A-1F0D0EB8B49E}
		{1095D330-2097-485C-996E-066FA10ADD18} = {DE4D12B0-A872-447F-B93A-1F0D0EB8B49E}
		{30F49C73-741A-460D-8595-6126FF39A3B1} = {DE4D12B0-A872-447F-B93A-1F0D0EB8B49E}
		{9D4DF832-5177-4AAE-8CF8-4E1F907BF6E8} = {DE4D12B0-A872-447F-B93A-1F0D0EB8B49E}
		{D42BBCDD-4CF3-4551-9528-D847F99FAC82} = {DE4D12B0-A872-447F-B93A-1F0D0EB8B49E}
		{05B8D17E-E37C-4515-96CD-80E84428F627} = {1A243FF3-A5CB-4543-9C05-092B9F76C02A}
		{24000836-7E83-4A87-84C1-195DDF704110} = {05B8D17E-E37C-4515-96CD-80E84428F627}
		{745219FF-DA99-40C5-8BE6-E6974015AC69} = {02EA681E-C7D8-13C7-8484-4AC65E1B71E8}
		{87CF4A4E-17A6-4951-BBF7-3F76B99F2C03} = {8FA2EC01-3E5D-490D-AA7B-B869EA480974}
		{6B25749C-0A6E-41E2-BA1E-DA5BA9B62CB6} = {87CF4A4E-17A6-4951-BBF7-3F76B99F2C03}
		{2834F3F2-BA66-4509-8D05-1A7E9036B550} = {87CF4A4E-17A6-4951-BBF7-3F76B99F2C03}
		{78D852F7-0FDD-4B2F-BE53-905CCC441561} = {8FA2EC01-3E5D-490D-AA7B-B869EA480974}
		{D8F0D284-3C59-4BE1-9BAE-D2554637886E} = {78D852F7-0FDD-4B2F-BE53-905CCC441561}
		{D19384E7-15A1-41BE-B856-32E8649E2EC7} = {78D852F7-0FDD-4B2F-BE53-905CCC441561}
		{15F49A9C-0682-4753-9FFA-A71FB48C2FD5} = {1A243FF3-A5CB-4543-9C05-092B9F76C02A}
		{BE8BEF5F-FF6C-4002-8660-A37BD21E3E48} = {15F49A9C-0682-4753-9FFA-A71FB48C2FD5}
		{FF281920-7A79-4162-B76C-709BD1147894} = {D6176F7C-C1CF-4B24-93A4-AF24A4029941}
		{BE2775B3-7F31-4FB7-A887-3779EEDB8D1E} = {D6176F7C-C1CF-4B24-93A4-AF24A4029941}
		{C04FEDCA-B331-4BC6-B6CF-BFA848FCB430} = {D6176F7C-C1CF-4B24-93A4-AF24A4029941}
		{1D1763FB-86C8-4B73-B243-C76A808FA20C} = {C04FEDCA-B331-4BC6-B6CF-BFA848FCB430}
		{73716054-8A46-4077-8B05-6A72A8303421} = {C04FEDCA-B331-4BC6-B6CF-BFA848FCB430}
		{D28CB7C5-1D44-4B15-A39B-2BE9D35D5041} = {D6176F7C-C1CF-4B24-93A4-AF24A4029941}
		{E8DB0438-79C1-4FEA-B9AA-AC24E9A63D3D} = {D6176F7C-C1CF-4B24-93A4-AF24A4029941}
		{20D40724-E6BE-4932-B36A-55066084B9EA} = {D6176F7C-C1CF-4B24-93A4-AF24A4029941}
		{60EE6A88-405A-4A29-9C43-00366C2758B2} = {D6176F7C-C1CF-4B24-93A4-AF24A4029941}
		{E8EEDE18-F027-4D31-AA54-BDDCA25E6186} = {D6176F7C-C1CF-4B24-93A4-AF24A4029941}
		{739A17C8-7138-4B7D-9F77-6897A68943BB} = {D6176F7C-C1CF-4B24-93A4-AF24A4029941}
		{E43A9071-4586-40EE-B3AC-5ECF98AF850F} = {E8EEDE18-F027-4D31-AA54-BDDCA25E6186}
		{240729AF-84A1-4987-96D3-0863568A993F} = {E8EEDE18-F027-4D31-AA54-BDDCA25E6186}
		{D35A3479-5E7F-41DB-93C2-80C9F6379BC9} = {D6176F7C-C1CF-4B24-93A4-AF24A4029941}
		{51127A0E-165E-4F09-94F7-652A2E001EAB} = {8FA2EC01-3E5D-490D-AA7B-B869EA480974}
		{660FF653-3779-41DB-918B-BB5E41DA7DCE} = {51127A0E-165E-4F09-94F7-652A2E001EAB}
		{E5E9FD98-FA55-4B03-93D1-813A70AF2E03} = {51127A0E-165E-4F09-94F7-652A2E001EAB}
		{AC99DBB1-B18D-46FC-AD45-B0D65948BEC1} = {51127A0E-165E-4F09-94F7-652A2E001EAB}
		{3B898DFF-95B2-493C-ADD1-CD6AA1A32008} = {1A243FF3-A5CB-4543-9C05-092B9F76C02A}
		{BB36AD94-1798-41A2-8D87-EAD2BE677642} = {3B898DFF-95B2-493C-ADD1-CD6AA1A32008}
		{FD833FBD-456F-4FA7-8ABA-EAAA3EEF19A5} = {8FA2EC01-3E5D-490D-AA7B-B869EA480974}
		{402DCBEE-C15C-44F1-A1ED-8CAE5082D6FA} = {FD833FBD-456F-4FA7-8ABA-EAAA3EEF19A5}
		{D02A137A-68AA-448A-9450-53AAC41DE668} = {FD833FBD-456F-4FA7-8ABA-EAAA3EEF19A5}
		{1E3E0B3E-B856-4B69-A958-72AFCB87DFDB} = {D6176F7C-C1CF-4B24-93A4-AF24A4029941}
		{78AB44E0-34C9-41D5-951A-9804C303A9B0} = {1E3E0B3E-B856-4B69-A958-72AFCB87DFDB}
		{D10F8D08-CD41-45B7-9ED7-2C554D5A1015} = {1E3E0B3E-B856-4B69-A958-72AFCB87DFDB}
		{D0780F82-47D3-4FF9-BE73-3535D12EA7F7} = {1E3E0B3E-B856-4B69-A958-72AFCB87DFDB}
		{7D9E7363-0B48-4B7F-A637-468296DDA11C} = {D6176F7C-C1CF-4B24-93A4-AF24A4029941}
		{72B69492-4C37-447A-AA4F-1BCA89D15E26} = {1A243FF3-A5CB-4543-9C05-092B9F76C02A}
		{000DE7C9-B6F1-4C71-8F86-77C5DE0008A1} = {72B69492-4C37-447A-AA4F-1BCA89D15E26}
		{DBBC7765-AA96-4F90-AC62-A2870F325D2A} = {72B69492-4C37-447A-AA4F-1BCA89D15E26}
		{0BB20E48-B054-40AE-A37D-DC3E90AC8FF6} = {8FA2EC01-3E5D-490D-AA7B-B869EA480974}
		{23F49691-3234-4EB5-8C61-0C787B5E065B} = {D6176F7C-C1CF-4B24-93A4-AF24A4029941}
		{4AA5F093-74E2-4FA0-A32B-8F03000BA634} = {72B69492-4C37-447A-AA4F-1BCA89D15E26}
		{C7BE9AB8-0567-4F08-9B29-25F7665C2131} = {D6176F7C-C1CF-4B24-93A4-AF24A4029941}
		{7E1EB719-C6C8-4506-9BDD-0170565F377E} = {1A243FF3-A5CB-4543-9C05-092B9F76C02A}
		{FE41BC23-73F9-4D6E-A8E3-CDB84BD1207E} = {D6176F7C-C1CF-4B24-93A4-AF24A4029941}
		{8832503F-F55F-489A-8459-76157AEFBD41} = {FE41BC23-73F9-4D6E-A8E3-CDB84BD1207E}
		{AB521A88-C9D8-4AD6-BC6B-97E2B8DC3B0C} = {FE41BC23-73F9-4D6E-A8E3-CDB84BD1207E}
		{F37C33DE-871A-4580-A30E-D9C91161ED9E} = {FE41BC23-73F9-4D6E-A8E3-CDB84BD1207E}
		{2ABEF588-6AED-4ED4-9D52-CCD8399CABBA} = {FE41BC23-73F9-4D6E-A8E3-CDB84BD1207E}
		{C2B0C7B4-CEBE-433E-83E7-D40D7B93F528} = {D6176F7C-C1CF-4B24-93A4-AF24A4029941}
		{260C17FC-F5B6-4F16-AD8D-F4CB63989A59} = {D6176F7C-C1CF-4B24-93A4-AF24A4029941}
		{B5900D8D-C84C-484B-8EC5-DFB7710253DD} = {D6176F7C-C1CF-4B24-93A4-AF24A4029941}
		{B43AE43A-DB29-4564-9DE9-CFF19C73ACC8} = {D6176F7C-C1CF-4B24-93A4-AF24A4029941}
		{03C860D5-FE5F-4F7E-AE8D-0D08910A9740} = {B43AE43A-DB29-4564-9DE9-CFF19C73ACC8}
		{4C10A402-656A-4329-B19D-E261956EF0CA} = {1A243FF3-A5CB-4543-9C05-092B9F76C02A}
		{DF4761E3-C7F2-4783-804D-70FCD7B68000} = {B43AE43A-DB29-4564-9DE9-CFF19C73ACC8}
		{8E7A84EB-4D48-4944-B4D6-490959CFF680} = {8FA2EC01-3E5D-490D-AA7B-B869EA480974}
		{7AD00856-FD92-460E-B458-C2BCF8D34355} = {8E7A84EB-4D48-4944-B4D6-490959CFF680}
		{639EB0DD-AC01-4DE8-BC7F-E8F86357940A} = {8E7A84EB-4D48-4944-B4D6-490959CFF680}
		{16FDF210-43DD-4107-819D-100FC48E776E} = {8FA2EC01-3E5D-490D-AA7B-B869EA480974}
		{1CB2458F-1197-4B4C-B75F-77F3101E215B} = {D6176F7C-C1CF-4B24-93A4-AF24A4029941}
		{86D0FA75-C96B-4E81-BE89-0FBC64CA5EDC} = {8FA2EC01-3E5D-490D-AA7B-B869EA480974}
		{358A3A78-5B4A-4017-9D72-4994CE31B449} = {D6176F7C-C1CF-4B24-93A4-AF24A4029941}
		{0518641E-14C7-48B8-A437-5AAB6892D8E2} = {358A3A78-5B4A-4017-9D72-4994CE31B449}
		{1922550C-ACD7-4401-BF5D-4140C4D41B09} = {358A3A78-5B4A-4017-9D72-4994CE31B449}
		{2921CBF9-D9AA-4A34-9A6E-0ED75A75D294} = {358A3A78-5B4A-4017-9D72-4994CE31B449}
		{63451C1B-6529-4591-9C68-7CB6410CFF7A} = {358A3A78-5B4A-4017-9D72-4994CE31B449}
		{E51B3424-039E-4EF3-BF90-9ABE560D9F5B} = {358A3A78-5B4A-4017-9D72-4994CE31B449}
		{15B488CD-68F6-4384-949A-0EF6B3D5A9DF} = {1A243FF3-A5CB-4543-9C05-092B9F76C02A}
	EndGlobalSection
	GlobalSection(ExtensibilityGlobals) = postSolution
		SolutionGuid = {BE6CFE02-08CB-4581-BAAF-43EBFE4F70AC}
	EndGlobalSection
EndGlobal
