
Microsoft Visual Studio Solution File, Format Version 12.00
# Visual Studio Version 17
VisualStudioVersion = 17.13.35818.85
MinimumVisualStudioVersion = 10.0.40219.1
Project("{2150E333-8FDC-42A3-9474-1A3956D46DE8}") = "assignments", "assignments", "{02EA681E-C7D8-13C7-8484-4AC65E1B71E8}"
EndProject
Project("{2150E333-8FDC-42A3-9474-1A3956D46DE8}") = "exercises", "exercises", "{8FA2EC01-3E5D-490D-AA7B-B869EA480974}"
EndProject
Project("{2150E333-8FDC-42A3-9474-1A3956D46DE8}") = "exams", "exams", "{D6176F7C-C1CF-4B24-93A4-AF24A4029941}"
EndProject
Project("{2150E333-8FDC-42A3-9474-1A3956D46DE8}") = "lectures", "lectures", "{1A243FF3-A5CB-4543-9C05-092B9F76C02A}"
EndProject
Project("{2150E333-8FDC-42A3-9474-1A3956D46DE8}") = "01sortint", "01sortint", "{20110FA3-A2E5-455F-880D-BFBD9FA1C1DB}"
EndProject
Project("{8BC9CEB8-8B4A-11D0-8D11-00A0C91BC942}") = "sortint02", "lectures\01sortint\sortint02\sortint02.vcxproj", "{FB9310D6-3601-4727-A916-ED8EC518F8A2}"
EndProject
Project("{8BC9CEB8-8B4A-11D0-8D11-00A0C91BC942}") = "sortint03", "lectures\01sortint\sortint03\sortint03.vcxproj", "{101EBD7F-E7A8-4D1B-9AA7-E2F803125509}"
EndProject
Project("{8BC9CEB8-8B4A-11D0-8D11-00A0C91BC942}") = "sortint04", "lectures\01sortint\sortint04\sortint04.vcxproj", "{15DF6E35-01E9-4F89-8D05-3A779F1F7465}"
EndProject
Project("{8BC9CEB8-8B4A-11D0-8D11-00A0C91BC942}") = "sortint05", "lectures\01sortint\sortint05\sortint05.vcxproj", "{5C47EBC8-F62D-4F34-AFE4-1627252394FA}"
EndProject
Project("{8BC9CEB8-8B4A-11D0-8D11-00A0C91BC942}") = "sortint06", "lectures\01sortint\sortint06\sortint06.vcxproj", "{A928BCC5-F5B7-4016-A6D0-895534844FAF}"
EndProject
Project("{8BC9CEB8-8B4A-11D0-8D11-00A0C91BC942}") = "sortint07", "lectures\01sortint\sortint07\sortint07.vcxproj", "{F7B536E1-8837-4CBC-96D7-B0B743AED37D}"
EndProject
Project("{8BC9CEB8-8B4A-11D0-8D11-00A0C91BC942}") = "sortint08", "lectures\01sortint\sortint08\sortint08.vcxproj", "{2F8BED95-0208-45F5-9EE5-8D88E7FDB017}"
EndProject
Project("{8BC9CEB8-8B4A-11D0-8D11-00A0C91BC942}") = "20250304", "assignments\20250304\20250304.vcxproj", "{ED02D93F-4CD1-4949-9710-24AA211650D1}"
EndProject
Global
	GlobalSection(SolutionConfigurationPlatforms) = preSolution
		Debug|ARM64 = Debug|ARM64
		Debug|x64 = Debug|x64
		Debug|x86 = Debug|x86
		Release|ARM64 = Release|ARM64
		Release|x64 = Release|x64
		Release|x86 = Release|x86
	EndGlobalSection
	GlobalSection(ProjectConfigurationPlatforms) = postSolution
		{FB9310D6-3601-4727-A916-ED8EC518F8A2}.Debug|ARM64.ActiveCfg = Debug|ARM64
		{FB9310D6-3601-4727-A916-ED8EC518F8A2}.Debug|ARM64.Build.0 = Debug|ARM64
		{FB9310D6-3601-4727-A916-ED8EC518F8A2}.Debug|x64.ActiveCfg = Debug|x64
		{FB9310D6-3601-4727-A916-ED8EC518F8A2}.Debug|x64.Build.0 = Debug|x64
		{FB9310D6-3601-4727-A916-ED8EC518F8A2}.Debug|x86.ActiveCfg = Debug|Win32
		{FB9310D6-3601-4727-A916-ED8EC518F8A2}.Debug|x86.Build.0 = Debug|Win32
		{FB9310D6-3601-4727-A916-ED8EC518F8A2}.Release|ARM64.ActiveCfg = Release|ARM64
		{FB9310D6-3601-4727-A916-ED8EC518F8A2}.Release|ARM64.Build.0 = Release|ARM64
		{FB9310D6-3601-4727-A916-ED8EC518F8A2}.Release|x64.ActiveCfg = Release|x64
		{FB9310D6-3601-4727-A916-ED8EC518F8A2}.Release|x64.Build.0 = Release|x64
		{FB9310D6-3601-4727-A916-ED8EC518F8A2}.Release|x86.ActiveCfg = Release|Win32
		{FB9310D6-3601-4727-A916-ED8EC518F8A2}.Release|x86.Build.0 = Release|Win32
		{101EBD7F-E7A8-4D1B-9AA7-E2F803125509}.Debug|ARM64.ActiveCfg = Debug|ARM64
		{101EBD7F-E7A8-4D1B-9AA7-E2F803125509}.Debug|ARM64.Build.0 = Debug|ARM64
		{101EBD7F-E7A8-4D1B-9AA7-E2F803125509}.Debug|x64.ActiveCfg = Debug|x64
		{101EBD7F-E7A8-4D1B-9AA7-E2F803125509}.Debug|x64.Build.0 = Debug|x64
		{101EBD7F-E7A8-4D1B-9AA7-E2F803125509}.Debug|x86.ActiveCfg = Debug|Win32
		{101EBD7F-E7A8-4D1B-9AA7-E2F803125509}.Debug|x86.Build.0 = Debug|Win32
		{101EBD7F-E7A8-4D1B-9AA7-E2F803125509}.Release|ARM64.ActiveCfg = Release|ARM64
		{101EBD7F-E7A8-4D1B-9AA7-E2F803125509}.Release|ARM64.Build.0 = Release|ARM64
		{101EBD7F-E7A8-4D1B-9AA7-E2F803125509}.Release|x64.ActiveCfg = Release|x64
		{101EBD7F-E7A8-4D1B-9AA7-E2F803125509}.Release|x64.Build.0 = Release|x64
		{101EBD7F-E7A8-4D1B-9AA7-E2F803125509}.Release|x86.ActiveCfg = Release|Win32
		{101EBD7F-E7A8-4D1B-9AA7-E2F803125509}.Release|x86.Build.0 = Release|Win32
		{15DF6E35-01E9-4F89-8D05-3A779F1F7465}.Debug|ARM64.ActiveCfg = Debug|ARM64
		{15DF6E35-01E9-4F89-8D05-3A779F1F7465}.Debug|ARM64.Build.0 = Debug|ARM64
		{15DF6E35-01E9-4F89-8D05-3A779F1F7465}.Debug|x64.ActiveCfg = Debug|x64
		{15DF6E35-01E9-4F89-8D05-3A779F1F7465}.Debug|x64.Build.0 = Debug|x64
		{15DF6E35-01E9-4F89-8D05-3A779F1F7465}.Debug|x86.ActiveCfg = Debug|Win32
		{15DF6E35-01E9-4F89-8D05-3A779F1F7465}.Debug|x86.Build.0 = Debug|Win32
		{15DF6E35-01E9-4F89-8D05-3A779F1F7465}.Release|ARM64.ActiveCfg = Release|ARM64
		{15DF6E35-01E9-4F89-8D05-3A779F1F7465}.Release|ARM64.Build.0 = Release|ARM64
		{15DF6E35-01E9-4F89-8D05-3A779F1F7465}.Release|x64.ActiveCfg = Release|x64
		{15DF6E35-01E9-4F89-8D05-3A779F1F7465}.Release|x64.Build.0 = Release|x64
		{15DF6E35-01E9-4F89-8D05-3A779F1F7465}.Release|x86.ActiveCfg = Release|Win32
		{15DF6E35-01E9-4F89-8D05-3A779F1F7465}.Release|x86.Build.0 = Release|Win32
		{5C47EBC8-F62D-4F34-AFE4-1627252394FA}.Debug|ARM64.ActiveCfg = Debug|ARM64
		{5C47EBC8-F62D-4F34-AFE4-1627252394FA}.Debug|ARM64.Build.0 = Debug|ARM64
		{5C47EBC8-F62D-4F34-AFE4-1627252394FA}.Debug|x64.ActiveCfg = Debug|x64
		{5C47EBC8-F62D-4F34-AFE4-1627252394FA}.Debug|x64.Build.0 = Debug|x64
		{5C47EBC8-F62D-4F34-AFE4-1627252394FA}.Debug|x86.ActiveCfg = Debug|Win32
		{5C47EBC8-F62D-4F34-AFE4-1627252394FA}.Debug|x86.Build.0 = Debug|Win32
		{5C47EBC8-F62D-4F34-AFE4-1627252394FA}.Release|ARM64.ActiveCfg = Release|ARM64
		{5C47EBC8-F62D-4F34-AFE4-1627252394FA}.Release|ARM64.Build.0 = Release|ARM64
		{5C47EBC8-F62D-4F34-AFE4-1627252394FA}.Release|x64.ActiveCfg = Release|x64
		{5C47EBC8-F62D-4F34-AFE4-1627252394FA}.Release|x64.Build.0 = Release|x64
		{5C47EBC8-F62D-4F34-AFE4-1627252394FA}.Release|x86.ActiveCfg = Release|Win32
		{5C47EBC8-F62D-4F34-AFE4-1627252394FA}.Release|x86.Build.0 = Release|Win32
		{A928BCC5-F5B7-4016-A6D0-895534844FAF}.Debug|ARM64.ActiveCfg = Debug|ARM64
		{A928BCC5-F5B7-4016-A6D0-895534844FAF}.Debug|ARM64.Build.0 = Debug|ARM64
		{A928BCC5-F5B7-4016-A6D0-895534844FAF}.Debug|x64.ActiveCfg = Debug|x64
		{A928BCC5-F5B7-4016-A6D0-895534844FAF}.Debug|x64.Build.0 = Debug|x64
		{A928BCC5-F5B7-4016-A6D0-895534844FAF}.Debug|x86.ActiveCfg = Debug|Win32
		{A928BCC5-F5B7-4016-A6D0-895534844FAF}.Debug|x86.Build.0 = Debug|Win32
		{A928BCC5-F5B7-4016-A6D0-895534844FAF}.Release|ARM64.ActiveCfg = Release|ARM64
		{A928BCC5-F5B7-4016-A6D0-895534844FAF}.Release|ARM64.Build.0 = Release|ARM64
		{A928BCC5-F5B7-4016-A6D0-895534844FAF}.Release|x64.ActiveCfg = Release|x64
		{A928BCC5-F5B7-4016-A6D0-895534844FAF}.Release|x64.Build.0 = Release|x64
		{A928BCC5-F5B7-4016-A6D0-895534844FAF}.Release|x86.ActiveCfg = Release|Win32
		{A928BCC5-F5B7-4016-A6D0-895534844FAF}.Release|x86.Build.0 = Release|Win32
		{F7B536E1-8837-4CBC-96D7-B0B743AED37D}.Debug|ARM64.ActiveCfg = Debug|ARM64
		{F7B536E1-8837-4CBC-96D7-B0B743AED37D}.Debug|ARM64.Build.0 = Debug|ARM64
		{F7B536E1-8837-4CBC-96D7-B0B743AED37D}.Debug|x64.ActiveCfg = Debug|x64
		{F7B536E1-8837-4CBC-96D7-B0B743AED37D}.Debug|x64.Build.0 = Debug|x64
		{F7B536E1-8837-4CBC-96D7-B0B743AED37D}.Debug|x86.ActiveCfg = Debug|Win32
		{F7B536E1-8837-4CBC-96D7-B0B743AED37D}.Debug|x86.Build.0 = Debug|Win32
		{F7B536E1-8837-4CBC-96D7-B0B743AED37D}.Release|ARM64.ActiveCfg = Release|ARM64
		{F7B536E1-8837-4CBC-96D7-B0B743AED37D}.Release|ARM64.Build.0 = Release|ARM64
		{F7B536E1-8837-4CBC-96D7-B0B743AED37D}.Release|x64.ActiveCfg = Release|x64
		{F7B536E1-8837-4CBC-96D7-B0B743AED37D}.Release|x64.Build.0 = Release|x64
		{F7B536E1-8837-4CBC-96D7-B0B743AED37D}.Release|x86.ActiveCfg = Release|Win32
		{F7B536E1-8837-4CBC-96D7-B0B743AED37D}.Release|x86.Build.0 = Release|Win32
		{2F8BED95-0208-45F5-9EE5-8D88E7FDB017}.Debug|ARM64.ActiveCfg = Debug|ARM64
		{2F8BED95-0208-45F5-9EE5-8D88E7FDB017}.Debug|ARM64.Build.0 = Debug|ARM64
		{2F8BED95-0208-45F5-9EE5-8D88E7FDB017}.Debug|x64.ActiveCfg = Debug|x64
		{2F8BED95-0208-45F5-9EE5-8D88E7FDB017}.Debug|x64.Build.0 = Debug|x64
		{2F8BED95-0208-45F5-9EE5-8D88E7FDB017}.Debug|x86.ActiveCfg = Debug|Win32
		{2F8BED95-0208-45F5-9EE5-8D88E7FDB017}.Debug|x86.Build.0 = Debug|Win32
		{2F8BED95-0208-45F5-9EE5-8D88E7FDB017}.Release|ARM64.ActiveCfg = Release|ARM64
		{2F8BED95-0208-45F5-9EE5-8D88E7FDB017}.Release|ARM64.Build.0 = Release|ARM64
		{2F8BED95-0208-45F5-9EE5-8D88E7FDB017}.Release|x64.ActiveCfg = Release|x64
		{2F8BED95-0208-45F5-9EE5-8D88E7FDB017}.Release|x64.Build.0 = Release|x64
		{2F8BED95-0208-45F5-9EE5-8D88E7FDB017}.Release|x86.ActiveCfg = Release|Win32
		{2F8BED95-0208-45F5-9EE5-8D88E7FDB017}.Release|x86.Build.0 = Release|Win32
		{ED02D93F-4CD1-4949-9710-24AA211650D1}.Debug|ARM64.ActiveCfg = Debug|ARM64
		{ED02D93F-4CD1-4949-9710-24AA211650D1}.Debug|ARM64.Build.0 = Debug|ARM64
		{ED02D93F-4CD1-4949-9710-24AA211650D1}.Debug|x64.ActiveCfg = Debug|x64
		{ED02D93F-4CD1-4949-9710-24AA211650D1}.Debug|x64.Build.0 = Debug|x64
		{ED02D93F-4CD1-4949-9710-24AA211650D1}.Debug|x86.ActiveCfg = Debug|Win32
		{ED02D93F-4CD1-4949-9710-24AA211650D1}.Debug|x86.Build.0 = Debug|Win32
		{ED02D93F-4CD1-4949-9710-24AA211650D1}.Release|ARM64.ActiveCfg = Release|ARM64
		{ED02D93F-4CD1-4949-9710-24AA211650D1}.Release|ARM64.Build.0 = Release|ARM64
		{ED02D93F-4CD1-4949-9710-24AA211650D1}.Release|x64.ActiveCfg = Release|x64
		{ED02D93F-4CD1-4949-9710-24AA211650D1}.Release|x64.Build.0 = Release|x64
		{ED02D93F-4CD1-4949-9710-24AA211650D1}.Release|x86.ActiveCfg = Release|Win32
		{ED02D93F-4CD1-4949-9710-24AA211650D1}.Release|x86.Build.0 = Release|Win32
	EndGlobalSection
	GlobalSection(SolutionProperties) = preSolution
		HideSolutionNode = FALSE
	EndGlobalSection
	GlobalSection(NestedProjects) = preSolution
		{20110FA3-A2E5-455F-880D-BFBD9FA1C1DB} = {1A243FF3-A5CB-4543-9C05-092B9F76C02A}
		{FB9310D6-3601-4727-A916-ED8EC518F8A2} = {20110FA3-A2E5-455F-880D-BFBD9FA1C1DB}
		{101EBD7F-E7A8-4D1B-9AA7-E2F803125509} = {20110FA3-A2E5-455F-880D-BFBD9FA1C1DB}
		{15DF6E35-01E9-4F89-8D05-3A779F1F7465} = {20110FA3-A2E5-455F-880D-BFBD9FA1C1DB}
		{5C47EBC8-F62D-4F34-AFE4-1627252394FA} = {20110FA3-A2E5-455F-880D-BFBD9FA1C1DB}
		{A928BCC5-F5B7-4016-A6D0-895534844FAF} = {20110FA3-A2E5-455F-880D-BFBD9FA1C1DB}
		{F7B536E1-8837-4CBC-96D7-B0B743AED37D} = {20110FA3-A2E5-455F-880D-BFBD9FA1C1DB}
		{2F8BED95-0208-45F5-9EE5-8D88E7FDB017} = {20110FA3-A2E5-455F-880D-BFBD9FA1C1DB}
		{ED02D93F-4CD1-4949-9710-24AA211650D1} = {02EA681E-C7D8-13C7-8484-4AC65E1B71E8}
	EndGlobalSection
	GlobalSection(ExtensibilityGlobals) = postSolution
		SolutionGuid = {BE6CFE02-08CB-4581-BAAF-43EBFE4F70AC}
	EndGlobalSection
EndGlobal
